
Microsoft Visual Studio Solution File, Format Version 12.00
# Visual Studio 2010
Project("{2150E333-8FDC-42A3-9474-1A3956D46DE8}") = "UI", "UI", "{E9367F9D-6B14-4D1B-9459-92B856BDEFB8}"
EndProject
Project("{2150E333-8FDC-42A3-9474-1A3956D46DE8}") = "RemoteData", "RemoteData", "{84C5105E-C6EB-4033-9F70-B06872022C30}"
EndProject
Project("{2150E333-8FDC-42A3-9474-1A3956D46DE8}") = "Tests", "Tests", "{870D06DF-71B0-4BC3-AD8C-BB60AD91F286}"
EndProject
Project("{2150E333-8FDC-42A3-9474-1A3956D46DE8}") = "Solution Items", "Solution Items", "{7B6C8CA5-0566-42B2-8DD8-3128F71FF0B9}"
	ProjectSection(SolutionItems) = preProject
		README.md = README.md
	EndProjectSection
EndProject
Project("{FAE04EC0-301F-11D3-BF4B-00C04F79EFBC}") = "ConferencesIO.RemoteData.Shared", "RemoteData\Shared\ConferencesIO.RemoteData.Shared.csproj", "{1439B0EC-5C15-4B18-B4EB-8A2787ABDFDE}"
EndProject
Project("{FAE04EC0-301F-11D3-BF4B-00C04F79EFBC}") = "ConferencesIO.RemoteData.Shared.Tests.Int", "RemoteData\RemoteData.Shared.Tests.Int\ConferencesIO.RemoteData.Shared.Tests.Int.csproj", "{85810EC4-3E4F-4A31-8379-8BF73CDD7C01}"
EndProject
Project("{FAE04EC0-301F-11D3-BF4B-00C04F79EFBC}") = "ConferencesIO.RemoteData.WP7", "RemoteData\WP7\ConferencesIO.RemoteData.WP7.csproj", "{C59509A6-15E4-4CE3-BF12-C3458BDB2AA9}"
EndProject
Project("{FAE04EC0-301F-11D3-BF4B-00C04F79EFBC}") = "ConferencesIO.RemoteData.SL", "RemoteData\SL\ConferencesIO.RemoteData.SL.csproj", "{974D59DF-D954-439C-8870-306E9A2DA570}"
EndProject
Project("{FAE04EC0-301F-11D3-BF4B-00C04F79EFBC}") = "ConferencesIO.UI.SL", "UI\ConferencesIO.UI.SL\ConferencesIO.UI.SL.csproj", "{4487AD16-081C-44CD-B501-A17E6500DB27}"
EndProject
Project("{FAE04EC0-301F-11D3-BF4B-00C04F79EFBC}") = "ConferencesIO.UI.SL.Web", "UI\ConferencesIO.UI.SL.Web\ConferencesIO.UI.SL.Web.csproj", "{5DA5C0C6-EB72-4621-8E28-B94E53537D36}"
EndProject
Project("{FAE04EC0-301F-11D3-BF4B-00C04F79EFBC}") = "ConferencesIO.UI.WP7", "UI\ConferencesIO.UI.WP7\ConferencesIO.UI.WP7.csproj", "{62DCD985-48EE-43C7-90E0-6566AD26A4E6}"
EndProject
Project("{FAE04EC0-301F-11D3-BF4B-00C04F79EFBC}") = "ConferencesIO.UI.Api.Tests.Int", "UI\ConferencesIO.UI.Web.Tests.Int\ConferencesIO.UI.Api.Tests.Int.csproj", "{03CDF1A3-8C14-424D-8648-6DD820D1E24E}"
EndProject
Project("{FAE04EC0-301F-11D3-BF4B-00C04F79EFBC}") = "ConferencesIO.UI.Web", "UI\ConferencesIO.UI.Web\ConferencesIO.UI.Web.csproj", "{13910138-4246-49F1-816E-D4857EE6366C}"
EndProject
Project("{FAE04EC0-301F-11D3-BF4B-00C04F79EFBC}") = "ConferencesIO.RemoteData.iOS", "RemoteData\iOS\ConferencesIO.RemoteData.iOS.csproj", "{CF44A2C3-42DF-4970-9618-E6AE3AF31603}"
EndProject
Project("{FAE04EC0-301F-11D3-BF4B-00C04F79EFBC}") = "ConferencesIO.UI.Api", "UI\ConferencesIO.UI.Api\ConferencesIO.UI.Api.csproj", "{E029F24D-8594-4954-892D-D640D6053406}"
EndProject
Project("{FAE04EC0-301F-11D3-BF4B-00C04F79EFBC}") = "ConferencesIO.Android", "UI\ConferencesIO.Android\ConferencesIO.Android.csproj", "{F957F210-672C-49EB-BAC4-A117BFC27893}"
EndProject
Project("{FAE04EC0-301F-11D3-BF4B-00C04F79EFBC}") = "ConferencesIO.RemoteData.Android", "RemoteData\Android\ConferencesIO.RemoteData.Android.csproj", "{AD35B5FE-4B66-4820-BA9B-A9FCB5A6A931}"
EndProject
Project("{FAE04EC0-301F-11D3-BF4B-00C04F79EFBC}") = "ServiceStack.Text.MonoTouch", "..\ServiceStack.Text\src\ServiceStack.Text.MonoTouch\ServiceStack.Text.MonoTouch\ServiceStack.Text.MonoTouch.csproj", "{1137B5AC-2259-413C-A473-93721D2A7551}"
EndProject
Project("{FAE04EC0-301F-11D3-BF4B-00C04F79EFBC}") = "ServiceStack.Text.Android", "..\ServiceStack.Text\src\ServiceStack.Text.Android\ServiceStack.Text.Android\ServiceStack.Text.Android.csproj", "{56838CD4-8EBC-4860-A3E1-1697875BBC61}"
EndProject
Project("{2150E333-8FDC-42A3-9474-1A3956D46DE8}") = "ServiceStack", "ServiceStack", "{9D511F2B-4004-4474-8F10-0D9F1AE583F5}"
EndProject
Global
	GlobalSection(SolutionConfigurationPlatforms) = preSolution
		Debug|Any CPU = Debug|Any CPU
		Release|Any CPU = Release|Any CPU
	EndGlobalSection
	GlobalSection(ProjectConfigurationPlatforms) = postSolution
		{1439B0EC-5C15-4B18-B4EB-8A2787ABDFDE}.Debug|Any CPU.ActiveCfg = Debug|Any CPU
		{1439B0EC-5C15-4B18-B4EB-8A2787ABDFDE}.Debug|Any CPU.Build.0 = Debug|Any CPU
		{1439B0EC-5C15-4B18-B4EB-8A2787ABDFDE}.Release|Any CPU.ActiveCfg = Release|Any CPU
		{1439B0EC-5C15-4B18-B4EB-8A2787ABDFDE}.Release|Any CPU.Build.0 = Release|Any CPU
		{85810EC4-3E4F-4A31-8379-8BF73CDD7C01}.Debug|Any CPU.ActiveCfg = Debug|Any CPU
		{85810EC4-3E4F-4A31-8379-8BF73CDD7C01}.Debug|Any CPU.Build.0 = Debug|Any CPU
		{85810EC4-3E4F-4A31-8379-8BF73CDD7C01}.Release|Any CPU.ActiveCfg = Release|Any CPU
		{85810EC4-3E4F-4A31-8379-8BF73CDD7C01}.Release|Any CPU.Build.0 = Release|Any CPU
		{C59509A6-15E4-4CE3-BF12-C3458BDB2AA9}.Debug|Any CPU.ActiveCfg = Debug|Any CPU
		{C59509A6-15E4-4CE3-BF12-C3458BDB2AA9}.Debug|Any CPU.Build.0 = Debug|Any CPU
		{C59509A6-15E4-4CE3-BF12-C3458BDB2AA9}.Release|Any CPU.ActiveCfg = Release|Any CPU
		{974D59DF-D954-439C-8870-306E9A2DA570}.Debug|Any CPU.ActiveCfg = Debug|Any CPU
		{974D59DF-D954-439C-8870-306E9A2DA570}.Debug|Any CPU.Build.0 = Debug|Any CPU
		{974D59DF-D954-439C-8870-306E9A2DA570}.Release|Any CPU.ActiveCfg = Release|Any CPU
		{974D59DF-D954-439C-8870-306E9A2DA570}.Release|Any CPU.Build.0 = Release|Any CPU
		{4487AD16-081C-44CD-B501-A17E6500DB27}.Debug|Any CPU.ActiveCfg = Debug|Any CPU
		{4487AD16-081C-44CD-B501-A17E6500DB27}.Debug|Any CPU.Build.0 = Debug|Any CPU
		{4487AD16-081C-44CD-B501-A17E6500DB27}.Release|Any CPU.ActiveCfg = Release|Any CPU
		{4487AD16-081C-44CD-B501-A17E6500DB27}.Release|Any CPU.Build.0 = Release|Any CPU
		{5DA5C0C6-EB72-4621-8E28-B94E53537D36}.Debug|Any CPU.ActiveCfg = Debug|Any CPU
		{5DA5C0C6-EB72-4621-8E28-B94E53537D36}.Debug|Any CPU.Build.0 = Debug|Any CPU
		{5DA5C0C6-EB72-4621-8E28-B94E53537D36}.Release|Any CPU.ActiveCfg = Release|Any CPU
		{62DCD985-48EE-43C7-90E0-6566AD26A4E6}.Debug|Any CPU.ActiveCfg = Debug|Any CPU
		{62DCD985-48EE-43C7-90E0-6566AD26A4E6}.Release|Any CPU.ActiveCfg = Release|Any CPU
		{03CDF1A3-8C14-424D-8648-6DD820D1E24E}.Debug|Any CPU.ActiveCfg = Debug|Any CPU
		{03CDF1A3-8C14-424D-8648-6DD820D1E24E}.Debug|Any CPU.Build.0 = Debug|Any CPU
		{03CDF1A3-8C14-424D-8648-6DD820D1E24E}.Release|Any CPU.ActiveCfg = Release|Any CPU
		{03CDF1A3-8C14-424D-8648-6DD820D1E24E}.Release|Any CPU.Build.0 = Release|Any CPU
		{13910138-4246-49F1-816E-D4857EE6366C}.Debug|Any CPU.ActiveCfg = Debug|Any CPU
		{13910138-4246-49F1-816E-D4857EE6366C}.Debug|Any CPU.Build.0 = Debug|Any CPU
		{13910138-4246-49F1-816E-D4857EE6366C}.Release|Any CPU.ActiveCfg = Release|Any CPU
		{13910138-4246-49F1-816E-D4857EE6366C}.Release|Any CPU.Build.0 = Release|Any CPU
		{CF44A2C3-42DF-4970-9618-E6AE3AF31603}.Debug|Any CPU.ActiveCfg = Debug|Any CPU
		{CF44A2C3-42DF-4970-9618-E6AE3AF31603}.Release|Any CPU.ActiveCfg = Release|Any CPU
		{E029F24D-8594-4954-892D-D640D6053406}.Debug|Any CPU.ActiveCfg = Debug|Any CPU
		{E029F24D-8594-4954-892D-D640D6053406}.Debug|Any CPU.Build.0 = Debug|Any CPU
		{E029F24D-8594-4954-892D-D640D6053406}.Release|Any CPU.ActiveCfg = Release|Any CPU
		{E029F24D-8594-4954-892D-D640D6053406}.Release|Any CPU.Build.0 = Release|Any CPU
		{F957F210-672C-49EB-BAC4-A117BFC27893}.Debug|Any CPU.ActiveCfg = Debug|Any CPU
		{F957F210-672C-49EB-BAC4-A117BFC27893}.Debug|Any CPU.Build.0 = Debug|Any CPU
		{F957F210-672C-49EB-BAC4-A117BFC27893}.Debug|Any CPU.Deploy.0 = Debug|Any CPU
		{F957F210-672C-49EB-BAC4-A117BFC27893}.Release|Any CPU.ActiveCfg = Release|Any CPU
		{F957F210-672C-49EB-BAC4-A117BFC27893}.Release|Any CPU.Build.0 = Release|Any CPU
		{F957F210-672C-49EB-BAC4-A117BFC27893}.Release|Any CPU.Deploy.0 = Release|Any CPU
		{AD35B5FE-4B66-4820-BA9B-A9FCB5A6A931}.Debug|Any CPU.ActiveCfg = Debug|Any CPU
		{AD35B5FE-4B66-4820-BA9B-A9FCB5A6A931}.Debug|Any CPU.Build.0 = Debug|Any CPU
		{AD35B5FE-4B66-4820-BA9B-A9FCB5A6A931}.Release|Any CPU.ActiveCfg = Release|Any CPU
		{AD35B5FE-4B66-4820-BA9B-A9FCB5A6A931}.Release|Any CPU.Build.0 = Release|Any CPU
		{1137B5AC-2259-413C-A473-93721D2A7551}.Debug|Any CPU.ActiveCfg = Debug|Any CPU
		{1137B5AC-2259-413C-A473-93721D2A7551}.Debug|Any CPU.Build.0 = Debug|Any CPU
		{1137B5AC-2259-413C-A473-93721D2A7551}.Release|Any CPU.ActiveCfg = Release|Any CPU
		{1137B5AC-2259-413C-A473-93721D2A7551}.Release|Any CPU.Build.0 = Release|Any CPU
		{56838CD4-8EBC-4860-A3E1-1697875BBC61}.Debug|Any CPU.ActiveCfg = Debug|Any CPU
		{56838CD4-8EBC-4860-A3E1-1697875BBC61}.Debug|Any CPU.Build.0 = Debug|Any CPU
		{56838CD4-8EBC-4860-A3E1-1697875BBC61}.Release|Any CPU.ActiveCfg = Release|Any CPU
		{56838CD4-8EBC-4860-A3E1-1697875BBC61}.Release|Any CPU.Build.0 = Release|Any CPU
	EndGlobalSection
	GlobalSection(SolutionProperties) = preSolution
		HideSolutionNode = FALSE
	EndGlobalSection
	GlobalSection(NestedProjects) = preSolution
		{4487AD16-081C-44CD-B501-A17E6500DB27} = {E9367F9D-6B14-4D1B-9459-92B856BDEFB8}
		{5DA5C0C6-EB72-4621-8E28-B94E53537D36} = {E9367F9D-6B14-4D1B-9459-92B856BDEFB8}
		{62DCD985-48EE-43C7-90E0-6566AD26A4E6} = {E9367F9D-6B14-4D1B-9459-92B856BDEFB8}
		{13910138-4246-49F1-816E-D4857EE6366C} = {E9367F9D-6B14-4D1B-9459-92B856BDEFB8}
		{E029F24D-8594-4954-892D-D640D6053406} = {E9367F9D-6B14-4D1B-9459-92B856BDEFB8}
		{F957F210-672C-49EB-BAC4-A117BFC27893} = {E9367F9D-6B14-4D1B-9459-92B856BDEFB8}
		{1439B0EC-5C15-4B18-B4EB-8A2787ABDFDE} = {84C5105E-C6EB-4033-9F70-B06872022C30}
		{C59509A6-15E4-4CE3-BF12-C3458BDB2AA9} = {84C5105E-C6EB-4033-9F70-B06872022C30}
		{974D59DF-D954-439C-8870-306E9A2DA570} = {84C5105E-C6EB-4033-9F70-B06872022C30}
		{CF44A2C3-42DF-4970-9618-E6AE3AF31603} = {84C5105E-C6EB-4033-9F70-B06872022C30}
		{AD35B5FE-4B66-4820-BA9B-A9FCB5A6A931} = {84C5105E-C6EB-4033-9F70-B06872022C30}
		{85810EC4-3E4F-4A31-8379-8BF73CDD7C01} = {870D06DF-71B0-4BC3-AD8C-BB60AD91F286}
		{03CDF1A3-8C14-424D-8648-6DD820D1E24E} = {870D06DF-71B0-4BC3-AD8C-BB60AD91F286}
		{56838CD4-8EBC-4860-A3E1-1697875BBC61} = {9D511F2B-4004-4474-8F10-0D9F1AE583F5}
		{1137B5AC-2259-413C-A473-93721D2A7551} = {9D511F2B-4004-4474-8F10-0D9F1AE583F5}
	EndGlobalSection
EndGlobal
