
Microsoft Visual Studio Solution File, Format Version 11.00
# Visual Studio 2010
Project("{FAE04EC0-301F-11D3-BF4B-00C04F79EFBC}") = "ServiceStack.Text.MonoTouch", "..\ServiceStack.Text\src\ServiceStack.Text.MonoTouch\ServiceStack.Text.MonoTouch\ServiceStack.Text.MonoTouch.csproj", "{1137B5AC-2259-413C-A473-93721D2A7551}"
EndProject
Project("{FAE04EC0-301F-11D3-BF4B-00C04F79EFBC}") = "ConferencesIO.RemoteData.iOS", "RemoteData\iOS\ConferencesIO.RemoteData.iOS.csproj", "{CF44A2C3-42DF-4970-9618-E6AE3AF31603}"
EndProject
Project("{FAE04EC0-301F-11D3-BF4B-00C04F79EFBC}") = "ConferencesIO.UI.iOS", "UI\ConferencesIO.UI.iOS\ConferencesIO.UI.iOS.csproj", "{69ED9012-6497-4B8A-9BF2-8ED1BB1F138B}"
EndProject
Project("{FAE04EC0-301F-11D3-BF4B-00C04F79EFBC}") = "ConferencesIO.LocalData.iOS", "LocalData\iOS\ConferencesIO.LocalData.iOS\ConferencesIO.LocalData.iOS.csproj", "{2CF3432D-C779-44DF-9446-CB5AE42CB4C5}"
EndProject
Global
	GlobalSection(SolutionConfigurationPlatforms) = preSolution
		Debug|iPhoneSimulator = Debug|iPhoneSimulator
		Release|iPhoneSimulator = Release|iPhoneSimulator
		Debug|iPhone = Debug|iPhone
		Release|iPhone = Release|iPhone
		Ad-Hoc|iPhone = Ad-Hoc|iPhone
		AppStore|iPhone = AppStore|iPhone
	EndGlobalSection
	GlobalSection(ProjectConfigurationPlatforms) = postSolution
		{1137B5AC-2259-413C-A473-93721D2A7551}.Ad-Hoc|iPhone.ActiveCfg = Debug|Any CPU
		{1137B5AC-2259-413C-A473-93721D2A7551}.Ad-Hoc|iPhone.Build.0 = Debug|Any CPU
		{1137B5AC-2259-413C-A473-93721D2A7551}.AppStore|iPhone.ActiveCfg = Debug|Any CPU
		{1137B5AC-2259-413C-A473-93721D2A7551}.AppStore|iPhone.Build.0 = Debug|Any CPU
		{1137B5AC-2259-413C-A473-93721D2A7551}.Debug|iPhone.ActiveCfg = Debug|Any CPU
		{1137B5AC-2259-413C-A473-93721D2A7551}.Debug|iPhone.Build.0 = Debug|Any CPU
		{1137B5AC-2259-413C-A473-93721D2A7551}.Debug|iPhoneSimulator.ActiveCfg = Debug|Any CPU
		{1137B5AC-2259-413C-A473-93721D2A7551}.Debug|iPhoneSimulator.Build.0 = Debug|Any CPU
		{1137B5AC-2259-413C-A473-93721D2A7551}.Release|iPhone.ActiveCfg = Release|Any CPU
		{1137B5AC-2259-413C-A473-93721D2A7551}.Release|iPhone.Build.0 = Release|Any CPU
		{1137B5AC-2259-413C-A473-93721D2A7551}.Release|iPhoneSimulator.ActiveCfg = Release|Any CPU
		{1137B5AC-2259-413C-A473-93721D2A7551}.Release|iPhoneSimulator.Build.0 = Release|Any CPU
		{2CF3432D-C779-44DF-9446-CB5AE42CB4C5}.Ad-Hoc|iPhone.ActiveCfg = Debug|Any CPU
		{2CF3432D-C779-44DF-9446-CB5AE42CB4C5}.Ad-Hoc|iPhone.Build.0 = Debug|Any CPU
		{2CF3432D-C779-44DF-9446-CB5AE42CB4C5}.AppStore|iPhone.ActiveCfg = Debug|Any CPU
		{2CF3432D-C779-44DF-9446-CB5AE42CB4C5}.AppStore|iPhone.Build.0 = Debug|Any CPU
		{2CF3432D-C779-44DF-9446-CB5AE42CB4C5}.Debug|iPhone.ActiveCfg = Debug|Any CPU
		{2CF3432D-C779-44DF-9446-CB5AE42CB4C5}.Debug|iPhone.Build.0 = Debug|Any CPU
		{2CF3432D-C779-44DF-9446-CB5AE42CB4C5}.Debug|iPhoneSimulator.ActiveCfg = Debug|Any CPU
		{2CF3432D-C779-44DF-9446-CB5AE42CB4C5}.Debug|iPhoneSimulator.Build.0 = Debug|Any CPU
		{2CF3432D-C779-44DF-9446-CB5AE42CB4C5}.Release|iPhone.ActiveCfg = Release|Any CPU
		{2CF3432D-C779-44DF-9446-CB5AE42CB4C5}.Release|iPhone.Build.0 = Release|Any CPU
		{2CF3432D-C779-44DF-9446-CB5AE42CB4C5}.Release|iPhoneSimulator.ActiveCfg = Release|Any CPU
		{2CF3432D-C779-44DF-9446-CB5AE42CB4C5}.Release|iPhoneSimulator.Build.0 = Release|Any CPU
		{69ED9012-6497-4B8A-9BF2-8ED1BB1F138B}.Ad-Hoc|iPhone.ActiveCfg = Ad-Hoc|iPhone
		{69ED9012-6497-4B8A-9BF2-8ED1BB1F138B}.Ad-Hoc|iPhone.Build.0 = Ad-Hoc|iPhone
		{69ED9012-6497-4B8A-9BF2-8ED1BB1F138B}.AppStore|iPhone.ActiveCfg = AppStore|iPhone
		{69ED9012-6497-4B8A-9BF2-8ED1BB1F138B}.AppStore|iPhone.Build.0 = AppStore|iPhone
		{69ED9012-6497-4B8A-9BF2-8ED1BB1F138B}.Debug|iPhone.ActiveCfg = Debug|iPhone
		{69ED9012-6497-4B8A-9BF2-8ED1BB1F138B}.Debug|iPhone.Build.0 = Debug|iPhone
		{69ED9012-6497-4B8A-9BF2-8ED1BB1F138B}.Debug|iPhoneSimulator.ActiveCfg = Debug|iPhoneSimulator
		{69ED9012-6497-4B8A-9BF2-8ED1BB1F138B}.Debug|iPhoneSimulator.Build.0 = Debug|iPhoneSimulator
		{69ED9012-6497-4B8A-9BF2-8ED1BB1F138B}.Release|iPhone.ActiveCfg = Release|iPhone
		{69ED9012-6497-4B8A-9BF2-8ED1BB1F138B}.Release|iPhone.Build.0 = Release|iPhone
		{69ED9012-6497-4B8A-9BF2-8ED1BB1F138B}.Release|iPhoneSimulator.ActiveCfg = Release|iPhoneSimulator
		{69ED9012-6497-4B8A-9BF2-8ED1BB1F138B}.Release|iPhoneSimulator.Build.0 = Release|iPhoneSimulator
		{CF44A2C3-42DF-4970-9618-E6AE3AF31603}.Ad-Hoc|iPhone.ActiveCfg = Debug|Any CPU
		{CF44A2C3-42DF-4970-9618-E6AE3AF31603}.Ad-Hoc|iPhone.Build.0 = Debug|Any CPU
		{CF44A2C3-42DF-4970-9618-E6AE3AF31603}.AppStore|iPhone.ActiveCfg = Debug|Any CPU
		{CF44A2C3-42DF-4970-9618-E6AE3AF31603}.AppStore|iPhone.Build.0 = Debug|Any CPU
		{CF44A2C3-42DF-4970-9618-E6AE3AF31603}.Debug|iPhone.ActiveCfg = Debug|Any CPU
		{CF44A2C3-42DF-4970-9618-E6AE3AF31603}.Debug|iPhone.Build.0 = Debug|Any CPU
		{CF44A2C3-42DF-4970-9618-E6AE3AF31603}.Debug|iPhoneSimulator.ActiveCfg = Debug|Any CPU
		{CF44A2C3-42DF-4970-9618-E6AE3AF31603}.Debug|iPhoneSimulator.Build.0 = Debug|Any CPU
		{CF44A2C3-42DF-4970-9618-E6AE3AF31603}.Release|iPhone.ActiveCfg = Release|Any CPU
		{CF44A2C3-42DF-4970-9618-E6AE3AF31603}.Release|iPhone.Build.0 = Release|Any CPU
		{CF44A2C3-42DF-4970-9618-E6AE3AF31603}.Release|iPhoneSimulator.ActiveCfg = Release|Any CPU
		{CF44A2C3-42DF-4970-9618-E6AE3AF31603}.Release|iPhoneSimulator.Build.0 = Release|Any CPU
	EndGlobalSection
	GlobalSection(MonoDevelopProperties) = preSolution
		StartupItem = UI\ConferencesIO.UI.iOS\ConferencesIO.UI.iOS.csproj
	EndGlobalSection
EndGlobal
