
Microsoft Visual Studio Solution File, Format Version 11.00
# Visual Studio 2010
Project("{FAE04EC0-301F-11D3-BF4B-00C04F79EFBC}") = "TekConf.UI.Android", "UI\TekConf.UI.Android\TekConf.UI.Android.csproj", "{7A5BC41C-D08E-473B-880B-060FFE34DDB3}"
EndProject
Project("{FAE04EC0-301F-11D3-BF4B-00C04F79EFBC}") = "TekConf.Core", "Core\TekConf.Core\TekConf.Core.csproj", "{E740F915-A0FC-4C66-9FD3-1D9A0DDA527A}"
EndProject
Global
	GlobalSection(SolutionConfigurationPlatforms) = preSolution
		Debug|Any CPU = Debug|Any CPU
		Release|Any CPU = Release|Any CPU
	EndGlobalSection
	GlobalSection(ProjectConfigurationPlatforms) = postSolution
		{7A5BC41C-D08E-473B-880B-060FFE34DDB3}.Debug|Any CPU.ActiveCfg = Debug|Any CPU
		{7A5BC41C-D08E-473B-880B-060FFE34DDB3}.Debug|Any CPU.Build.0 = Debug|Any CPU
		{7A5BC41C-D08E-473B-880B-060FFE34DDB3}.Release|Any CPU.ActiveCfg = Release|Any CPU
		{7A5BC41C-D08E-473B-880B-060FFE34DDB3}.Release|Any CPU.Build.0 = Release|Any CPU
		{E740F915-A0FC-4C66-9FD3-1D9A0DDA527A}.Debug|Any CPU.ActiveCfg = Debug|Any CPU
		{E740F915-A0FC-4C66-9FD3-1D9A0DDA527A}.Debug|Any CPU.Build.0 = Debug|Any CPU
		{E740F915-A0FC-4C66-9FD3-1D9A0DDA527A}.Release|Any CPU.ActiveCfg = Release|Any CPU
		{E740F915-A0FC-4C66-9FD3-1D9A0DDA527A}.Release|Any CPU.Build.0 = Release|Any CPU
	EndGlobalSection
	GlobalSection(MonoDevelopProperties) = preSolution
		StartupItem = UI\TekConf.UI.Android\TekConf.UI.Android.csproj
	EndGlobalSection
EndGlobal
