
Microsoft Visual Studio Solution File, Format Version 12.00
# Visual Studio 2013
VisualStudioVersion = 12.0.21005.1
MinimumVisualStudioVersion = 10.0.40219.1
Project("{FAE04EC0-301F-11D3-BF4B-00C04F79EFBC}") = "TekConf.Common.Entities", "Entities\TekConf.Common.Entities\TekConf.Common.Entities.csproj", "{67514387-8C88-477F-AD16-F24B32B69113}"
EndProject
Project("{FAE04EC0-301F-11D3-BF4B-00C04F79EFBC}") = "UberImporter", "Importer\UberImporter\UberImporter.csproj", "{9EA76D9B-507A-4F77-A73F-8FE92B150EBC}"
EndProject
Global
	GlobalSection(SolutionConfigurationPlatforms) = preSolution
		Azure|Any CPU = Azure|Any CPU
		Debug|Any CPU = Debug|Any CPU
		Release|Any CPU = Release|Any CPU
	EndGlobalSection
	GlobalSection(ProjectConfigurationPlatforms) = postSolution
		{67514387-8C88-477F-AD16-F24B32B69113}.Azure|Any CPU.ActiveCfg = Azure|Any CPU
		{67514387-8C88-477F-AD16-F24B32B69113}.Azure|Any CPU.Build.0 = Azure|Any CPU
		{67514387-8C88-477F-AD16-F24B32B69113}.Debug|Any CPU.ActiveCfg = Debug|Any CPU
		{67514387-8C88-477F-AD16-F24B32B69113}.Debug|Any CPU.Build.0 = Debug|Any CPU
		{67514387-8C88-477F-AD16-F24B32B69113}.Release|Any CPU.ActiveCfg = Release|Any CPU
		{67514387-8C88-477F-AD16-F24B32B69113}.Release|Any CPU.Build.0 = Release|Any CPU
		{9EA76D9B-507A-4F77-A73F-8FE92B150EBC}.Azure|Any CPU.ActiveCfg = Azure|Any CPU
		{9EA76D9B-507A-4F77-A73F-8FE92B150EBC}.Azure|Any CPU.Build.0 = Azure|Any CPU
		{9EA76D9B-507A-4F77-A73F-8FE92B150EBC}.Debug|Any CPU.ActiveCfg = Debug|Any CPU
		{9EA76D9B-507A-4F77-A73F-8FE92B150EBC}.Debug|Any CPU.Build.0 = Debug|Any CPU
		{9EA76D9B-507A-4F77-A73F-8FE92B150EBC}.Release|Any CPU.ActiveCfg = Release|Any CPU
		{9EA76D9B-507A-4F77-A73F-8FE92B150EBC}.Release|Any CPU.Build.0 = Release|Any CPU
	EndGlobalSection
	GlobalSection(SolutionProperties) = preSolution
		HideSolutionNode = FALSE
	EndGlobalSection
EndGlobal
