
Microsoft Visual Studio Solution File, Format Version 12.00
# Visual Studio 2012
Project("{2150E333-8FDC-42A3-9474-1A3956D46DE8}") = "UI", "UI", "{E9367F9D-6B14-4D1B-9459-92B856BDEFB8}"
EndProject
Project("{FAE04EC0-301F-11D3-BF4B-00C04F79EFBC}") = "TekConf.UI.Api", "UI\TekConf.UI.Api\TekConf.UI.Api.csproj", "{E029F24D-8594-4954-892D-D640D6053406}"
EndProject
Project("{FAE04EC0-301F-11D3-BF4B-00C04F79EFBC}") = "TekConf.UI.Web", "UI\TekConf.UI.Web\TekConf.UI.Web.csproj", "{DF554F47-8B32-4909-A7D7-D2A065A3CDFD}"
EndProject
Project("{FAE04EC0-301F-11D3-BF4B-00C04F79EFBC}") = "TekConf.UI.WinStore", "UI\TekConf.UI.WinStore\TekConf.UI.WinStore.csproj", "{9777E8AA-DC00-4A9E-9F0D-6EB27C4D16E5}"
EndProject
Project("{FAE04EC0-301F-11D3-BF4B-00C04F79EFBC}") = "TekConf.UI.WinPhone", "UI\TekConf.UI.WinPhone\TekConf.UI.WinPhone.csproj", "{107BDD73-1C52-4E9B-8F31-A301CF711DD9}"
EndProject
Project("{FAE04EC0-301F-11D3-BF4B-00C04F79EFBC}") = "TekConf.UI.Android", "UI\TekConf.UI.Android\TekConf.UI.Android.csproj", "{7A5BC41C-D08E-473B-880B-060FFE34DDB3}"
EndProject
Project("{FAE04EC0-301F-11D3-BF4B-00C04F79EFBC}") = "TekConf.UI.iPhone", "UI\TekConf.UI.iPhone\TekConf.UI.iPhone.csproj", "{3FC7F8B8-D305-49D5-A74B-9CF20D6DB843}"
EndProject
Project("{2150E333-8FDC-42A3-9474-1A3956D46DE8}") = "RemoteData", "RemoteData", "{84C5105E-C6EB-4033-9F70-B06872022C30}"
EndProject
Project("{FAE04EC0-301F-11D3-BF4B-00C04F79EFBC}") = "TekConf.RemoteData.Shared", "RemoteData\Shared\TekConf.RemoteData.Shared.csproj", "{1439B0EC-5C15-4B18-B4EB-8A2787ABDFDE}"
EndProject
Project("{2150E333-8FDC-42A3-9474-1A3956D46DE8}") = "Tests", "Tests", "{870D06DF-71B0-4BC3-AD8C-BB60AD91F286}"
EndProject
Project("{FAE04EC0-301F-11D3-BF4B-00C04F79EFBC}") = "TekConf.RemoteData.Shared.Tests.Int", "RemoteData\RemoteData.Shared.Tests.Int\TekConf.RemoteData.Shared.Tests.Int.csproj", "{85810EC4-3E4F-4A31-8379-8BF73CDD7C01}"
EndProject
Project("{FAE04EC0-301F-11D3-BF4B-00C04F79EFBC}") = "TekConf.UI.Api.Tests.Unit", "Tests\Api\TekConf.UI.Api.Tests.Unit\TekConf.UI.Api.Tests.Unit.csproj", "{547357F1-C960-4849-9941-E725B0133C8D}"
EndProject
Project("{FAE04EC0-301F-11D3-BF4B-00C04F79EFBC}") = "TekConf.Common.Entities.Tests.Int", "Tests\TekConf.Common.Entities.Tests.Int\TekConf.Common.Entities.Tests.Int.csproj", "{0C4A402D-79BE-432E-9BCF-081A8C7FF655}"
EndProject
Project("{FAE04EC0-301F-11D3-BF4B-00C04F79EFBC}") = "TekConf.Common.Entities.Tests.Unit", "TekConf.Common.Entities.Tests.Unit\TekConf.Common.Entities.Tests.Unit.csproj", "{1749F752-2DEB-4C4D-A49D-D389783C03A9}"
EndProject
Project("{FAE04EC0-301F-11D3-BF4B-00C04F79EFBC}") = "TekConf.UI.Web.Tests.Unit", "TekConf.UI.Web.Tests.Unit\TekConf.UI.Web.Tests.Unit.csproj", "{0DB3210F-005E-4F7F-8405-306D95502EF5}"
EndProject
Project("{2150E333-8FDC-42A3-9474-1A3956D46DE8}") = "Solution Items", "Solution Items", "{7B6C8CA5-0566-42B2-8DD8-3128F71FF0B9}"
	ProjectSection(SolutionItems) = preProject
		README.md = README.md
	EndProjectSection
EndProject
Project("{2150E333-8FDC-42A3-9474-1A3956D46DE8}") = "ServiceStack", "ServiceStack", "{9D511F2B-4004-4474-8F10-0D9F1AE583F5}"
EndProject
Project("{2150E333-8FDC-42A3-9474-1A3956D46DE8}") = "LocalData", "LocalData", "{38E7AF40-7B1A-4573-B6E2-6B32D392198C}"
EndProject
Project("{2150E333-8FDC-42A3-9474-1A3956D46DE8}") = "Importers", "Importers", "{02F6B2E8-EC23-4068-ADFC-C47A6D163EA1}"
EndProject
Project("{FAE04EC0-301F-11D3-BF4B-00C04F79EFBC}") = "UberImporter", "Importer\UberImporter\UberImporter.csproj", "{9EA76D9B-507A-4F77-A73F-8FE92B150EBC}"
EndProject
Project("{2150E333-8FDC-42A3-9474-1A3956D46DE8}") = "Libraries", "Libraries", "{08619637-F9C2-41FE-841F-CF0AC5EAC7BA}"
EndProject
Project("{FAE04EC0-301F-11D3-BF4B-00C04F79EFBC}") = "TinyMessenger", "libs\TinyMessenger\TinyMessenger.csproj", "{7C6925BC-F644-4D3E-9C66-F1593ECBF522}"
EndProject
Project("{FAE04EC0-301F-11D3-BF4B-00C04F79EFBC}") = "TekConf.Azure", "libs\TekConf.Azure\TekConf.Azure.csproj", "{3B882D71-EB35-4655-8425-E6952B3470DF}"
EndProject
Project("{FAE04EC0-301F-11D3-BF4B-00C04F79EFBC}") = "TekConf.Common.Entities", "Entities\TekConf.Common.Entities\TekConf.Common.Entities.csproj", "{67514387-8C88-477F-AD16-F24B32B69113}"
EndProject
Project("{2150E333-8FDC-42A3-9474-1A3956D46DE8}") = "Core", "Core", "{79ABAD87-AD11-40FC-B025-C98A880A4D50}"
EndProject
Project("{FAE04EC0-301F-11D3-BF4B-00C04F79EFBC}") = "TekConf.Core", "Core\TekConf.Core\TekConf.Core.csproj", "{E740F915-A0FC-4C66-9FD3-1D9A0DDA527A}"
EndProject
Project("{2150E333-8FDC-42A3-9474-1A3956D46DE8}") = ".nuget", ".nuget", "{93CB02AD-E0DA-4C98-A5C6-054A3E18A424}"
	ProjectSection(SolutionItems) = preProject
		.nuget\NuGet.Config = .nuget\NuGet.Config
		.nuget\NuGet.exe = .nuget\NuGet.exe
		.nuget\NuGet.targets = .nuget\NuGet.targets
		.nuget\packages.config = .nuget\packages.config
	EndProjectSection
EndProject
Project("{FAE04EC0-301F-11D3-BF4B-00C04F79EFBC}") = "TekConf.UI.WinPhone.BackgroundAgent", "UI\TekConf.UI.WinPhone.BackgroundAgent\TekConf.UI.WinPhone.BackgroundAgent.csproj", "{5F5402E5-BB3D-4E8E-B9E9-BD33972D7079}"
EndProject
Project("{FAE04EC0-301F-11D3-BF4B-00C04F79EFBC}") = "TekConf.Core.Tests.Unit", "Tests\TekConf.Core.Tests.Unit\TekConf.Core.Tests.Unit.csproj", "{1C4B1284-5B72-4ADB-AC5B-739F778233BD}"
EndProject
Project("{FAE04EC0-301F-11D3-BF4B-00C04F79EFBC}") = "TekConf.Core.Droid", "Core\TekConf.Core.Droid\TekConf.Core.Droid.csproj", "{B954641C-4CB7-4505-BAE3-B69A91A0801F}"
EndProject
Global
	GlobalSection(SolutionConfigurationPlatforms) = preSolution
		Ad-Hoc|Any CPU = Ad-Hoc|Any CPU
		Ad-Hoc|ARM = Ad-Hoc|ARM
		Ad-Hoc|iPhone = Ad-Hoc|iPhone
		Ad-Hoc|iPhoneSimulator = Ad-Hoc|iPhoneSimulator
		Ad-Hoc|Mixed Platforms = Ad-Hoc|Mixed Platforms
		Ad-Hoc|x64 = Ad-Hoc|x64
		Ad-Hoc|x86 = Ad-Hoc|x86
		AppStore|Any CPU = AppStore|Any CPU
		AppStore|ARM = AppStore|ARM
		AppStore|iPhone = AppStore|iPhone
		AppStore|iPhoneSimulator = AppStore|iPhoneSimulator
		AppStore|Mixed Platforms = AppStore|Mixed Platforms
		AppStore|x64 = AppStore|x64
		AppStore|x86 = AppStore|x86
		Azure|Any CPU = Azure|Any CPU
		Azure|ARM = Azure|ARM
		Azure|iPhone = Azure|iPhone
		Azure|iPhoneSimulator = Azure|iPhoneSimulator
		Azure|Mixed Platforms = Azure|Mixed Platforms
		Azure|x64 = Azure|x64
		Azure|x86 = Azure|x86
		Debug|Any CPU = Debug|Any CPU
		Debug|ARM = Debug|ARM
		Debug|iPhone = Debug|iPhone
		Debug|iPhoneSimulator = Debug|iPhoneSimulator
		Debug|Mixed Platforms = Debug|Mixed Platforms
		Debug|x64 = Debug|x64
		Debug|x86 = Debug|x86
		Release|Any CPU = Release|Any CPU
		Release|ARM = Release|ARM
		Release|iPhone = Release|iPhone
		Release|iPhoneSimulator = Release|iPhoneSimulator
		Release|Mixed Platforms = Release|Mixed Platforms
		Release|x64 = Release|x64
		Release|x86 = Release|x86
	EndGlobalSection
	GlobalSection(ProjectConfigurationPlatforms) = postSolution
		{E029F24D-8594-4954-892D-D640D6053406}.Ad-Hoc|Any CPU.ActiveCfg = Release|Any CPU
		{E029F24D-8594-4954-892D-D640D6053406}.Ad-Hoc|Any CPU.Build.0 = Release|Any CPU
		{E029F24D-8594-4954-892D-D640D6053406}.Ad-Hoc|ARM.ActiveCfg = Release|Any CPU
		{E029F24D-8594-4954-892D-D640D6053406}.Ad-Hoc|iPhone.ActiveCfg = Release|Any CPU
		{E029F24D-8594-4954-892D-D640D6053406}.Ad-Hoc|iPhoneSimulator.ActiveCfg = Release|Any CPU
		{E029F24D-8594-4954-892D-D640D6053406}.Ad-Hoc|Mixed Platforms.ActiveCfg = Release|Any CPU
		{E029F24D-8594-4954-892D-D640D6053406}.Ad-Hoc|Mixed Platforms.Build.0 = Release|Any CPU
		{E029F24D-8594-4954-892D-D640D6053406}.Ad-Hoc|x64.ActiveCfg = Release|Any CPU
		{E029F24D-8594-4954-892D-D640D6053406}.Ad-Hoc|x86.ActiveCfg = Release|Any CPU
		{E029F24D-8594-4954-892D-D640D6053406}.AppStore|Any CPU.ActiveCfg = Release|Any CPU
		{E029F24D-8594-4954-892D-D640D6053406}.AppStore|Any CPU.Build.0 = Release|Any CPU
		{E029F24D-8594-4954-892D-D640D6053406}.AppStore|ARM.ActiveCfg = Release|Any CPU
		{E029F24D-8594-4954-892D-D640D6053406}.AppStore|iPhone.ActiveCfg = Release|Any CPU
		{E029F24D-8594-4954-892D-D640D6053406}.AppStore|iPhoneSimulator.ActiveCfg = Release|Any CPU
		{E029F24D-8594-4954-892D-D640D6053406}.AppStore|Mixed Platforms.ActiveCfg = Release|Any CPU
		{E029F24D-8594-4954-892D-D640D6053406}.AppStore|Mixed Platforms.Build.0 = Release|Any CPU
		{E029F24D-8594-4954-892D-D640D6053406}.AppStore|x64.ActiveCfg = Release|Any CPU
		{E029F24D-8594-4954-892D-D640D6053406}.AppStore|x86.ActiveCfg = Release|Any CPU
		{E029F24D-8594-4954-892D-D640D6053406}.Azure|Any CPU.ActiveCfg = Azure|Any CPU
		{E029F24D-8594-4954-892D-D640D6053406}.Azure|Any CPU.Build.0 = Azure|Any CPU
		{E029F24D-8594-4954-892D-D640D6053406}.Azure|ARM.ActiveCfg = Azure|Any CPU
		{E029F24D-8594-4954-892D-D640D6053406}.Azure|iPhone.ActiveCfg = Azure|Any CPU
		{E029F24D-8594-4954-892D-D640D6053406}.Azure|iPhoneSimulator.ActiveCfg = Azure|Any CPU
		{E029F24D-8594-4954-892D-D640D6053406}.Azure|Mixed Platforms.ActiveCfg = Azure|Any CPU
		{E029F24D-8594-4954-892D-D640D6053406}.Azure|Mixed Platforms.Build.0 = Azure|Any CPU
		{E029F24D-8594-4954-892D-D640D6053406}.Azure|x64.ActiveCfg = Azure|Any CPU
		{E029F24D-8594-4954-892D-D640D6053406}.Azure|x86.ActiveCfg = Azure|Any CPU
		{E029F24D-8594-4954-892D-D640D6053406}.Debug|Any CPU.ActiveCfg = Debug|Any CPU
		{E029F24D-8594-4954-892D-D640D6053406}.Debug|Any CPU.Build.0 = Debug|Any CPU
		{E029F24D-8594-4954-892D-D640D6053406}.Debug|ARM.ActiveCfg = Debug|Any CPU
		{E029F24D-8594-4954-892D-D640D6053406}.Debug|iPhone.ActiveCfg = Debug|Any CPU
		{E029F24D-8594-4954-892D-D640D6053406}.Debug|iPhoneSimulator.ActiveCfg = Debug|Any CPU
		{E029F24D-8594-4954-892D-D640D6053406}.Debug|Mixed Platforms.ActiveCfg = Debug|Any CPU
		{E029F24D-8594-4954-892D-D640D6053406}.Debug|Mixed Platforms.Build.0 = Debug|Any CPU
		{E029F24D-8594-4954-892D-D640D6053406}.Debug|Mixed Platforms.Deploy.0 = Debug|Any CPU
		{E029F24D-8594-4954-892D-D640D6053406}.Debug|x64.ActiveCfg = Debug|Any CPU
		{E029F24D-8594-4954-892D-D640D6053406}.Debug|x86.ActiveCfg = Debug|Any CPU
		{E029F24D-8594-4954-892D-D640D6053406}.Release|Any CPU.ActiveCfg = Release|Any CPU
		{E029F24D-8594-4954-892D-D640D6053406}.Release|Any CPU.Build.0 = Release|Any CPU
		{E029F24D-8594-4954-892D-D640D6053406}.Release|ARM.ActiveCfg = Release|Any CPU
		{E029F24D-8594-4954-892D-D640D6053406}.Release|iPhone.ActiveCfg = Release|Any CPU
		{E029F24D-8594-4954-892D-D640D6053406}.Release|iPhoneSimulator.ActiveCfg = Release|Any CPU
		{E029F24D-8594-4954-892D-D640D6053406}.Release|Mixed Platforms.ActiveCfg = Release|Any CPU
		{E029F24D-8594-4954-892D-D640D6053406}.Release|Mixed Platforms.Build.0 = Release|Any CPU
		{E029F24D-8594-4954-892D-D640D6053406}.Release|x64.ActiveCfg = Release|Any CPU
		{E029F24D-8594-4954-892D-D640D6053406}.Release|x86.ActiveCfg = Release|Any CPU
		{DF554F47-8B32-4909-A7D7-D2A065A3CDFD}.Ad-Hoc|Any CPU.ActiveCfg = Release|Any CPU
		{DF554F47-8B32-4909-A7D7-D2A065A3CDFD}.Ad-Hoc|Any CPU.Build.0 = Release|Any CPU
		{DF554F47-8B32-4909-A7D7-D2A065A3CDFD}.Ad-Hoc|ARM.ActiveCfg = Release|Any CPU
		{DF554F47-8B32-4909-A7D7-D2A065A3CDFD}.Ad-Hoc|iPhone.ActiveCfg = Release|Any CPU
		{DF554F47-8B32-4909-A7D7-D2A065A3CDFD}.Ad-Hoc|iPhoneSimulator.ActiveCfg = Release|Any CPU
		{DF554F47-8B32-4909-A7D7-D2A065A3CDFD}.Ad-Hoc|Mixed Platforms.ActiveCfg = Release|Any CPU
		{DF554F47-8B32-4909-A7D7-D2A065A3CDFD}.Ad-Hoc|Mixed Platforms.Build.0 = Release|Any CPU
		{DF554F47-8B32-4909-A7D7-D2A065A3CDFD}.Ad-Hoc|x64.ActiveCfg = Release|Any CPU
		{DF554F47-8B32-4909-A7D7-D2A065A3CDFD}.Ad-Hoc|x86.ActiveCfg = Release|Any CPU
		{DF554F47-8B32-4909-A7D7-D2A065A3CDFD}.AppStore|Any CPU.ActiveCfg = Release|Any CPU
		{DF554F47-8B32-4909-A7D7-D2A065A3CDFD}.AppStore|Any CPU.Build.0 = Release|Any CPU
		{DF554F47-8B32-4909-A7D7-D2A065A3CDFD}.AppStore|ARM.ActiveCfg = Release|Any CPU
		{DF554F47-8B32-4909-A7D7-D2A065A3CDFD}.AppStore|iPhone.ActiveCfg = Release|Any CPU
		{DF554F47-8B32-4909-A7D7-D2A065A3CDFD}.AppStore|iPhoneSimulator.ActiveCfg = Release|Any CPU
		{DF554F47-8B32-4909-A7D7-D2A065A3CDFD}.AppStore|Mixed Platforms.ActiveCfg = Release|Any CPU
		{DF554F47-8B32-4909-A7D7-D2A065A3CDFD}.AppStore|Mixed Platforms.Build.0 = Release|Any CPU
		{DF554F47-8B32-4909-A7D7-D2A065A3CDFD}.AppStore|x64.ActiveCfg = Release|Any CPU
		{DF554F47-8B32-4909-A7D7-D2A065A3CDFD}.AppStore|x86.ActiveCfg = Release|Any CPU
		{DF554F47-8B32-4909-A7D7-D2A065A3CDFD}.Azure|Any CPU.ActiveCfg = Azure|Any CPU
		{DF554F47-8B32-4909-A7D7-D2A065A3CDFD}.Azure|Any CPU.Build.0 = Azure|Any CPU
		{DF554F47-8B32-4909-A7D7-D2A065A3CDFD}.Azure|ARM.ActiveCfg = Azure|Any CPU
		{DF554F47-8B32-4909-A7D7-D2A065A3CDFD}.Azure|iPhone.ActiveCfg = Azure|Any CPU
		{DF554F47-8B32-4909-A7D7-D2A065A3CDFD}.Azure|iPhoneSimulator.ActiveCfg = Azure|Any CPU
		{DF554F47-8B32-4909-A7D7-D2A065A3CDFD}.Azure|Mixed Platforms.ActiveCfg = Azure|Any CPU
		{DF554F47-8B32-4909-A7D7-D2A065A3CDFD}.Azure|Mixed Platforms.Build.0 = Azure|Any CPU
		{DF554F47-8B32-4909-A7D7-D2A065A3CDFD}.Azure|x64.ActiveCfg = Azure|Any CPU
		{DF554F47-8B32-4909-A7D7-D2A065A3CDFD}.Azure|x86.ActiveCfg = Azure|Any CPU
		{DF554F47-8B32-4909-A7D7-D2A065A3CDFD}.Debug|Any CPU.ActiveCfg = Debug|Any CPU
		{DF554F47-8B32-4909-A7D7-D2A065A3CDFD}.Debug|Any CPU.Build.0 = Debug|Any CPU
		{DF554F47-8B32-4909-A7D7-D2A065A3CDFD}.Debug|ARM.ActiveCfg = Debug|Any CPU
		{DF554F47-8B32-4909-A7D7-D2A065A3CDFD}.Debug|iPhone.ActiveCfg = Debug|Any CPU
		{DF554F47-8B32-4909-A7D7-D2A065A3CDFD}.Debug|iPhoneSimulator.ActiveCfg = Debug|Any CPU
		{DF554F47-8B32-4909-A7D7-D2A065A3CDFD}.Debug|Mixed Platforms.ActiveCfg = Debug|Any CPU
		{DF554F47-8B32-4909-A7D7-D2A065A3CDFD}.Debug|Mixed Platforms.Build.0 = Debug|Any CPU
		{DF554F47-8B32-4909-A7D7-D2A065A3CDFD}.Debug|x64.ActiveCfg = Debug|Any CPU
		{DF554F47-8B32-4909-A7D7-D2A065A3CDFD}.Debug|x86.ActiveCfg = Debug|Any CPU
		{DF554F47-8B32-4909-A7D7-D2A065A3CDFD}.Release|Any CPU.ActiveCfg = Release|Any CPU
		{DF554F47-8B32-4909-A7D7-D2A065A3CDFD}.Release|Any CPU.Build.0 = Release|Any CPU
		{DF554F47-8B32-4909-A7D7-D2A065A3CDFD}.Release|ARM.ActiveCfg = Release|Any CPU
		{DF554F47-8B32-4909-A7D7-D2A065A3CDFD}.Release|iPhone.ActiveCfg = Release|Any CPU
		{DF554F47-8B32-4909-A7D7-D2A065A3CDFD}.Release|iPhoneSimulator.ActiveCfg = Release|Any CPU
		{DF554F47-8B32-4909-A7D7-D2A065A3CDFD}.Release|Mixed Platforms.ActiveCfg = Release|Any CPU
		{DF554F47-8B32-4909-A7D7-D2A065A3CDFD}.Release|Mixed Platforms.Build.0 = Release|Any CPU
		{DF554F47-8B32-4909-A7D7-D2A065A3CDFD}.Release|x64.ActiveCfg = Release|Any CPU
		{DF554F47-8B32-4909-A7D7-D2A065A3CDFD}.Release|x86.ActiveCfg = Release|Any CPU
		{9777E8AA-DC00-4A9E-9F0D-6EB27C4D16E5}.Ad-Hoc|Any CPU.ActiveCfg = Release|Any CPU
		{9777E8AA-DC00-4A9E-9F0D-6EB27C4D16E5}.Ad-Hoc|Any CPU.Build.0 = Release|Any CPU
		{9777E8AA-DC00-4A9E-9F0D-6EB27C4D16E5}.Ad-Hoc|Any CPU.Deploy.0 = Release|Any CPU
		{9777E8AA-DC00-4A9E-9F0D-6EB27C4D16E5}.Ad-Hoc|ARM.ActiveCfg = Release|ARM
		{9777E8AA-DC00-4A9E-9F0D-6EB27C4D16E5}.Ad-Hoc|ARM.Build.0 = Release|ARM
		{9777E8AA-DC00-4A9E-9F0D-6EB27C4D16E5}.Ad-Hoc|ARM.Deploy.0 = Release|ARM
		{9777E8AA-DC00-4A9E-9F0D-6EB27C4D16E5}.Ad-Hoc|iPhone.ActiveCfg = Release|Any CPU
		{9777E8AA-DC00-4A9E-9F0D-6EB27C4D16E5}.Ad-Hoc|iPhoneSimulator.ActiveCfg = Release|Any CPU
		{9777E8AA-DC00-4A9E-9F0D-6EB27C4D16E5}.Ad-Hoc|Mixed Platforms.ActiveCfg = Release|x86
		{9777E8AA-DC00-4A9E-9F0D-6EB27C4D16E5}.Ad-Hoc|Mixed Platforms.Build.0 = Release|x86
		{9777E8AA-DC00-4A9E-9F0D-6EB27C4D16E5}.Ad-Hoc|Mixed Platforms.Deploy.0 = Release|x86
		{9777E8AA-DC00-4A9E-9F0D-6EB27C4D16E5}.Ad-Hoc|x64.ActiveCfg = Release|x64
		{9777E8AA-DC00-4A9E-9F0D-6EB27C4D16E5}.Ad-Hoc|x64.Build.0 = Release|x64
		{9777E8AA-DC00-4A9E-9F0D-6EB27C4D16E5}.Ad-Hoc|x64.Deploy.0 = Release|x64
		{9777E8AA-DC00-4A9E-9F0D-6EB27C4D16E5}.Ad-Hoc|x86.ActiveCfg = Release|x86
		{9777E8AA-DC00-4A9E-9F0D-6EB27C4D16E5}.Ad-Hoc|x86.Build.0 = Release|x86
		{9777E8AA-DC00-4A9E-9F0D-6EB27C4D16E5}.Ad-Hoc|x86.Deploy.0 = Release|x86
		{9777E8AA-DC00-4A9E-9F0D-6EB27C4D16E5}.AppStore|Any CPU.ActiveCfg = Release|x86
		{9777E8AA-DC00-4A9E-9F0D-6EB27C4D16E5}.AppStore|Any CPU.Build.0 = Release|x86
		{9777E8AA-DC00-4A9E-9F0D-6EB27C4D16E5}.AppStore|Any CPU.Deploy.0 = Release|x86
		{9777E8AA-DC00-4A9E-9F0D-6EB27C4D16E5}.AppStore|ARM.ActiveCfg = Release|ARM
		{9777E8AA-DC00-4A9E-9F0D-6EB27C4D16E5}.AppStore|ARM.Build.0 = Release|ARM
		{9777E8AA-DC00-4A9E-9F0D-6EB27C4D16E5}.AppStore|ARM.Deploy.0 = Release|ARM
		{9777E8AA-DC00-4A9E-9F0D-6EB27C4D16E5}.AppStore|iPhone.ActiveCfg = Release|Any CPU
		{9777E8AA-DC00-4A9E-9F0D-6EB27C4D16E5}.AppStore|iPhoneSimulator.ActiveCfg = Release|Any CPU
		{9777E8AA-DC00-4A9E-9F0D-6EB27C4D16E5}.AppStore|Mixed Platforms.ActiveCfg = Release|ARM
		{9777E8AA-DC00-4A9E-9F0D-6EB27C4D16E5}.AppStore|Mixed Platforms.Build.0 = Release|ARM
		{9777E8AA-DC00-4A9E-9F0D-6EB27C4D16E5}.AppStore|Mixed Platforms.Deploy.0 = Release|ARM
		{9777E8AA-DC00-4A9E-9F0D-6EB27C4D16E5}.AppStore|x64.ActiveCfg = Release|x64
		{9777E8AA-DC00-4A9E-9F0D-6EB27C4D16E5}.AppStore|x64.Build.0 = Release|x64
		{9777E8AA-DC00-4A9E-9F0D-6EB27C4D16E5}.AppStore|x64.Deploy.0 = Release|x64
		{9777E8AA-DC00-4A9E-9F0D-6EB27C4D16E5}.AppStore|x86.ActiveCfg = Release|x86
		{9777E8AA-DC00-4A9E-9F0D-6EB27C4D16E5}.AppStore|x86.Build.0 = Release|x86
		{9777E8AA-DC00-4A9E-9F0D-6EB27C4D16E5}.AppStore|x86.Deploy.0 = Release|x86
		{9777E8AA-DC00-4A9E-9F0D-6EB27C4D16E5}.Azure|Any CPU.ActiveCfg = Release|Any CPU
		{9777E8AA-DC00-4A9E-9F0D-6EB27C4D16E5}.Azure|Any CPU.Build.0 = Release|Any CPU
		{9777E8AA-DC00-4A9E-9F0D-6EB27C4D16E5}.Azure|Any CPU.Deploy.0 = Release|Any CPU
		{9777E8AA-DC00-4A9E-9F0D-6EB27C4D16E5}.Azure|ARM.ActiveCfg = Release|ARM
		{9777E8AA-DC00-4A9E-9F0D-6EB27C4D16E5}.Azure|ARM.Build.0 = Release|ARM
		{9777E8AA-DC00-4A9E-9F0D-6EB27C4D16E5}.Azure|ARM.Deploy.0 = Release|ARM
		{9777E8AA-DC00-4A9E-9F0D-6EB27C4D16E5}.Azure|iPhone.ActiveCfg = Release|Any CPU
		{9777E8AA-DC00-4A9E-9F0D-6EB27C4D16E5}.Azure|iPhoneSimulator.ActiveCfg = Release|Any CPU
		{9777E8AA-DC00-4A9E-9F0D-6EB27C4D16E5}.Azure|Mixed Platforms.ActiveCfg = Release|x86
		{9777E8AA-DC00-4A9E-9F0D-6EB27C4D16E5}.Azure|Mixed Platforms.Build.0 = Release|x86
		{9777E8AA-DC00-4A9E-9F0D-6EB27C4D16E5}.Azure|Mixed Platforms.Deploy.0 = Release|x86
		{9777E8AA-DC00-4A9E-9F0D-6EB27C4D16E5}.Azure|x64.ActiveCfg = Release|x64
		{9777E8AA-DC00-4A9E-9F0D-6EB27C4D16E5}.Azure|x64.Build.0 = Release|x64
		{9777E8AA-DC00-4A9E-9F0D-6EB27C4D16E5}.Azure|x64.Deploy.0 = Release|x64
		{9777E8AA-DC00-4A9E-9F0D-6EB27C4D16E5}.Azure|x86.ActiveCfg = Release|x86
		{9777E8AA-DC00-4A9E-9F0D-6EB27C4D16E5}.Azure|x86.Build.0 = Release|x86
		{9777E8AA-DC00-4A9E-9F0D-6EB27C4D16E5}.Azure|x86.Deploy.0 = Release|x86
		{9777E8AA-DC00-4A9E-9F0D-6EB27C4D16E5}.Debug|Any CPU.ActiveCfg = Debug|x86
		{9777E8AA-DC00-4A9E-9F0D-6EB27C4D16E5}.Debug|Any CPU.Build.0 = Debug|x86
		{9777E8AA-DC00-4A9E-9F0D-6EB27C4D16E5}.Debug|Any CPU.Deploy.0 = Debug|x86
		{9777E8AA-DC00-4A9E-9F0D-6EB27C4D16E5}.Debug|ARM.ActiveCfg = Debug|ARM
		{9777E8AA-DC00-4A9E-9F0D-6EB27C4D16E5}.Debug|ARM.Build.0 = Debug|ARM
		{9777E8AA-DC00-4A9E-9F0D-6EB27C4D16E5}.Debug|ARM.Deploy.0 = Debug|ARM
		{9777E8AA-DC00-4A9E-9F0D-6EB27C4D16E5}.Debug|iPhone.ActiveCfg = Debug|Any CPU
		{9777E8AA-DC00-4A9E-9F0D-6EB27C4D16E5}.Debug|iPhoneSimulator.ActiveCfg = Debug|Any CPU
		{9777E8AA-DC00-4A9E-9F0D-6EB27C4D16E5}.Debug|Mixed Platforms.ActiveCfg = Debug|x86
		{9777E8AA-DC00-4A9E-9F0D-6EB27C4D16E5}.Debug|Mixed Platforms.Build.0 = Debug|x86
		{9777E8AA-DC00-4A9E-9F0D-6EB27C4D16E5}.Debug|Mixed Platforms.Deploy.0 = Debug|x86
		{9777E8AA-DC00-4A9E-9F0D-6EB27C4D16E5}.Debug|x64.ActiveCfg = Debug|x64
		{9777E8AA-DC00-4A9E-9F0D-6EB27C4D16E5}.Debug|x64.Build.0 = Debug|x64
		{9777E8AA-DC00-4A9E-9F0D-6EB27C4D16E5}.Debug|x64.Deploy.0 = Debug|x64
		{9777E8AA-DC00-4A9E-9F0D-6EB27C4D16E5}.Debug|x86.ActiveCfg = Debug|x86
		{9777E8AA-DC00-4A9E-9F0D-6EB27C4D16E5}.Debug|x86.Build.0 = Debug|x86
		{9777E8AA-DC00-4A9E-9F0D-6EB27C4D16E5}.Debug|x86.Deploy.0 = Debug|x86
		{9777E8AA-DC00-4A9E-9F0D-6EB27C4D16E5}.Release|Any CPU.ActiveCfg = Release|Any CPU
		{9777E8AA-DC00-4A9E-9F0D-6EB27C4D16E5}.Release|Any CPU.Build.0 = Release|Any CPU
		{9777E8AA-DC00-4A9E-9F0D-6EB27C4D16E5}.Release|Any CPU.Deploy.0 = Release|Any CPU
		{9777E8AA-DC00-4A9E-9F0D-6EB27C4D16E5}.Release|ARM.ActiveCfg = Release|ARM
		{9777E8AA-DC00-4A9E-9F0D-6EB27C4D16E5}.Release|ARM.Build.0 = Release|ARM
		{9777E8AA-DC00-4A9E-9F0D-6EB27C4D16E5}.Release|ARM.Deploy.0 = Release|ARM
		{9777E8AA-DC00-4A9E-9F0D-6EB27C4D16E5}.Release|iPhone.ActiveCfg = Release|Any CPU
		{9777E8AA-DC00-4A9E-9F0D-6EB27C4D16E5}.Release|iPhoneSimulator.ActiveCfg = Release|Any CPU
		{9777E8AA-DC00-4A9E-9F0D-6EB27C4D16E5}.Release|Mixed Platforms.ActiveCfg = Release|x86
		{9777E8AA-DC00-4A9E-9F0D-6EB27C4D16E5}.Release|Mixed Platforms.Build.0 = Release|x86
		{9777E8AA-DC00-4A9E-9F0D-6EB27C4D16E5}.Release|Mixed Platforms.Deploy.0 = Release|x86
		{9777E8AA-DC00-4A9E-9F0D-6EB27C4D16E5}.Release|x64.ActiveCfg = Release|x64
		{9777E8AA-DC00-4A9E-9F0D-6EB27C4D16E5}.Release|x64.Build.0 = Release|x64
		{9777E8AA-DC00-4A9E-9F0D-6EB27C4D16E5}.Release|x64.Deploy.0 = Release|x64
		{9777E8AA-DC00-4A9E-9F0D-6EB27C4D16E5}.Release|x86.ActiveCfg = Release|x86
		{9777E8AA-DC00-4A9E-9F0D-6EB27C4D16E5}.Release|x86.Build.0 = Release|x86
		{9777E8AA-DC00-4A9E-9F0D-6EB27C4D16E5}.Release|x86.Deploy.0 = Release|x86
		{107BDD73-1C52-4E9B-8F31-A301CF711DD9}.Ad-Hoc|Any CPU.ActiveCfg = Release|Any CPU
		{107BDD73-1C52-4E9B-8F31-A301CF711DD9}.Ad-Hoc|Any CPU.Build.0 = Release|Any CPU
		{107BDD73-1C52-4E9B-8F31-A301CF711DD9}.Ad-Hoc|Any CPU.Deploy.0 = Release|Any CPU
		{107BDD73-1C52-4E9B-8F31-A301CF711DD9}.Ad-Hoc|ARM.ActiveCfg = Release|Any CPU
		{107BDD73-1C52-4E9B-8F31-A301CF711DD9}.Ad-Hoc|iPhone.ActiveCfg = Release|Any CPU
		{107BDD73-1C52-4E9B-8F31-A301CF711DD9}.Ad-Hoc|iPhoneSimulator.ActiveCfg = Release|Any CPU
		{107BDD73-1C52-4E9B-8F31-A301CF711DD9}.Ad-Hoc|Mixed Platforms.ActiveCfg = Release|Any CPU
		{107BDD73-1C52-4E9B-8F31-A301CF711DD9}.Ad-Hoc|Mixed Platforms.Build.0 = Release|Any CPU
		{107BDD73-1C52-4E9B-8F31-A301CF711DD9}.Ad-Hoc|Mixed Platforms.Deploy.0 = Release|Any CPU
		{107BDD73-1C52-4E9B-8F31-A301CF711DD9}.Ad-Hoc|x64.ActiveCfg = Release|Any CPU
		{107BDD73-1C52-4E9B-8F31-A301CF711DD9}.Ad-Hoc|x86.ActiveCfg = Release|Any CPU
		{107BDD73-1C52-4E9B-8F31-A301CF711DD9}.AppStore|Any CPU.ActiveCfg = Release|Any CPU
		{107BDD73-1C52-4E9B-8F31-A301CF711DD9}.AppStore|Any CPU.Build.0 = Release|Any CPU
		{107BDD73-1C52-4E9B-8F31-A301CF711DD9}.AppStore|Any CPU.Deploy.0 = Release|Any CPU
		{107BDD73-1C52-4E9B-8F31-A301CF711DD9}.AppStore|ARM.ActiveCfg = Release|Any CPU
		{107BDD73-1C52-4E9B-8F31-A301CF711DD9}.AppStore|iPhone.ActiveCfg = Release|Any CPU
		{107BDD73-1C52-4E9B-8F31-A301CF711DD9}.AppStore|iPhoneSimulator.ActiveCfg = Release|Any CPU
		{107BDD73-1C52-4E9B-8F31-A301CF711DD9}.AppStore|Mixed Platforms.ActiveCfg = Release|Any CPU
		{107BDD73-1C52-4E9B-8F31-A301CF711DD9}.AppStore|Mixed Platforms.Build.0 = Release|Any CPU
		{107BDD73-1C52-4E9B-8F31-A301CF711DD9}.AppStore|Mixed Platforms.Deploy.0 = Release|Any CPU
		{107BDD73-1C52-4E9B-8F31-A301CF711DD9}.AppStore|x64.ActiveCfg = Release|Any CPU
		{107BDD73-1C52-4E9B-8F31-A301CF711DD9}.AppStore|x86.ActiveCfg = Release|Any CPU
		{107BDD73-1C52-4E9B-8F31-A301CF711DD9}.Azure|Any CPU.ActiveCfg = Release|Any CPU
		{107BDD73-1C52-4E9B-8F31-A301CF711DD9}.Azure|Any CPU.Build.0 = Release|Any CPU
		{107BDD73-1C52-4E9B-8F31-A301CF711DD9}.Azure|Any CPU.Deploy.0 = Release|Any CPU
		{107BDD73-1C52-4E9B-8F31-A301CF711DD9}.Azure|ARM.ActiveCfg = Release|Any CPU
		{107BDD73-1C52-4E9B-8F31-A301CF711DD9}.Azure|iPhone.ActiveCfg = Release|Any CPU
		{107BDD73-1C52-4E9B-8F31-A301CF711DD9}.Azure|iPhoneSimulator.ActiveCfg = Release|Any CPU
		{107BDD73-1C52-4E9B-8F31-A301CF711DD9}.Azure|Mixed Platforms.ActiveCfg = Release|Any CPU
		{107BDD73-1C52-4E9B-8F31-A301CF711DD9}.Azure|Mixed Platforms.Build.0 = Release|Any CPU
		{107BDD73-1C52-4E9B-8F31-A301CF711DD9}.Azure|Mixed Platforms.Deploy.0 = Release|Any CPU
		{107BDD73-1C52-4E9B-8F31-A301CF711DD9}.Azure|x64.ActiveCfg = Release|Any CPU
		{107BDD73-1C52-4E9B-8F31-A301CF711DD9}.Azure|x86.ActiveCfg = Release|Any CPU
		{107BDD73-1C52-4E9B-8F31-A301CF711DD9}.Debug|Any CPU.ActiveCfg = Debug|Any CPU
		{107BDD73-1C52-4E9B-8F31-A301CF711DD9}.Debug|Any CPU.Build.0 = Debug|Any CPU
		{107BDD73-1C52-4E9B-8F31-A301CF711DD9}.Debug|Any CPU.Deploy.0 = Debug|Any CPU
		{107BDD73-1C52-4E9B-8F31-A301CF711DD9}.Debug|ARM.ActiveCfg = Debug|Any CPU
		{107BDD73-1C52-4E9B-8F31-A301CF711DD9}.Debug|iPhone.ActiveCfg = Debug|Any CPU
		{107BDD73-1C52-4E9B-8F31-A301CF711DD9}.Debug|iPhoneSimulator.ActiveCfg = Debug|Any CPU
		{107BDD73-1C52-4E9B-8F31-A301CF711DD9}.Debug|Mixed Platforms.ActiveCfg = Debug|Any CPU
		{107BDD73-1C52-4E9B-8F31-A301CF711DD9}.Debug|Mixed Platforms.Build.0 = Debug|Any CPU
		{107BDD73-1C52-4E9B-8F31-A301CF711DD9}.Debug|Mixed Platforms.Deploy.0 = Debug|Any CPU
		{107BDD73-1C52-4E9B-8F31-A301CF711DD9}.Debug|x64.ActiveCfg = Debug|Any CPU
		{107BDD73-1C52-4E9B-8F31-A301CF711DD9}.Debug|x86.ActiveCfg = Debug|Any CPU
		{107BDD73-1C52-4E9B-8F31-A301CF711DD9}.Release|Any CPU.ActiveCfg = Release|Any CPU
		{107BDD73-1C52-4E9B-8F31-A301CF711DD9}.Release|Any CPU.Build.0 = Release|Any CPU
		{107BDD73-1C52-4E9B-8F31-A301CF711DD9}.Release|Any CPU.Deploy.0 = Release|Any CPU
		{107BDD73-1C52-4E9B-8F31-A301CF711DD9}.Release|ARM.ActiveCfg = Release|Any CPU
		{107BDD73-1C52-4E9B-8F31-A301CF711DD9}.Release|iPhone.ActiveCfg = Release|Any CPU
		{107BDD73-1C52-4E9B-8F31-A301CF711DD9}.Release|iPhoneSimulator.ActiveCfg = Release|Any CPU
		{107BDD73-1C52-4E9B-8F31-A301CF711DD9}.Release|Mixed Platforms.ActiveCfg = Release|Any CPU
		{107BDD73-1C52-4E9B-8F31-A301CF711DD9}.Release|Mixed Platforms.Build.0 = Release|Any CPU
		{107BDD73-1C52-4E9B-8F31-A301CF711DD9}.Release|Mixed Platforms.Deploy.0 = Release|Any CPU
		{107BDD73-1C52-4E9B-8F31-A301CF711DD9}.Release|x64.ActiveCfg = Release|Any CPU
		{107BDD73-1C52-4E9B-8F31-A301CF711DD9}.Release|x86.ActiveCfg = Release|Any CPU
		{7A5BC41C-D08E-473B-880B-060FFE34DDB3}.Ad-Hoc|Any CPU.ActiveCfg = Release|Any CPU
		{7A5BC41C-D08E-473B-880B-060FFE34DDB3}.Ad-Hoc|Any CPU.Build.0 = Release|Any CPU
		{7A5BC41C-D08E-473B-880B-060FFE34DDB3}.Ad-Hoc|Any CPU.Deploy.0 = Release|Any CPU
		{7A5BC41C-D08E-473B-880B-060FFE34DDB3}.Ad-Hoc|ARM.ActiveCfg = Release|Any CPU
		{7A5BC41C-D08E-473B-880B-060FFE34DDB3}.Ad-Hoc|iPhone.ActiveCfg = Release|Any CPU
		{7A5BC41C-D08E-473B-880B-060FFE34DDB3}.Ad-Hoc|iPhoneSimulator.ActiveCfg = Release|Any CPU
		{7A5BC41C-D08E-473B-880B-060FFE34DDB3}.Ad-Hoc|Mixed Platforms.ActiveCfg = Release|Any CPU
		{7A5BC41C-D08E-473B-880B-060FFE34DDB3}.Ad-Hoc|Mixed Platforms.Build.0 = Release|Any CPU
		{7A5BC41C-D08E-473B-880B-060FFE34DDB3}.Ad-Hoc|Mixed Platforms.Deploy.0 = Release|Any CPU
		{7A5BC41C-D08E-473B-880B-060FFE34DDB3}.Ad-Hoc|x64.ActiveCfg = Release|Any CPU
		{7A5BC41C-D08E-473B-880B-060FFE34DDB3}.Ad-Hoc|x86.ActiveCfg = Release|Any CPU
		{7A5BC41C-D08E-473B-880B-060FFE34DDB3}.AppStore|Any CPU.ActiveCfg = Release|Any CPU
		{7A5BC41C-D08E-473B-880B-060FFE34DDB3}.AppStore|Any CPU.Build.0 = Release|Any CPU
		{7A5BC41C-D08E-473B-880B-060FFE34DDB3}.AppStore|Any CPU.Deploy.0 = Release|Any CPU
		{7A5BC41C-D08E-473B-880B-060FFE34DDB3}.AppStore|ARM.ActiveCfg = Release|Any CPU
		{7A5BC41C-D08E-473B-880B-060FFE34DDB3}.AppStore|iPhone.ActiveCfg = Release|Any CPU
		{7A5BC41C-D08E-473B-880B-060FFE34DDB3}.AppStore|iPhoneSimulator.ActiveCfg = Release|Any CPU
		{7A5BC41C-D08E-473B-880B-060FFE34DDB3}.AppStore|Mixed Platforms.ActiveCfg = Release|Any CPU
		{7A5BC41C-D08E-473B-880B-060FFE34DDB3}.AppStore|Mixed Platforms.Build.0 = Release|Any CPU
		{7A5BC41C-D08E-473B-880B-060FFE34DDB3}.AppStore|Mixed Platforms.Deploy.0 = Release|Any CPU
		{7A5BC41C-D08E-473B-880B-060FFE34DDB3}.AppStore|x64.ActiveCfg = Release|Any CPU
		{7A5BC41C-D08E-473B-880B-060FFE34DDB3}.AppStore|x86.ActiveCfg = Release|Any CPU
		{7A5BC41C-D08E-473B-880B-060FFE34DDB3}.Azure|Any CPU.ActiveCfg = Release|Any CPU
		{7A5BC41C-D08E-473B-880B-060FFE34DDB3}.Azure|Any CPU.Build.0 = Release|Any CPU
		{7A5BC41C-D08E-473B-880B-060FFE34DDB3}.Azure|Any CPU.Deploy.0 = Release|Any CPU
		{7A5BC41C-D08E-473B-880B-060FFE34DDB3}.Azure|ARM.ActiveCfg = Release|Any CPU
		{7A5BC41C-D08E-473B-880B-060FFE34DDB3}.Azure|iPhone.ActiveCfg = Release|Any CPU
		{7A5BC41C-D08E-473B-880B-060FFE34DDB3}.Azure|iPhoneSimulator.ActiveCfg = Release|Any CPU
		{7A5BC41C-D08E-473B-880B-060FFE34DDB3}.Azure|Mixed Platforms.ActiveCfg = Release|Any CPU
		{7A5BC41C-D08E-473B-880B-060FFE34DDB3}.Azure|Mixed Platforms.Build.0 = Release|Any CPU
		{7A5BC41C-D08E-473B-880B-060FFE34DDB3}.Azure|Mixed Platforms.Deploy.0 = Release|Any CPU
		{7A5BC41C-D08E-473B-880B-060FFE34DDB3}.Azure|x64.ActiveCfg = Release|Any CPU
		{7A5BC41C-D08E-473B-880B-060FFE34DDB3}.Azure|x86.ActiveCfg = Release|Any CPU
		{7A5BC41C-D08E-473B-880B-060FFE34DDB3}.Debug|Any CPU.ActiveCfg = Debug|Any CPU
		{7A5BC41C-D08E-473B-880B-060FFE34DDB3}.Debug|Any CPU.Build.0 = Debug|Any CPU
		{7A5BC41C-D08E-473B-880B-060FFE34DDB3}.Debug|Any CPU.Deploy.0 = Debug|Any CPU
		{7A5BC41C-D08E-473B-880B-060FFE34DDB3}.Debug|ARM.ActiveCfg = Debug|Any CPU
		{7A5BC41C-D08E-473B-880B-060FFE34DDB3}.Debug|iPhone.ActiveCfg = Debug|Any CPU
		{7A5BC41C-D08E-473B-880B-060FFE34DDB3}.Debug|iPhoneSimulator.ActiveCfg = Debug|Any CPU
		{7A5BC41C-D08E-473B-880B-060FFE34DDB3}.Debug|Mixed Platforms.ActiveCfg = Debug|Any CPU
		{7A5BC41C-D08E-473B-880B-060FFE34DDB3}.Debug|Mixed Platforms.Build.0 = Debug|Any CPU
		{7A5BC41C-D08E-473B-880B-060FFE34DDB3}.Debug|Mixed Platforms.Deploy.0 = Debug|Any CPU
		{7A5BC41C-D08E-473B-880B-060FFE34DDB3}.Debug|x64.ActiveCfg = Debug|Any CPU
		{7A5BC41C-D08E-473B-880B-060FFE34DDB3}.Debug|x86.ActiveCfg = Debug|Any CPU
		{7A5BC41C-D08E-473B-880B-060FFE34DDB3}.Release|Any CPU.ActiveCfg = Release|Any CPU
		{7A5BC41C-D08E-473B-880B-060FFE34DDB3}.Release|Any CPU.Build.0 = Release|Any CPU
		{7A5BC41C-D08E-473B-880B-060FFE34DDB3}.Release|Any CPU.Deploy.0 = Release|Any CPU
		{7A5BC41C-D08E-473B-880B-060FFE34DDB3}.Release|ARM.ActiveCfg = Release|Any CPU
		{7A5BC41C-D08E-473B-880B-060FFE34DDB3}.Release|iPhone.ActiveCfg = Release|Any CPU
		{7A5BC41C-D08E-473B-880B-060FFE34DDB3}.Release|iPhoneSimulator.ActiveCfg = Release|Any CPU
		{7A5BC41C-D08E-473B-880B-060FFE34DDB3}.Release|Mixed Platforms.ActiveCfg = Release|Any CPU
		{7A5BC41C-D08E-473B-880B-060FFE34DDB3}.Release|Mixed Platforms.Build.0 = Release|Any CPU
		{7A5BC41C-D08E-473B-880B-060FFE34DDB3}.Release|Mixed Platforms.Deploy.0 = Release|Any CPU
		{7A5BC41C-D08E-473B-880B-060FFE34DDB3}.Release|x64.ActiveCfg = Release|Any CPU
		{7A5BC41C-D08E-473B-880B-060FFE34DDB3}.Release|x86.ActiveCfg = Release|Any CPU
		{3FC7F8B8-D305-49D5-A74B-9CF20D6DB843}.Ad-Hoc|Any CPU.ActiveCfg = Ad-Hoc|iPhone
		{3FC7F8B8-D305-49D5-A74B-9CF20D6DB843}.Ad-Hoc|ARM.ActiveCfg = Ad-Hoc|iPhone
		{3FC7F8B8-D305-49D5-A74B-9CF20D6DB843}.Ad-Hoc|iPhone.ActiveCfg = Ad-Hoc|iPhone
		{3FC7F8B8-D305-49D5-A74B-9CF20D6DB843}.Ad-Hoc|iPhone.Build.0 = Ad-Hoc|iPhone
		{3FC7F8B8-D305-49D5-A74B-9CF20D6DB843}.Ad-Hoc|iPhoneSimulator.ActiveCfg = Ad-Hoc|iPhoneSimulator
		{3FC7F8B8-D305-49D5-A74B-9CF20D6DB843}.Ad-Hoc|iPhoneSimulator.Build.0 = Ad-Hoc|iPhoneSimulator
		{3FC7F8B8-D305-49D5-A74B-9CF20D6DB843}.Ad-Hoc|Mixed Platforms.ActiveCfg = Ad-Hoc|iPhone
		{3FC7F8B8-D305-49D5-A74B-9CF20D6DB843}.Ad-Hoc|Mixed Platforms.Build.0 = Ad-Hoc|iPhone
		{3FC7F8B8-D305-49D5-A74B-9CF20D6DB843}.Ad-Hoc|x64.ActiveCfg = Ad-Hoc|iPhone
		{3FC7F8B8-D305-49D5-A74B-9CF20D6DB843}.Ad-Hoc|x86.ActiveCfg = Ad-Hoc|iPhone
		{3FC7F8B8-D305-49D5-A74B-9CF20D6DB843}.AppStore|Any CPU.ActiveCfg = AppStore|iPhone
		{3FC7F8B8-D305-49D5-A74B-9CF20D6DB843}.AppStore|ARM.ActiveCfg = AppStore|iPhone
		{3FC7F8B8-D305-49D5-A74B-9CF20D6DB843}.AppStore|iPhone.ActiveCfg = AppStore|iPhone
		{3FC7F8B8-D305-49D5-A74B-9CF20D6DB843}.AppStore|iPhone.Build.0 = AppStore|iPhone
		{3FC7F8B8-D305-49D5-A74B-9CF20D6DB843}.AppStore|iPhoneSimulator.ActiveCfg = AppStore|iPhoneSimulator
		{3FC7F8B8-D305-49D5-A74B-9CF20D6DB843}.AppStore|iPhoneSimulator.Build.0 = AppStore|iPhoneSimulator
		{3FC7F8B8-D305-49D5-A74B-9CF20D6DB843}.AppStore|Mixed Platforms.ActiveCfg = AppStore|iPhone
		{3FC7F8B8-D305-49D5-A74B-9CF20D6DB843}.AppStore|Mixed Platforms.Build.0 = AppStore|iPhone
		{3FC7F8B8-D305-49D5-A74B-9CF20D6DB843}.AppStore|x64.ActiveCfg = AppStore|iPhone
		{3FC7F8B8-D305-49D5-A74B-9CF20D6DB843}.AppStore|x86.ActiveCfg = AppStore|iPhone
		{3FC7F8B8-D305-49D5-A74B-9CF20D6DB843}.Azure|Any CPU.ActiveCfg = AppStore|iPhone
		{3FC7F8B8-D305-49D5-A74B-9CF20D6DB843}.Azure|ARM.ActiveCfg = AppStore|iPhone
		{3FC7F8B8-D305-49D5-A74B-9CF20D6DB843}.Azure|iPhone.ActiveCfg = AppStore|iPhone
		{3FC7F8B8-D305-49D5-A74B-9CF20D6DB843}.Azure|iPhone.Build.0 = AppStore|iPhone
		{3FC7F8B8-D305-49D5-A74B-9CF20D6DB843}.Azure|iPhoneSimulator.ActiveCfg = AppStore|iPhoneSimulator
		{3FC7F8B8-D305-49D5-A74B-9CF20D6DB843}.Azure|iPhoneSimulator.Build.0 = AppStore|iPhoneSimulator
		{3FC7F8B8-D305-49D5-A74B-9CF20D6DB843}.Azure|Mixed Platforms.ActiveCfg = AppStore|iPhone
		{3FC7F8B8-D305-49D5-A74B-9CF20D6DB843}.Azure|Mixed Platforms.Build.0 = AppStore|iPhone
		{3FC7F8B8-D305-49D5-A74B-9CF20D6DB843}.Azure|x64.ActiveCfg = AppStore|iPhone
		{3FC7F8B8-D305-49D5-A74B-9CF20D6DB843}.Azure|x86.ActiveCfg = AppStore|iPhone
		{3FC7F8B8-D305-49D5-A74B-9CF20D6DB843}.Debug|Any CPU.ActiveCfg = Debug|iPhone
		{3FC7F8B8-D305-49D5-A74B-9CF20D6DB843}.Debug|ARM.ActiveCfg = Debug|iPhone
		{3FC7F8B8-D305-49D5-A74B-9CF20D6DB843}.Debug|iPhone.ActiveCfg = Debug|iPhone
		{3FC7F8B8-D305-49D5-A74B-9CF20D6DB843}.Debug|iPhone.Build.0 = Debug|iPhone
		{3FC7F8B8-D305-49D5-A74B-9CF20D6DB843}.Debug|iPhoneSimulator.ActiveCfg = Debug|iPhoneSimulator
		{3FC7F8B8-D305-49D5-A74B-9CF20D6DB843}.Debug|iPhoneSimulator.Build.0 = Debug|iPhoneSimulator
		{3FC7F8B8-D305-49D5-A74B-9CF20D6DB843}.Debug|Mixed Platforms.ActiveCfg = Debug|iPhone
		{3FC7F8B8-D305-49D5-A74B-9CF20D6DB843}.Debug|Mixed Platforms.Build.0 = Debug|iPhone
		{3FC7F8B8-D305-49D5-A74B-9CF20D6DB843}.Debug|x64.ActiveCfg = Debug|iPhone
		{3FC7F8B8-D305-49D5-A74B-9CF20D6DB843}.Debug|x86.ActiveCfg = Debug|iPhone
		{3FC7F8B8-D305-49D5-A74B-9CF20D6DB843}.Release|Any CPU.ActiveCfg = Release|iPhone
		{3FC7F8B8-D305-49D5-A74B-9CF20D6DB843}.Release|ARM.ActiveCfg = Release|iPhone
		{3FC7F8B8-D305-49D5-A74B-9CF20D6DB843}.Release|iPhone.ActiveCfg = Release|iPhone
		{3FC7F8B8-D305-49D5-A74B-9CF20D6DB843}.Release|iPhone.Build.0 = Release|iPhone
		{3FC7F8B8-D305-49D5-A74B-9CF20D6DB843}.Release|iPhoneSimulator.ActiveCfg = Release|iPhoneSimulator
		{3FC7F8B8-D305-49D5-A74B-9CF20D6DB843}.Release|iPhoneSimulator.Build.0 = Release|iPhoneSimulator
		{3FC7F8B8-D305-49D5-A74B-9CF20D6DB843}.Release|Mixed Platforms.ActiveCfg = Release|iPhone
		{3FC7F8B8-D305-49D5-A74B-9CF20D6DB843}.Release|Mixed Platforms.Build.0 = Release|iPhone
		{3FC7F8B8-D305-49D5-A74B-9CF20D6DB843}.Release|x64.ActiveCfg = Release|iPhone
		{3FC7F8B8-D305-49D5-A74B-9CF20D6DB843}.Release|x86.ActiveCfg = Release|iPhone
		{1439B0EC-5C15-4B18-B4EB-8A2787ABDFDE}.Ad-Hoc|Any CPU.ActiveCfg = Release|Any CPU
		{1439B0EC-5C15-4B18-B4EB-8A2787ABDFDE}.Ad-Hoc|Any CPU.Build.0 = Release|Any CPU
		{1439B0EC-5C15-4B18-B4EB-8A2787ABDFDE}.Ad-Hoc|ARM.ActiveCfg = Release|Any CPU
		{1439B0EC-5C15-4B18-B4EB-8A2787ABDFDE}.Ad-Hoc|iPhone.ActiveCfg = Release|Any CPU
		{1439B0EC-5C15-4B18-B4EB-8A2787ABDFDE}.Ad-Hoc|iPhoneSimulator.ActiveCfg = Release|Any CPU
		{1439B0EC-5C15-4B18-B4EB-8A2787ABDFDE}.Ad-Hoc|Mixed Platforms.ActiveCfg = Release|Any CPU
		{1439B0EC-5C15-4B18-B4EB-8A2787ABDFDE}.Ad-Hoc|Mixed Platforms.Build.0 = Release|Any CPU
		{1439B0EC-5C15-4B18-B4EB-8A2787ABDFDE}.Ad-Hoc|x64.ActiveCfg = Release|Any CPU
		{1439B0EC-5C15-4B18-B4EB-8A2787ABDFDE}.Ad-Hoc|x86.ActiveCfg = Release|Any CPU
		{1439B0EC-5C15-4B18-B4EB-8A2787ABDFDE}.AppStore|Any CPU.ActiveCfg = Release|Any CPU
		{1439B0EC-5C15-4B18-B4EB-8A2787ABDFDE}.AppStore|Any CPU.Build.0 = Release|Any CPU
		{1439B0EC-5C15-4B18-B4EB-8A2787ABDFDE}.AppStore|ARM.ActiveCfg = Release|Any CPU
		{1439B0EC-5C15-4B18-B4EB-8A2787ABDFDE}.AppStore|iPhone.ActiveCfg = Release|Any CPU
		{1439B0EC-5C15-4B18-B4EB-8A2787ABDFDE}.AppStore|iPhoneSimulator.ActiveCfg = Release|Any CPU
		{1439B0EC-5C15-4B18-B4EB-8A2787ABDFDE}.AppStore|Mixed Platforms.ActiveCfg = Release|Any CPU
		{1439B0EC-5C15-4B18-B4EB-8A2787ABDFDE}.AppStore|Mixed Platforms.Build.0 = Release|Any CPU
		{1439B0EC-5C15-4B18-B4EB-8A2787ABDFDE}.AppStore|x64.ActiveCfg = Release|Any CPU
		{1439B0EC-5C15-4B18-B4EB-8A2787ABDFDE}.AppStore|x86.ActiveCfg = Release|Any CPU
		{1439B0EC-5C15-4B18-B4EB-8A2787ABDFDE}.Azure|Any CPU.ActiveCfg = Azure|Any CPU
		{1439B0EC-5C15-4B18-B4EB-8A2787ABDFDE}.Azure|Any CPU.Build.0 = Azure|Any CPU
		{1439B0EC-5C15-4B18-B4EB-8A2787ABDFDE}.Azure|ARM.ActiveCfg = Azure|Any CPU
		{1439B0EC-5C15-4B18-B4EB-8A2787ABDFDE}.Azure|iPhone.ActiveCfg = Azure|Any CPU
		{1439B0EC-5C15-4B18-B4EB-8A2787ABDFDE}.Azure|iPhoneSimulator.ActiveCfg = Azure|Any CPU
		{1439B0EC-5C15-4B18-B4EB-8A2787ABDFDE}.Azure|Mixed Platforms.ActiveCfg = Azure|Any CPU
		{1439B0EC-5C15-4B18-B4EB-8A2787ABDFDE}.Azure|Mixed Platforms.Build.0 = Azure|Any CPU
		{1439B0EC-5C15-4B18-B4EB-8A2787ABDFDE}.Azure|x64.ActiveCfg = Azure|Any CPU
		{1439B0EC-5C15-4B18-B4EB-8A2787ABDFDE}.Azure|x86.ActiveCfg = Azure|Any CPU
		{1439B0EC-5C15-4B18-B4EB-8A2787ABDFDE}.Debug|Any CPU.ActiveCfg = Debug|Any CPU
		{1439B0EC-5C15-4B18-B4EB-8A2787ABDFDE}.Debug|Any CPU.Build.0 = Debug|Any CPU
		{1439B0EC-5C15-4B18-B4EB-8A2787ABDFDE}.Debug|ARM.ActiveCfg = Debug|Any CPU
		{1439B0EC-5C15-4B18-B4EB-8A2787ABDFDE}.Debug|iPhone.ActiveCfg = Debug|Any CPU
		{1439B0EC-5C15-4B18-B4EB-8A2787ABDFDE}.Debug|iPhoneSimulator.ActiveCfg = Debug|Any CPU
		{1439B0EC-5C15-4B18-B4EB-8A2787ABDFDE}.Debug|Mixed Platforms.ActiveCfg = Debug|Any CPU
		{1439B0EC-5C15-4B18-B4EB-8A2787ABDFDE}.Debug|Mixed Platforms.Build.0 = Debug|Any CPU
		{1439B0EC-5C15-4B18-B4EB-8A2787ABDFDE}.Debug|x64.ActiveCfg = Debug|Any CPU
		{1439B0EC-5C15-4B18-B4EB-8A2787ABDFDE}.Debug|x86.ActiveCfg = Debug|Any CPU
		{1439B0EC-5C15-4B18-B4EB-8A2787ABDFDE}.Release|Any CPU.ActiveCfg = Release|Any CPU
		{1439B0EC-5C15-4B18-B4EB-8A2787ABDFDE}.Release|Any CPU.Build.0 = Release|Any CPU
		{1439B0EC-5C15-4B18-B4EB-8A2787ABDFDE}.Release|ARM.ActiveCfg = Release|Any CPU
		{1439B0EC-5C15-4B18-B4EB-8A2787ABDFDE}.Release|iPhone.ActiveCfg = Release|Any CPU
		{1439B0EC-5C15-4B18-B4EB-8A2787ABDFDE}.Release|iPhoneSimulator.ActiveCfg = Release|Any CPU
		{1439B0EC-5C15-4B18-B4EB-8A2787ABDFDE}.Release|Mixed Platforms.ActiveCfg = Release|Any CPU
		{1439B0EC-5C15-4B18-B4EB-8A2787ABDFDE}.Release|Mixed Platforms.Build.0 = Release|Any CPU
		{1439B0EC-5C15-4B18-B4EB-8A2787ABDFDE}.Release|x64.ActiveCfg = Release|Any CPU
		{1439B0EC-5C15-4B18-B4EB-8A2787ABDFDE}.Release|x86.ActiveCfg = Release|Any CPU
		{85810EC4-3E4F-4A31-8379-8BF73CDD7C01}.Ad-Hoc|Any CPU.ActiveCfg = Release|Any CPU
		{85810EC4-3E4F-4A31-8379-8BF73CDD7C01}.Ad-Hoc|Any CPU.Build.0 = Release|Any CPU
		{85810EC4-3E4F-4A31-8379-8BF73CDD7C01}.Ad-Hoc|ARM.ActiveCfg = Release|Any CPU
		{85810EC4-3E4F-4A31-8379-8BF73CDD7C01}.Ad-Hoc|iPhone.ActiveCfg = Release|Any CPU
		{85810EC4-3E4F-4A31-8379-8BF73CDD7C01}.Ad-Hoc|iPhoneSimulator.ActiveCfg = Release|Any CPU
		{85810EC4-3E4F-4A31-8379-8BF73CDD7C01}.Ad-Hoc|Mixed Platforms.ActiveCfg = Release|Any CPU
		{85810EC4-3E4F-4A31-8379-8BF73CDD7C01}.Ad-Hoc|Mixed Platforms.Build.0 = Release|Any CPU
		{85810EC4-3E4F-4A31-8379-8BF73CDD7C01}.Ad-Hoc|x64.ActiveCfg = Release|Any CPU
		{85810EC4-3E4F-4A31-8379-8BF73CDD7C01}.Ad-Hoc|x86.ActiveCfg = Release|Any CPU
		{85810EC4-3E4F-4A31-8379-8BF73CDD7C01}.AppStore|Any CPU.ActiveCfg = Release|Any CPU
		{85810EC4-3E4F-4A31-8379-8BF73CDD7C01}.AppStore|Any CPU.Build.0 = Release|Any CPU
		{85810EC4-3E4F-4A31-8379-8BF73CDD7C01}.AppStore|ARM.ActiveCfg = Release|Any CPU
		{85810EC4-3E4F-4A31-8379-8BF73CDD7C01}.AppStore|iPhone.ActiveCfg = Release|Any CPU
		{85810EC4-3E4F-4A31-8379-8BF73CDD7C01}.AppStore|iPhoneSimulator.ActiveCfg = Release|Any CPU
		{85810EC4-3E4F-4A31-8379-8BF73CDD7C01}.AppStore|Mixed Platforms.ActiveCfg = Release|Any CPU
		{85810EC4-3E4F-4A31-8379-8BF73CDD7C01}.AppStore|Mixed Platforms.Build.0 = Release|Any CPU
		{85810EC4-3E4F-4A31-8379-8BF73CDD7C01}.AppStore|x64.ActiveCfg = Release|Any CPU
		{85810EC4-3E4F-4A31-8379-8BF73CDD7C01}.AppStore|x86.ActiveCfg = Release|Any CPU
		{85810EC4-3E4F-4A31-8379-8BF73CDD7C01}.Azure|Any CPU.ActiveCfg = Azure|Any CPU
		{85810EC4-3E4F-4A31-8379-8BF73CDD7C01}.Azure|ARM.ActiveCfg = Azure|Any CPU
		{85810EC4-3E4F-4A31-8379-8BF73CDD7C01}.Azure|iPhone.ActiveCfg = Azure|Any CPU
		{85810EC4-3E4F-4A31-8379-8BF73CDD7C01}.Azure|iPhoneSimulator.ActiveCfg = Azure|Any CPU
		{85810EC4-3E4F-4A31-8379-8BF73CDD7C01}.Azure|Mixed Platforms.ActiveCfg = Azure|Any CPU
		{85810EC4-3E4F-4A31-8379-8BF73CDD7C01}.Azure|Mixed Platforms.Build.0 = Azure|Any CPU
		{85810EC4-3E4F-4A31-8379-8BF73CDD7C01}.Azure|x64.ActiveCfg = Azure|Any CPU
		{85810EC4-3E4F-4A31-8379-8BF73CDD7C01}.Azure|x86.ActiveCfg = Azure|Any CPU
		{85810EC4-3E4F-4A31-8379-8BF73CDD7C01}.Debug|Any CPU.ActiveCfg = Debug|Any CPU
		{85810EC4-3E4F-4A31-8379-8BF73CDD7C01}.Debug|Any CPU.Build.0 = Debug|Any CPU
		{85810EC4-3E4F-4A31-8379-8BF73CDD7C01}.Debug|ARM.ActiveCfg = Debug|Any CPU
		{85810EC4-3E4F-4A31-8379-8BF73CDD7C01}.Debug|iPhone.ActiveCfg = Debug|Any CPU
		{85810EC4-3E4F-4A31-8379-8BF73CDD7C01}.Debug|iPhoneSimulator.ActiveCfg = Debug|Any CPU
		{85810EC4-3E4F-4A31-8379-8BF73CDD7C01}.Debug|Mixed Platforms.ActiveCfg = Debug|Any CPU
		{85810EC4-3E4F-4A31-8379-8BF73CDD7C01}.Debug|Mixed Platforms.Build.0 = Debug|Any CPU
		{85810EC4-3E4F-4A31-8379-8BF73CDD7C01}.Debug|x64.ActiveCfg = Debug|Any CPU
		{85810EC4-3E4F-4A31-8379-8BF73CDD7C01}.Debug|x86.ActiveCfg = Debug|Any CPU
		{85810EC4-3E4F-4A31-8379-8BF73CDD7C01}.Release|Any CPU.ActiveCfg = Release|Any CPU
		{85810EC4-3E4F-4A31-8379-8BF73CDD7C01}.Release|ARM.ActiveCfg = Release|Any CPU
		{85810EC4-3E4F-4A31-8379-8BF73CDD7C01}.Release|iPhone.ActiveCfg = Release|Any CPU
		{85810EC4-3E4F-4A31-8379-8BF73CDD7C01}.Release|iPhoneSimulator.ActiveCfg = Release|Any CPU
		{85810EC4-3E4F-4A31-8379-8BF73CDD7C01}.Release|Mixed Platforms.ActiveCfg = Release|Any CPU
		{85810EC4-3E4F-4A31-8379-8BF73CDD7C01}.Release|Mixed Platforms.Build.0 = Release|Any CPU
		{85810EC4-3E4F-4A31-8379-8BF73CDD7C01}.Release|x64.ActiveCfg = Release|Any CPU
		{85810EC4-3E4F-4A31-8379-8BF73CDD7C01}.Release|x86.ActiveCfg = Release|Any CPU
		{547357F1-C960-4849-9941-E725B0133C8D}.Ad-Hoc|Any CPU.ActiveCfg = Release|Any CPU
		{547357F1-C960-4849-9941-E725B0133C8D}.Ad-Hoc|Any CPU.Build.0 = Release|Any CPU
		{547357F1-C960-4849-9941-E725B0133C8D}.Ad-Hoc|ARM.ActiveCfg = Release|Any CPU
		{547357F1-C960-4849-9941-E725B0133C8D}.Ad-Hoc|iPhone.ActiveCfg = Release|Any CPU
		{547357F1-C960-4849-9941-E725B0133C8D}.Ad-Hoc|iPhoneSimulator.ActiveCfg = Release|Any CPU
		{547357F1-C960-4849-9941-E725B0133C8D}.Ad-Hoc|Mixed Platforms.ActiveCfg = Release|Any CPU
		{547357F1-C960-4849-9941-E725B0133C8D}.Ad-Hoc|Mixed Platforms.Build.0 = Release|Any CPU
		{547357F1-C960-4849-9941-E725B0133C8D}.Ad-Hoc|x64.ActiveCfg = Release|Any CPU
		{547357F1-C960-4849-9941-E725B0133C8D}.Ad-Hoc|x86.ActiveCfg = Release|Any CPU
		{547357F1-C960-4849-9941-E725B0133C8D}.AppStore|Any CPU.ActiveCfg = Release|Any CPU
		{547357F1-C960-4849-9941-E725B0133C8D}.AppStore|Any CPU.Build.0 = Release|Any CPU
		{547357F1-C960-4849-9941-E725B0133C8D}.AppStore|ARM.ActiveCfg = Release|Any CPU
		{547357F1-C960-4849-9941-E725B0133C8D}.AppStore|iPhone.ActiveCfg = Release|Any CPU
		{547357F1-C960-4849-9941-E725B0133C8D}.AppStore|iPhoneSimulator.ActiveCfg = Release|Any CPU
		{547357F1-C960-4849-9941-E725B0133C8D}.AppStore|Mixed Platforms.ActiveCfg = Release|Any CPU
		{547357F1-C960-4849-9941-E725B0133C8D}.AppStore|Mixed Platforms.Build.0 = Release|Any CPU
		{547357F1-C960-4849-9941-E725B0133C8D}.AppStore|x64.ActiveCfg = Release|Any CPU
		{547357F1-C960-4849-9941-E725B0133C8D}.AppStore|x86.ActiveCfg = Release|Any CPU
		{547357F1-C960-4849-9941-E725B0133C8D}.Azure|Any CPU.ActiveCfg = Azure|Any CPU
		{547357F1-C960-4849-9941-E725B0133C8D}.Azure|ARM.ActiveCfg = Azure|Any CPU
		{547357F1-C960-4849-9941-E725B0133C8D}.Azure|iPhone.ActiveCfg = Azure|Any CPU
		{547357F1-C960-4849-9941-E725B0133C8D}.Azure|iPhoneSimulator.ActiveCfg = Azure|Any CPU
		{547357F1-C960-4849-9941-E725B0133C8D}.Azure|Mixed Platforms.ActiveCfg = Azure|Any CPU
		{547357F1-C960-4849-9941-E725B0133C8D}.Azure|Mixed Platforms.Build.0 = Azure|Any CPU
		{547357F1-C960-4849-9941-E725B0133C8D}.Azure|x64.ActiveCfg = Azure|Any CPU
		{547357F1-C960-4849-9941-E725B0133C8D}.Azure|x86.ActiveCfg = Azure|Any CPU
		{547357F1-C960-4849-9941-E725B0133C8D}.Debug|Any CPU.ActiveCfg = Debug|Any CPU
		{547357F1-C960-4849-9941-E725B0133C8D}.Debug|Any CPU.Build.0 = Debug|Any CPU
		{547357F1-C960-4849-9941-E725B0133C8D}.Debug|ARM.ActiveCfg = Debug|Any CPU
		{547357F1-C960-4849-9941-E725B0133C8D}.Debug|iPhone.ActiveCfg = Debug|Any CPU
		{547357F1-C960-4849-9941-E725B0133C8D}.Debug|iPhoneSimulator.ActiveCfg = Debug|Any CPU
		{547357F1-C960-4849-9941-E725B0133C8D}.Debug|Mixed Platforms.ActiveCfg = Debug|Any CPU
		{547357F1-C960-4849-9941-E725B0133C8D}.Debug|Mixed Platforms.Build.0 = Debug|Any CPU
		{547357F1-C960-4849-9941-E725B0133C8D}.Debug|x64.ActiveCfg = Debug|Any CPU
		{547357F1-C960-4849-9941-E725B0133C8D}.Debug|x86.ActiveCfg = Debug|Any CPU
		{547357F1-C960-4849-9941-E725B0133C8D}.Release|Any CPU.ActiveCfg = Release|Any CPU
		{547357F1-C960-4849-9941-E725B0133C8D}.Release|Any CPU.Build.0 = Release|Any CPU
		{547357F1-C960-4849-9941-E725B0133C8D}.Release|ARM.ActiveCfg = Release|Any CPU
		{547357F1-C960-4849-9941-E725B0133C8D}.Release|iPhone.ActiveCfg = Release|Any CPU
		{547357F1-C960-4849-9941-E725B0133C8D}.Release|iPhoneSimulator.ActiveCfg = Release|Any CPU
		{547357F1-C960-4849-9941-E725B0133C8D}.Release|Mixed Platforms.ActiveCfg = Release|Any CPU
		{547357F1-C960-4849-9941-E725B0133C8D}.Release|Mixed Platforms.Build.0 = Release|Any CPU
		{547357F1-C960-4849-9941-E725B0133C8D}.Release|x64.ActiveCfg = Release|Any CPU
		{547357F1-C960-4849-9941-E725B0133C8D}.Release|x86.ActiveCfg = Release|Any CPU
		{0C4A402D-79BE-432E-9BCF-081A8C7FF655}.Ad-Hoc|Any CPU.ActiveCfg = Release|Any CPU
		{0C4A402D-79BE-432E-9BCF-081A8C7FF655}.Ad-Hoc|Any CPU.Build.0 = Release|Any CPU
		{0C4A402D-79BE-432E-9BCF-081A8C7FF655}.Ad-Hoc|ARM.ActiveCfg = Release|Any CPU
		{0C4A402D-79BE-432E-9BCF-081A8C7FF655}.Ad-Hoc|iPhone.ActiveCfg = Release|Any CPU
		{0C4A402D-79BE-432E-9BCF-081A8C7FF655}.Ad-Hoc|iPhoneSimulator.ActiveCfg = Release|Any CPU
		{0C4A402D-79BE-432E-9BCF-081A8C7FF655}.Ad-Hoc|Mixed Platforms.ActiveCfg = Release|Any CPU
		{0C4A402D-79BE-432E-9BCF-081A8C7FF655}.Ad-Hoc|Mixed Platforms.Build.0 = Release|Any CPU
		{0C4A402D-79BE-432E-9BCF-081A8C7FF655}.Ad-Hoc|x64.ActiveCfg = Release|Any CPU
		{0C4A402D-79BE-432E-9BCF-081A8C7FF655}.Ad-Hoc|x86.ActiveCfg = Release|Any CPU
		{0C4A402D-79BE-432E-9BCF-081A8C7FF655}.AppStore|Any CPU.ActiveCfg = Release|Any CPU
		{0C4A402D-79BE-432E-9BCF-081A8C7FF655}.AppStore|Any CPU.Build.0 = Release|Any CPU
		{0C4A402D-79BE-432E-9BCF-081A8C7FF655}.AppStore|ARM.ActiveCfg = Release|Any CPU
		{0C4A402D-79BE-432E-9BCF-081A8C7FF655}.AppStore|iPhone.ActiveCfg = Release|Any CPU
		{0C4A402D-79BE-432E-9BCF-081A8C7FF655}.AppStore|iPhoneSimulator.ActiveCfg = Release|Any CPU
		{0C4A402D-79BE-432E-9BCF-081A8C7FF655}.AppStore|Mixed Platforms.ActiveCfg = Release|Any CPU
		{0C4A402D-79BE-432E-9BCF-081A8C7FF655}.AppStore|Mixed Platforms.Build.0 = Release|Any CPU
		{0C4A402D-79BE-432E-9BCF-081A8C7FF655}.AppStore|x64.ActiveCfg = Release|Any CPU
		{0C4A402D-79BE-432E-9BCF-081A8C7FF655}.AppStore|x86.ActiveCfg = Release|Any CPU
		{0C4A402D-79BE-432E-9BCF-081A8C7FF655}.Azure|Any CPU.ActiveCfg = Azure|Any CPU
		{0C4A402D-79BE-432E-9BCF-081A8C7FF655}.Azure|ARM.ActiveCfg = Azure|Any CPU
		{0C4A402D-79BE-432E-9BCF-081A8C7FF655}.Azure|iPhone.ActiveCfg = Azure|Any CPU
		{0C4A402D-79BE-432E-9BCF-081A8C7FF655}.Azure|iPhoneSimulator.ActiveCfg = Azure|Any CPU
		{0C4A402D-79BE-432E-9BCF-081A8C7FF655}.Azure|Mixed Platforms.ActiveCfg = Azure|Any CPU
		{0C4A402D-79BE-432E-9BCF-081A8C7FF655}.Azure|Mixed Platforms.Build.0 = Azure|Any CPU
		{0C4A402D-79BE-432E-9BCF-081A8C7FF655}.Azure|x64.ActiveCfg = Azure|Any CPU
		{0C4A402D-79BE-432E-9BCF-081A8C7FF655}.Azure|x86.ActiveCfg = Azure|Any CPU
		{0C4A402D-79BE-432E-9BCF-081A8C7FF655}.Debug|Any CPU.ActiveCfg = Debug|Any CPU
		{0C4A402D-79BE-432E-9BCF-081A8C7FF655}.Debug|Any CPU.Build.0 = Debug|Any CPU
		{0C4A402D-79BE-432E-9BCF-081A8C7FF655}.Debug|ARM.ActiveCfg = Debug|Any CPU
		{0C4A402D-79BE-432E-9BCF-081A8C7FF655}.Debug|iPhone.ActiveCfg = Debug|Any CPU
		{0C4A402D-79BE-432E-9BCF-081A8C7FF655}.Debug|iPhoneSimulator.ActiveCfg = Debug|Any CPU
		{0C4A402D-79BE-432E-9BCF-081A8C7FF655}.Debug|Mixed Platforms.ActiveCfg = Debug|Any CPU
		{0C4A402D-79BE-432E-9BCF-081A8C7FF655}.Debug|Mixed Platforms.Build.0 = Debug|Any CPU
		{0C4A402D-79BE-432E-9BCF-081A8C7FF655}.Debug|x64.ActiveCfg = Debug|Any CPU
		{0C4A402D-79BE-432E-9BCF-081A8C7FF655}.Debug|x86.ActiveCfg = Debug|Any CPU
		{0C4A402D-79BE-432E-9BCF-081A8C7FF655}.Release|Any CPU.ActiveCfg = Release|Any CPU
		{0C4A402D-79BE-432E-9BCF-081A8C7FF655}.Release|Any CPU.Build.0 = Release|Any CPU
		{0C4A402D-79BE-432E-9BCF-081A8C7FF655}.Release|ARM.ActiveCfg = Release|Any CPU
		{0C4A402D-79BE-432E-9BCF-081A8C7FF655}.Release|iPhone.ActiveCfg = Release|Any CPU
		{0C4A402D-79BE-432E-9BCF-081A8C7FF655}.Release|iPhoneSimulator.ActiveCfg = Release|Any CPU
		{0C4A402D-79BE-432E-9BCF-081A8C7FF655}.Release|Mixed Platforms.ActiveCfg = Release|Any CPU
		{0C4A402D-79BE-432E-9BCF-081A8C7FF655}.Release|Mixed Platforms.Build.0 = Release|Any CPU
		{0C4A402D-79BE-432E-9BCF-081A8C7FF655}.Release|x64.ActiveCfg = Release|Any CPU
		{0C4A402D-79BE-432E-9BCF-081A8C7FF655}.Release|x86.ActiveCfg = Release|Any CPU
		{1749F752-2DEB-4C4D-A49D-D389783C03A9}.Ad-Hoc|Any CPU.ActiveCfg = Release|Any CPU
		{1749F752-2DEB-4C4D-A49D-D389783C03A9}.Ad-Hoc|Any CPU.Build.0 = Release|Any CPU
		{1749F752-2DEB-4C4D-A49D-D389783C03A9}.Ad-Hoc|ARM.ActiveCfg = Release|Any CPU
		{1749F752-2DEB-4C4D-A49D-D389783C03A9}.Ad-Hoc|iPhone.ActiveCfg = Release|Any CPU
		{1749F752-2DEB-4C4D-A49D-D389783C03A9}.Ad-Hoc|iPhoneSimulator.ActiveCfg = Release|Any CPU
		{1749F752-2DEB-4C4D-A49D-D389783C03A9}.Ad-Hoc|Mixed Platforms.ActiveCfg = Release|Any CPU
		{1749F752-2DEB-4C4D-A49D-D389783C03A9}.Ad-Hoc|Mixed Platforms.Build.0 = Release|Any CPU
		{1749F752-2DEB-4C4D-A49D-D389783C03A9}.Ad-Hoc|x64.ActiveCfg = Release|Any CPU
		{1749F752-2DEB-4C4D-A49D-D389783C03A9}.Ad-Hoc|x86.ActiveCfg = Release|Any CPU
		{1749F752-2DEB-4C4D-A49D-D389783C03A9}.AppStore|Any CPU.ActiveCfg = Release|Any CPU
		{1749F752-2DEB-4C4D-A49D-D389783C03A9}.AppStore|Any CPU.Build.0 = Release|Any CPU
		{1749F752-2DEB-4C4D-A49D-D389783C03A9}.AppStore|ARM.ActiveCfg = Release|Any CPU
		{1749F752-2DEB-4C4D-A49D-D389783C03A9}.AppStore|iPhone.ActiveCfg = Release|Any CPU
		{1749F752-2DEB-4C4D-A49D-D389783C03A9}.AppStore|iPhoneSimulator.ActiveCfg = Release|Any CPU
		{1749F752-2DEB-4C4D-A49D-D389783C03A9}.AppStore|Mixed Platforms.ActiveCfg = Release|Any CPU
		{1749F752-2DEB-4C4D-A49D-D389783C03A9}.AppStore|Mixed Platforms.Build.0 = Release|Any CPU
		{1749F752-2DEB-4C4D-A49D-D389783C03A9}.AppStore|x64.ActiveCfg = Release|Any CPU
		{1749F752-2DEB-4C4D-A49D-D389783C03A9}.AppStore|x86.ActiveCfg = Release|Any CPU
		{1749F752-2DEB-4C4D-A49D-D389783C03A9}.Azure|Any CPU.ActiveCfg = Release|Any CPU
		{1749F752-2DEB-4C4D-A49D-D389783C03A9}.Azure|Any CPU.Build.0 = Release|Any CPU
		{1749F752-2DEB-4C4D-A49D-D389783C03A9}.Azure|ARM.ActiveCfg = Release|Any CPU
		{1749F752-2DEB-4C4D-A49D-D389783C03A9}.Azure|iPhone.ActiveCfg = Release|Any CPU
		{1749F752-2DEB-4C4D-A49D-D389783C03A9}.Azure|iPhoneSimulator.ActiveCfg = Release|Any CPU
		{1749F752-2DEB-4C4D-A49D-D389783C03A9}.Azure|Mixed Platforms.ActiveCfg = Release|Any CPU
		{1749F752-2DEB-4C4D-A49D-D389783C03A9}.Azure|Mixed Platforms.Build.0 = Release|Any CPU
		{1749F752-2DEB-4C4D-A49D-D389783C03A9}.Azure|x64.ActiveCfg = Release|Any CPU
		{1749F752-2DEB-4C4D-A49D-D389783C03A9}.Azure|x86.ActiveCfg = Release|Any CPU
		{1749F752-2DEB-4C4D-A49D-D389783C03A9}.Debug|Any CPU.ActiveCfg = Debug|Any CPU
		{1749F752-2DEB-4C4D-A49D-D389783C03A9}.Debug|Any CPU.Build.0 = Debug|Any CPU
		{1749F752-2DEB-4C4D-A49D-D389783C03A9}.Debug|ARM.ActiveCfg = Debug|Any CPU
		{1749F752-2DEB-4C4D-A49D-D389783C03A9}.Debug|iPhone.ActiveCfg = Debug|Any CPU
		{1749F752-2DEB-4C4D-A49D-D389783C03A9}.Debug|iPhoneSimulator.ActiveCfg = Debug|Any CPU
		{1749F752-2DEB-4C4D-A49D-D389783C03A9}.Debug|Mixed Platforms.ActiveCfg = Debug|Any CPU
		{1749F752-2DEB-4C4D-A49D-D389783C03A9}.Debug|Mixed Platforms.Build.0 = Debug|Any CPU
		{1749F752-2DEB-4C4D-A49D-D389783C03A9}.Debug|x64.ActiveCfg = Debug|Any CPU
		{1749F752-2DEB-4C4D-A49D-D389783C03A9}.Debug|x86.ActiveCfg = Debug|Any CPU
		{1749F752-2DEB-4C4D-A49D-D389783C03A9}.Release|Any CPU.ActiveCfg = Release|Any CPU
		{1749F752-2DEB-4C4D-A49D-D389783C03A9}.Release|Any CPU.Build.0 = Release|Any CPU
		{1749F752-2DEB-4C4D-A49D-D389783C03A9}.Release|ARM.ActiveCfg = Release|Any CPU
		{1749F752-2DEB-4C4D-A49D-D389783C03A9}.Release|iPhone.ActiveCfg = Release|Any CPU
		{1749F752-2DEB-4C4D-A49D-D389783C03A9}.Release|iPhoneSimulator.ActiveCfg = Release|Any CPU
		{1749F752-2DEB-4C4D-A49D-D389783C03A9}.Release|Mixed Platforms.ActiveCfg = Release|Any CPU
		{1749F752-2DEB-4C4D-A49D-D389783C03A9}.Release|Mixed Platforms.Build.0 = Release|Any CPU
		{1749F752-2DEB-4C4D-A49D-D389783C03A9}.Release|x64.ActiveCfg = Release|Any CPU
		{1749F752-2DEB-4C4D-A49D-D389783C03A9}.Release|x86.ActiveCfg = Release|Any CPU
		{0DB3210F-005E-4F7F-8405-306D95502EF5}.Ad-Hoc|Any CPU.ActiveCfg = Release|Any CPU
		{0DB3210F-005E-4F7F-8405-306D95502EF5}.Ad-Hoc|Any CPU.Build.0 = Release|Any CPU
		{0DB3210F-005E-4F7F-8405-306D95502EF5}.Ad-Hoc|ARM.ActiveCfg = Release|Any CPU
		{0DB3210F-005E-4F7F-8405-306D95502EF5}.Ad-Hoc|iPhone.ActiveCfg = Release|Any CPU
		{0DB3210F-005E-4F7F-8405-306D95502EF5}.Ad-Hoc|iPhoneSimulator.ActiveCfg = Release|Any CPU
		{0DB3210F-005E-4F7F-8405-306D95502EF5}.Ad-Hoc|Mixed Platforms.ActiveCfg = Release|Any CPU
		{0DB3210F-005E-4F7F-8405-306D95502EF5}.Ad-Hoc|Mixed Platforms.Build.0 = Release|Any CPU
		{0DB3210F-005E-4F7F-8405-306D95502EF5}.Ad-Hoc|x64.ActiveCfg = Release|Any CPU
		{0DB3210F-005E-4F7F-8405-306D95502EF5}.Ad-Hoc|x86.ActiveCfg = Release|Any CPU
		{0DB3210F-005E-4F7F-8405-306D95502EF5}.AppStore|Any CPU.ActiveCfg = Release|Any CPU
		{0DB3210F-005E-4F7F-8405-306D95502EF5}.AppStore|Any CPU.Build.0 = Release|Any CPU
		{0DB3210F-005E-4F7F-8405-306D95502EF5}.AppStore|ARM.ActiveCfg = Release|Any CPU
		{0DB3210F-005E-4F7F-8405-306D95502EF5}.AppStore|iPhone.ActiveCfg = Release|Any CPU
		{0DB3210F-005E-4F7F-8405-306D95502EF5}.AppStore|iPhoneSimulator.ActiveCfg = Release|Any CPU
		{0DB3210F-005E-4F7F-8405-306D95502EF5}.AppStore|Mixed Platforms.ActiveCfg = Release|Any CPU
		{0DB3210F-005E-4F7F-8405-306D95502EF5}.AppStore|Mixed Platforms.Build.0 = Release|Any CPU
		{0DB3210F-005E-4F7F-8405-306D95502EF5}.AppStore|x64.ActiveCfg = Release|Any CPU
		{0DB3210F-005E-4F7F-8405-306D95502EF5}.AppStore|x86.ActiveCfg = Release|Any CPU
		{0DB3210F-005E-4F7F-8405-306D95502EF5}.Azure|Any CPU.ActiveCfg = Release|Any CPU
		{0DB3210F-005E-4F7F-8405-306D95502EF5}.Azure|Any CPU.Build.0 = Release|Any CPU
		{0DB3210F-005E-4F7F-8405-306D95502EF5}.Azure|ARM.ActiveCfg = Release|Any CPU
		{0DB3210F-005E-4F7F-8405-306D95502EF5}.Azure|iPhone.ActiveCfg = Release|Any CPU
		{0DB3210F-005E-4F7F-8405-306D95502EF5}.Azure|iPhoneSimulator.ActiveCfg = Release|Any CPU
		{0DB3210F-005E-4F7F-8405-306D95502EF5}.Azure|Mixed Platforms.ActiveCfg = Release|Any CPU
		{0DB3210F-005E-4F7F-8405-306D95502EF5}.Azure|Mixed Platforms.Build.0 = Release|Any CPU
		{0DB3210F-005E-4F7F-8405-306D95502EF5}.Azure|x64.ActiveCfg = Release|Any CPU
		{0DB3210F-005E-4F7F-8405-306D95502EF5}.Azure|x86.ActiveCfg = Release|Any CPU
		{0DB3210F-005E-4F7F-8405-306D95502EF5}.Debug|Any CPU.ActiveCfg = Debug|Any CPU
		{0DB3210F-005E-4F7F-8405-306D95502EF5}.Debug|Any CPU.Build.0 = Debug|Any CPU
		{0DB3210F-005E-4F7F-8405-306D95502EF5}.Debug|ARM.ActiveCfg = Debug|Any CPU
		{0DB3210F-005E-4F7F-8405-306D95502EF5}.Debug|iPhone.ActiveCfg = Debug|Any CPU
		{0DB3210F-005E-4F7F-8405-306D95502EF5}.Debug|iPhoneSimulator.ActiveCfg = Debug|Any CPU
		{0DB3210F-005E-4F7F-8405-306D95502EF5}.Debug|Mixed Platforms.ActiveCfg = Debug|Any CPU
		{0DB3210F-005E-4F7F-8405-306D95502EF5}.Debug|Mixed Platforms.Build.0 = Debug|Any CPU
		{0DB3210F-005E-4F7F-8405-306D95502EF5}.Debug|x64.ActiveCfg = Debug|Any CPU
		{0DB3210F-005E-4F7F-8405-306D95502EF5}.Debug|x86.ActiveCfg = Debug|Any CPU
		{0DB3210F-005E-4F7F-8405-306D95502EF5}.Release|Any CPU.ActiveCfg = Release|Any CPU
		{0DB3210F-005E-4F7F-8405-306D95502EF5}.Release|Any CPU.Build.0 = Release|Any CPU
		{0DB3210F-005E-4F7F-8405-306D95502EF5}.Release|ARM.ActiveCfg = Release|Any CPU
		{0DB3210F-005E-4F7F-8405-306D95502EF5}.Release|iPhone.ActiveCfg = Release|Any CPU
		{0DB3210F-005E-4F7F-8405-306D95502EF5}.Release|iPhoneSimulator.ActiveCfg = Release|Any CPU
		{0DB3210F-005E-4F7F-8405-306D95502EF5}.Release|Mixed Platforms.ActiveCfg = Release|Any CPU
		{0DB3210F-005E-4F7F-8405-306D95502EF5}.Release|Mixed Platforms.Build.0 = Release|Any CPU
		{0DB3210F-005E-4F7F-8405-306D95502EF5}.Release|x64.ActiveCfg = Release|Any CPU
		{0DB3210F-005E-4F7F-8405-306D95502EF5}.Release|x86.ActiveCfg = Release|Any CPU
		{9EA76D9B-507A-4F77-A73F-8FE92B150EBC}.Ad-Hoc|Any CPU.ActiveCfg = Release|Any CPU
		{9EA76D9B-507A-4F77-A73F-8FE92B150EBC}.Ad-Hoc|Any CPU.Build.0 = Release|Any CPU
		{9EA76D9B-507A-4F77-A73F-8FE92B150EBC}.Ad-Hoc|ARM.ActiveCfg = Release|Any CPU
		{9EA76D9B-507A-4F77-A73F-8FE92B150EBC}.Ad-Hoc|iPhone.ActiveCfg = Release|Any CPU
		{9EA76D9B-507A-4F77-A73F-8FE92B150EBC}.Ad-Hoc|iPhoneSimulator.ActiveCfg = Release|Any CPU
		{9EA76D9B-507A-4F77-A73F-8FE92B150EBC}.Ad-Hoc|Mixed Platforms.ActiveCfg = Release|Any CPU
		{9EA76D9B-507A-4F77-A73F-8FE92B150EBC}.Ad-Hoc|Mixed Platforms.Build.0 = Release|Any CPU
		{9EA76D9B-507A-4F77-A73F-8FE92B150EBC}.Ad-Hoc|x64.ActiveCfg = Release|Any CPU
		{9EA76D9B-507A-4F77-A73F-8FE92B150EBC}.Ad-Hoc|x86.ActiveCfg = Release|Any CPU
		{9EA76D9B-507A-4F77-A73F-8FE92B150EBC}.AppStore|Any CPU.ActiveCfg = Release|Any CPU
		{9EA76D9B-507A-4F77-A73F-8FE92B150EBC}.AppStore|Any CPU.Build.0 = Release|Any CPU
		{9EA76D9B-507A-4F77-A73F-8FE92B150EBC}.AppStore|ARM.ActiveCfg = Release|Any CPU
		{9EA76D9B-507A-4F77-A73F-8FE92B150EBC}.AppStore|iPhone.ActiveCfg = Release|Any CPU
		{9EA76D9B-507A-4F77-A73F-8FE92B150EBC}.AppStore|iPhoneSimulator.ActiveCfg = Release|Any CPU
		{9EA76D9B-507A-4F77-A73F-8FE92B150EBC}.AppStore|Mixed Platforms.ActiveCfg = Release|Any CPU
		{9EA76D9B-507A-4F77-A73F-8FE92B150EBC}.AppStore|x64.ActiveCfg = Release|Any CPU
		{9EA76D9B-507A-4F77-A73F-8FE92B150EBC}.AppStore|x86.ActiveCfg = Release|Any CPU
		{9EA76D9B-507A-4F77-A73F-8FE92B150EBC}.Azure|Any CPU.ActiveCfg = Azure|Any CPU
		{9EA76D9B-507A-4F77-A73F-8FE92B150EBC}.Azure|ARM.ActiveCfg = Azure|Any CPU
		{9EA76D9B-507A-4F77-A73F-8FE92B150EBC}.Azure|iPhone.ActiveCfg = Azure|Any CPU
		{9EA76D9B-507A-4F77-A73F-8FE92B150EBC}.Azure|iPhoneSimulator.ActiveCfg = Azure|Any CPU
		{9EA76D9B-507A-4F77-A73F-8FE92B150EBC}.Azure|Mixed Platforms.ActiveCfg = Azure|Any CPU
		{9EA76D9B-507A-4F77-A73F-8FE92B150EBC}.Azure|Mixed Platforms.Build.0 = Azure|Any CPU
		{9EA76D9B-507A-4F77-A73F-8FE92B150EBC}.Azure|x64.ActiveCfg = Azure|Any CPU
		{9EA76D9B-507A-4F77-A73F-8FE92B150EBC}.Azure|x86.ActiveCfg = Azure|Any CPU
		{9EA76D9B-507A-4F77-A73F-8FE92B150EBC}.Debug|Any CPU.ActiveCfg = Debug|Any CPU
		{9EA76D9B-507A-4F77-A73F-8FE92B150EBC}.Debug|Any CPU.Build.0 = Debug|Any CPU
		{9EA76D9B-507A-4F77-A73F-8FE92B150EBC}.Debug|ARM.ActiveCfg = Debug|Any CPU
		{9EA76D9B-507A-4F77-A73F-8FE92B150EBC}.Debug|iPhone.ActiveCfg = Debug|Any CPU
		{9EA76D9B-507A-4F77-A73F-8FE92B150EBC}.Debug|iPhoneSimulator.ActiveCfg = Debug|Any CPU
		{9EA76D9B-507A-4F77-A73F-8FE92B150EBC}.Debug|Mixed Platforms.ActiveCfg = Debug|Any CPU
		{9EA76D9B-507A-4F77-A73F-8FE92B150EBC}.Debug|x64.ActiveCfg = Debug|Any CPU
		{9EA76D9B-507A-4F77-A73F-8FE92B150EBC}.Debug|x86.ActiveCfg = Debug|Any CPU
		{9EA76D9B-507A-4F77-A73F-8FE92B150EBC}.Release|Any CPU.ActiveCfg = Release|Any CPU
		{9EA76D9B-507A-4F77-A73F-8FE92B150EBC}.Release|ARM.ActiveCfg = Release|Any CPU
		{9EA76D9B-507A-4F77-A73F-8FE92B150EBC}.Release|iPhone.ActiveCfg = Release|Any CPU
		{9EA76D9B-507A-4F77-A73F-8FE92B150EBC}.Release|iPhoneSimulator.ActiveCfg = Release|Any CPU
		{9EA76D9B-507A-4F77-A73F-8FE92B150EBC}.Release|Mixed Platforms.ActiveCfg = Release|Any CPU
		{9EA76D9B-507A-4F77-A73F-8FE92B150EBC}.Release|x64.ActiveCfg = Release|Any CPU
		{9EA76D9B-507A-4F77-A73F-8FE92B150EBC}.Release|x86.ActiveCfg = Release|Any CPU
		{7C6925BC-F644-4D3E-9C66-F1593ECBF522}.Ad-Hoc|Any CPU.ActiveCfg = Release|Any CPU
		{7C6925BC-F644-4D3E-9C66-F1593ECBF522}.Ad-Hoc|Any CPU.Build.0 = Release|Any CPU
		{7C6925BC-F644-4D3E-9C66-F1593ECBF522}.Ad-Hoc|ARM.ActiveCfg = Release|Any CPU
		{7C6925BC-F644-4D3E-9C66-F1593ECBF522}.Ad-Hoc|iPhone.ActiveCfg = Release|Any CPU
		{7C6925BC-F644-4D3E-9C66-F1593ECBF522}.Ad-Hoc|iPhoneSimulator.ActiveCfg = Release|Any CPU
		{7C6925BC-F644-4D3E-9C66-F1593ECBF522}.Ad-Hoc|Mixed Platforms.ActiveCfg = Release|Any CPU
		{7C6925BC-F644-4D3E-9C66-F1593ECBF522}.Ad-Hoc|Mixed Platforms.Build.0 = Release|Any CPU
		{7C6925BC-F644-4D3E-9C66-F1593ECBF522}.Ad-Hoc|x64.ActiveCfg = Release|Any CPU
		{7C6925BC-F644-4D3E-9C66-F1593ECBF522}.Ad-Hoc|x86.ActiveCfg = Release|Any CPU
		{7C6925BC-F644-4D3E-9C66-F1593ECBF522}.AppStore|Any CPU.ActiveCfg = Release|Any CPU
		{7C6925BC-F644-4D3E-9C66-F1593ECBF522}.AppStore|Any CPU.Build.0 = Release|Any CPU
		{7C6925BC-F644-4D3E-9C66-F1593ECBF522}.AppStore|ARM.ActiveCfg = Release|Any CPU
		{7C6925BC-F644-4D3E-9C66-F1593ECBF522}.AppStore|iPhone.ActiveCfg = Release|Any CPU
		{7C6925BC-F644-4D3E-9C66-F1593ECBF522}.AppStore|iPhoneSimulator.ActiveCfg = Release|Any CPU
		{7C6925BC-F644-4D3E-9C66-F1593ECBF522}.AppStore|Mixed Platforms.ActiveCfg = Release|Any CPU
		{7C6925BC-F644-4D3E-9C66-F1593ECBF522}.AppStore|Mixed Platforms.Build.0 = Release|Any CPU
		{7C6925BC-F644-4D3E-9C66-F1593ECBF522}.AppStore|x64.ActiveCfg = Release|Any CPU
		{7C6925BC-F644-4D3E-9C66-F1593ECBF522}.AppStore|x86.ActiveCfg = Release|Any CPU
		{7C6925BC-F644-4D3E-9C66-F1593ECBF522}.Azure|Any CPU.ActiveCfg = Azure|Any CPU
		{7C6925BC-F644-4D3E-9C66-F1593ECBF522}.Azure|Any CPU.Build.0 = Azure|Any CPU
		{7C6925BC-F644-4D3E-9C66-F1593ECBF522}.Azure|ARM.ActiveCfg = Azure|Any CPU
		{7C6925BC-F644-4D3E-9C66-F1593ECBF522}.Azure|iPhone.ActiveCfg = Azure|Any CPU
		{7C6925BC-F644-4D3E-9C66-F1593ECBF522}.Azure|iPhoneSimulator.ActiveCfg = Azure|Any CPU
		{7C6925BC-F644-4D3E-9C66-F1593ECBF522}.Azure|Mixed Platforms.ActiveCfg = Azure|Any CPU
		{7C6925BC-F644-4D3E-9C66-F1593ECBF522}.Azure|Mixed Platforms.Build.0 = Azure|Any CPU
		{7C6925BC-F644-4D3E-9C66-F1593ECBF522}.Azure|x64.ActiveCfg = Azure|Any CPU
		{7C6925BC-F644-4D3E-9C66-F1593ECBF522}.Azure|x86.ActiveCfg = Azure|Any CPU
		{7C6925BC-F644-4D3E-9C66-F1593ECBF522}.Debug|Any CPU.ActiveCfg = Debug|Any CPU
		{7C6925BC-F644-4D3E-9C66-F1593ECBF522}.Debug|Any CPU.Build.0 = Debug|Any CPU
		{7C6925BC-F644-4D3E-9C66-F1593ECBF522}.Debug|ARM.ActiveCfg = Debug|Any CPU
		{7C6925BC-F644-4D3E-9C66-F1593ECBF522}.Debug|iPhone.ActiveCfg = Debug|Any CPU
		{7C6925BC-F644-4D3E-9C66-F1593ECBF522}.Debug|iPhoneSimulator.ActiveCfg = Debug|Any CPU
		{7C6925BC-F644-4D3E-9C66-F1593ECBF522}.Debug|Mixed Platforms.ActiveCfg = Debug|Any CPU
		{7C6925BC-F644-4D3E-9C66-F1593ECBF522}.Debug|Mixed Platforms.Build.0 = Debug|Any CPU
		{7C6925BC-F644-4D3E-9C66-F1593ECBF522}.Debug|x64.ActiveCfg = Debug|Any CPU
		{7C6925BC-F644-4D3E-9C66-F1593ECBF522}.Debug|x86.ActiveCfg = Debug|Any CPU
		{7C6925BC-F644-4D3E-9C66-F1593ECBF522}.Release|Any CPU.ActiveCfg = Release|Any CPU
		{7C6925BC-F644-4D3E-9C66-F1593ECBF522}.Release|Any CPU.Build.0 = Release|Any CPU
		{7C6925BC-F644-4D3E-9C66-F1593ECBF522}.Release|ARM.ActiveCfg = Release|Any CPU
		{7C6925BC-F644-4D3E-9C66-F1593ECBF522}.Release|iPhone.ActiveCfg = Release|Any CPU
		{7C6925BC-F644-4D3E-9C66-F1593ECBF522}.Release|iPhoneSimulator.ActiveCfg = Release|Any CPU
		{7C6925BC-F644-4D3E-9C66-F1593ECBF522}.Release|Mixed Platforms.ActiveCfg = Release|Any CPU
		{7C6925BC-F644-4D3E-9C66-F1593ECBF522}.Release|Mixed Platforms.Build.0 = Release|Any CPU
		{7C6925BC-F644-4D3E-9C66-F1593ECBF522}.Release|x64.ActiveCfg = Release|Any CPU
		{7C6925BC-F644-4D3E-9C66-F1593ECBF522}.Release|x86.ActiveCfg = Release|Any CPU
		{3B882D71-EB35-4655-8425-E6952B3470DF}.Ad-Hoc|Any CPU.ActiveCfg = Release|Any CPU
		{3B882D71-EB35-4655-8425-E6952B3470DF}.Ad-Hoc|Any CPU.Build.0 = Release|Any CPU
		{3B882D71-EB35-4655-8425-E6952B3470DF}.Ad-Hoc|ARM.ActiveCfg = Release|Any CPU
		{3B882D71-EB35-4655-8425-E6952B3470DF}.Ad-Hoc|iPhone.ActiveCfg = Release|Any CPU
		{3B882D71-EB35-4655-8425-E6952B3470DF}.Ad-Hoc|iPhoneSimulator.ActiveCfg = Release|Any CPU
		{3B882D71-EB35-4655-8425-E6952B3470DF}.Ad-Hoc|Mixed Platforms.ActiveCfg = Release|Any CPU
		{3B882D71-EB35-4655-8425-E6952B3470DF}.Ad-Hoc|Mixed Platforms.Build.0 = Release|Any CPU
		{3B882D71-EB35-4655-8425-E6952B3470DF}.Ad-Hoc|x64.ActiveCfg = Release|Any CPU
		{3B882D71-EB35-4655-8425-E6952B3470DF}.Ad-Hoc|x86.ActiveCfg = Release|Any CPU
		{3B882D71-EB35-4655-8425-E6952B3470DF}.AppStore|Any CPU.ActiveCfg = Release|Any CPU
		{3B882D71-EB35-4655-8425-E6952B3470DF}.AppStore|Any CPU.Build.0 = Release|Any CPU
		{3B882D71-EB35-4655-8425-E6952B3470DF}.AppStore|ARM.ActiveCfg = Release|Any CPU
		{3B882D71-EB35-4655-8425-E6952B3470DF}.AppStore|iPhone.ActiveCfg = Release|Any CPU
		{3B882D71-EB35-4655-8425-E6952B3470DF}.AppStore|iPhoneSimulator.ActiveCfg = Release|Any CPU
		{3B882D71-EB35-4655-8425-E6952B3470DF}.AppStore|Mixed Platforms.ActiveCfg = Release|Any CPU
		{3B882D71-EB35-4655-8425-E6952B3470DF}.AppStore|Mixed Platforms.Build.0 = Release|Any CPU
		{3B882D71-EB35-4655-8425-E6952B3470DF}.AppStore|x64.ActiveCfg = Release|Any CPU
		{3B882D71-EB35-4655-8425-E6952B3470DF}.AppStore|x86.ActiveCfg = Release|Any CPU
		{3B882D71-EB35-4655-8425-E6952B3470DF}.Azure|Any CPU.ActiveCfg = Azure|Any CPU
		{3B882D71-EB35-4655-8425-E6952B3470DF}.Azure|Any CPU.Build.0 = Azure|Any CPU
		{3B882D71-EB35-4655-8425-E6952B3470DF}.Azure|ARM.ActiveCfg = Azure|Any CPU
		{3B882D71-EB35-4655-8425-E6952B3470DF}.Azure|iPhone.ActiveCfg = Azure|Any CPU
		{3B882D71-EB35-4655-8425-E6952B3470DF}.Azure|iPhoneSimulator.ActiveCfg = Azure|Any CPU
		{3B882D71-EB35-4655-8425-E6952B3470DF}.Azure|Mixed Platforms.ActiveCfg = Azure|Any CPU
		{3B882D71-EB35-4655-8425-E6952B3470DF}.Azure|Mixed Platforms.Build.0 = Azure|Any CPU
		{3B882D71-EB35-4655-8425-E6952B3470DF}.Azure|x64.ActiveCfg = Azure|Any CPU
		{3B882D71-EB35-4655-8425-E6952B3470DF}.Azure|x86.ActiveCfg = Azure|Any CPU
		{3B882D71-EB35-4655-8425-E6952B3470DF}.Debug|Any CPU.ActiveCfg = Debug|Any CPU
		{3B882D71-EB35-4655-8425-E6952B3470DF}.Debug|Any CPU.Build.0 = Debug|Any CPU
		{3B882D71-EB35-4655-8425-E6952B3470DF}.Debug|ARM.ActiveCfg = Debug|Any CPU
		{3B882D71-EB35-4655-8425-E6952B3470DF}.Debug|iPhone.ActiveCfg = Debug|Any CPU
		{3B882D71-EB35-4655-8425-E6952B3470DF}.Debug|iPhoneSimulator.ActiveCfg = Debug|Any CPU
		{3B882D71-EB35-4655-8425-E6952B3470DF}.Debug|Mixed Platforms.ActiveCfg = Debug|Any CPU
		{3B882D71-EB35-4655-8425-E6952B3470DF}.Debug|Mixed Platforms.Build.0 = Debug|Any CPU
		{3B882D71-EB35-4655-8425-E6952B3470DF}.Debug|x64.ActiveCfg = Debug|Any CPU
		{3B882D71-EB35-4655-8425-E6952B3470DF}.Debug|x86.ActiveCfg = Debug|Any CPU
		{3B882D71-EB35-4655-8425-E6952B3470DF}.Release|Any CPU.ActiveCfg = Release|Any CPU
		{3B882D71-EB35-4655-8425-E6952B3470DF}.Release|Any CPU.Build.0 = Release|Any CPU
		{3B882D71-EB35-4655-8425-E6952B3470DF}.Release|ARM.ActiveCfg = Release|Any CPU
		{3B882D71-EB35-4655-8425-E6952B3470DF}.Release|iPhone.ActiveCfg = Release|Any CPU
		{3B882D71-EB35-4655-8425-E6952B3470DF}.Release|iPhoneSimulator.ActiveCfg = Release|Any CPU
		{3B882D71-EB35-4655-8425-E6952B3470DF}.Release|Mixed Platforms.ActiveCfg = Release|Any CPU
		{3B882D71-EB35-4655-8425-E6952B3470DF}.Release|Mixed Platforms.Build.0 = Release|Any CPU
		{3B882D71-EB35-4655-8425-E6952B3470DF}.Release|x64.ActiveCfg = Release|Any CPU
		{3B882D71-EB35-4655-8425-E6952B3470DF}.Release|x86.ActiveCfg = Release|Any CPU
		{67514387-8C88-477F-AD16-F24B32B69113}.Ad-Hoc|Any CPU.ActiveCfg = Release|Any CPU
		{67514387-8C88-477F-AD16-F24B32B69113}.Ad-Hoc|Any CPU.Build.0 = Release|Any CPU
		{67514387-8C88-477F-AD16-F24B32B69113}.Ad-Hoc|ARM.ActiveCfg = Release|Any CPU
		{67514387-8C88-477F-AD16-F24B32B69113}.Ad-Hoc|iPhone.ActiveCfg = Release|Any CPU
		{67514387-8C88-477F-AD16-F24B32B69113}.Ad-Hoc|iPhoneSimulator.ActiveCfg = Release|Any CPU
		{67514387-8C88-477F-AD16-F24B32B69113}.Ad-Hoc|Mixed Platforms.ActiveCfg = Release|Any CPU
		{67514387-8C88-477F-AD16-F24B32B69113}.Ad-Hoc|Mixed Platforms.Build.0 = Release|Any CPU
		{67514387-8C88-477F-AD16-F24B32B69113}.Ad-Hoc|x64.ActiveCfg = Release|Any CPU
		{67514387-8C88-477F-AD16-F24B32B69113}.Ad-Hoc|x86.ActiveCfg = Release|Any CPU
		{67514387-8C88-477F-AD16-F24B32B69113}.AppStore|Any CPU.ActiveCfg = Release|Any CPU
		{67514387-8C88-477F-AD16-F24B32B69113}.AppStore|Any CPU.Build.0 = Release|Any CPU
		{67514387-8C88-477F-AD16-F24B32B69113}.AppStore|ARM.ActiveCfg = Release|Any CPU
		{67514387-8C88-477F-AD16-F24B32B69113}.AppStore|iPhone.ActiveCfg = Release|Any CPU
		{67514387-8C88-477F-AD16-F24B32B69113}.AppStore|iPhoneSimulator.ActiveCfg = Release|Any CPU
		{67514387-8C88-477F-AD16-F24B32B69113}.AppStore|Mixed Platforms.ActiveCfg = Release|Any CPU
		{67514387-8C88-477F-AD16-F24B32B69113}.AppStore|Mixed Platforms.Build.0 = Release|Any CPU
		{67514387-8C88-477F-AD16-F24B32B69113}.AppStore|x64.ActiveCfg = Release|Any CPU
		{67514387-8C88-477F-AD16-F24B32B69113}.AppStore|x86.ActiveCfg = Release|Any CPU
		{67514387-8C88-477F-AD16-F24B32B69113}.Azure|Any CPU.ActiveCfg = Azure|Any CPU
		{67514387-8C88-477F-AD16-F24B32B69113}.Azure|Any CPU.Build.0 = Azure|Any CPU
		{67514387-8C88-477F-AD16-F24B32B69113}.Azure|ARM.ActiveCfg = Azure|Any CPU
		{67514387-8C88-477F-AD16-F24B32B69113}.Azure|iPhone.ActiveCfg = Azure|Any CPU
		{67514387-8C88-477F-AD16-F24B32B69113}.Azure|iPhoneSimulator.ActiveCfg = Azure|Any CPU
		{67514387-8C88-477F-AD16-F24B32B69113}.Azure|Mixed Platforms.ActiveCfg = Azure|Any CPU
		{67514387-8C88-477F-AD16-F24B32B69113}.Azure|Mixed Platforms.Build.0 = Azure|Any CPU
		{67514387-8C88-477F-AD16-F24B32B69113}.Azure|x64.ActiveCfg = Azure|Any CPU
		{67514387-8C88-477F-AD16-F24B32B69113}.Azure|x86.ActiveCfg = Azure|Any CPU
		{67514387-8C88-477F-AD16-F24B32B69113}.Debug|Any CPU.ActiveCfg = Debug|Any CPU
		{67514387-8C88-477F-AD16-F24B32B69113}.Debug|Any CPU.Build.0 = Debug|Any CPU
		{67514387-8C88-477F-AD16-F24B32B69113}.Debug|ARM.ActiveCfg = Debug|Any CPU
		{67514387-8C88-477F-AD16-F24B32B69113}.Debug|iPhone.ActiveCfg = Debug|Any CPU
		{67514387-8C88-477F-AD16-F24B32B69113}.Debug|iPhoneSimulator.ActiveCfg = Debug|Any CPU
		{67514387-8C88-477F-AD16-F24B32B69113}.Debug|Mixed Platforms.ActiveCfg = Debug|Any CPU
		{67514387-8C88-477F-AD16-F24B32B69113}.Debug|Mixed Platforms.Build.0 = Debug|Any CPU
		{67514387-8C88-477F-AD16-F24B32B69113}.Debug|x64.ActiveCfg = Debug|Any CPU
		{67514387-8C88-477F-AD16-F24B32B69113}.Debug|x86.ActiveCfg = Debug|Any CPU
		{67514387-8C88-477F-AD16-F24B32B69113}.Release|Any CPU.ActiveCfg = Release|Any CPU
		{67514387-8C88-477F-AD16-F24B32B69113}.Release|Any CPU.Build.0 = Release|Any CPU
		{67514387-8C88-477F-AD16-F24B32B69113}.Release|ARM.ActiveCfg = Release|Any CPU
		{67514387-8C88-477F-AD16-F24B32B69113}.Release|iPhone.ActiveCfg = Release|Any CPU
		{67514387-8C88-477F-AD16-F24B32B69113}.Release|iPhoneSimulator.ActiveCfg = Release|Any CPU
		{67514387-8C88-477F-AD16-F24B32B69113}.Release|Mixed Platforms.ActiveCfg = Release|Any CPU
		{67514387-8C88-477F-AD16-F24B32B69113}.Release|Mixed Platforms.Build.0 = Release|Any CPU
		{67514387-8C88-477F-AD16-F24B32B69113}.Release|x64.ActiveCfg = Release|Any CPU
		{67514387-8C88-477F-AD16-F24B32B69113}.Release|x86.ActiveCfg = Release|Any CPU
		{E740F915-A0FC-4C66-9FD3-1D9A0DDA527A}.Ad-Hoc|Any CPU.ActiveCfg = Release|Any CPU
		{E740F915-A0FC-4C66-9FD3-1D9A0DDA527A}.Ad-Hoc|Any CPU.Build.0 = Release|Any CPU
		{E740F915-A0FC-4C66-9FD3-1D9A0DDA527A}.Ad-Hoc|ARM.ActiveCfg = Release|Any CPU
		{E740F915-A0FC-4C66-9FD3-1D9A0DDA527A}.Ad-Hoc|iPhone.ActiveCfg = Release|Any CPU
		{E740F915-A0FC-4C66-9FD3-1D9A0DDA527A}.Ad-Hoc|iPhoneSimulator.ActiveCfg = Release|Any CPU
		{E740F915-A0FC-4C66-9FD3-1D9A0DDA527A}.Ad-Hoc|Mixed Platforms.ActiveCfg = Release|Any CPU
		{E740F915-A0FC-4C66-9FD3-1D9A0DDA527A}.Ad-Hoc|Mixed Platforms.Build.0 = Release|Any CPU
		{E740F915-A0FC-4C66-9FD3-1D9A0DDA527A}.Ad-Hoc|x64.ActiveCfg = Release|Any CPU
		{E740F915-A0FC-4C66-9FD3-1D9A0DDA527A}.Ad-Hoc|x86.ActiveCfg = Release|Any CPU
		{E740F915-A0FC-4C66-9FD3-1D9A0DDA527A}.AppStore|Any CPU.ActiveCfg = Release|Any CPU
		{E740F915-A0FC-4C66-9FD3-1D9A0DDA527A}.AppStore|Any CPU.Build.0 = Release|Any CPU
		{E740F915-A0FC-4C66-9FD3-1D9A0DDA527A}.AppStore|ARM.ActiveCfg = Release|Any CPU
		{E740F915-A0FC-4C66-9FD3-1D9A0DDA527A}.AppStore|iPhone.ActiveCfg = Release|Any CPU
		{E740F915-A0FC-4C66-9FD3-1D9A0DDA527A}.AppStore|iPhoneSimulator.ActiveCfg = Release|Any CPU
		{E740F915-A0FC-4C66-9FD3-1D9A0DDA527A}.AppStore|Mixed Platforms.ActiveCfg = Release|Any CPU
		{E740F915-A0FC-4C66-9FD3-1D9A0DDA527A}.AppStore|Mixed Platforms.Build.0 = Release|Any CPU
		{E740F915-A0FC-4C66-9FD3-1D9A0DDA527A}.AppStore|x64.ActiveCfg = Release|Any CPU
		{E740F915-A0FC-4C66-9FD3-1D9A0DDA527A}.AppStore|x86.ActiveCfg = Release|Any CPU
		{E740F915-A0FC-4C66-9FD3-1D9A0DDA527A}.Azure|Any CPU.ActiveCfg = Release|Any CPU
		{E740F915-A0FC-4C66-9FD3-1D9A0DDA527A}.Azure|Any CPU.Build.0 = Release|Any CPU
		{E740F915-A0FC-4C66-9FD3-1D9A0DDA527A}.Azure|ARM.ActiveCfg = Release|Any CPU
		{E740F915-A0FC-4C66-9FD3-1D9A0DDA527A}.Azure|iPhone.ActiveCfg = Release|Any CPU
		{E740F915-A0FC-4C66-9FD3-1D9A0DDA527A}.Azure|iPhoneSimulator.ActiveCfg = Release|Any CPU
		{E740F915-A0FC-4C66-9FD3-1D9A0DDA527A}.Azure|Mixed Platforms.ActiveCfg = Release|Any CPU
		{E740F915-A0FC-4C66-9FD3-1D9A0DDA527A}.Azure|Mixed Platforms.Build.0 = Release|Any CPU
		{E740F915-A0FC-4C66-9FD3-1D9A0DDA527A}.Azure|x64.ActiveCfg = Release|Any CPU
		{E740F915-A0FC-4C66-9FD3-1D9A0DDA527A}.Azure|x86.ActiveCfg = Release|Any CPU
		{E740F915-A0FC-4C66-9FD3-1D9A0DDA527A}.Debug|Any CPU.ActiveCfg = Debug|Any CPU
		{E740F915-A0FC-4C66-9FD3-1D9A0DDA527A}.Debug|Any CPU.Build.0 = Debug|Any CPU
		{E740F915-A0FC-4C66-9FD3-1D9A0DDA527A}.Debug|ARM.ActiveCfg = Debug|Any CPU
		{E740F915-A0FC-4C66-9FD3-1D9A0DDA527A}.Debug|iPhone.ActiveCfg = Debug|Any CPU
		{E740F915-A0FC-4C66-9FD3-1D9A0DDA527A}.Debug|iPhoneSimulator.ActiveCfg = Debug|Any CPU
		{E740F915-A0FC-4C66-9FD3-1D9A0DDA527A}.Debug|iPhoneSimulator.Build.0 = Debug|Any CPU
		{E740F915-A0FC-4C66-9FD3-1D9A0DDA527A}.Debug|Mixed Platforms.ActiveCfg = Debug|Any CPU
		{E740F915-A0FC-4C66-9FD3-1D9A0DDA527A}.Debug|Mixed Platforms.Build.0 = Debug|Any CPU
		{E740F915-A0FC-4C66-9FD3-1D9A0DDA527A}.Debug|x64.ActiveCfg = Debug|Any CPU
		{E740F915-A0FC-4C66-9FD3-1D9A0DDA527A}.Debug|x86.ActiveCfg = Debug|Any CPU
		{E740F915-A0FC-4C66-9FD3-1D9A0DDA527A}.Release|Any CPU.ActiveCfg = Release|Any CPU
		{E740F915-A0FC-4C66-9FD3-1D9A0DDA527A}.Release|Any CPU.Build.0 = Release|Any CPU
		{E740F915-A0FC-4C66-9FD3-1D9A0DDA527A}.Release|ARM.ActiveCfg = Release|Any CPU
		{E740F915-A0FC-4C66-9FD3-1D9A0DDA527A}.Release|iPhone.ActiveCfg = Release|Any CPU
		{E740F915-A0FC-4C66-9FD3-1D9A0DDA527A}.Release|iPhoneSimulator.ActiveCfg = Release|Any CPU
		{E740F915-A0FC-4C66-9FD3-1D9A0DDA527A}.Release|Mixed Platforms.ActiveCfg = Release|Any CPU
		{E740F915-A0FC-4C66-9FD3-1D9A0DDA527A}.Release|Mixed Platforms.Build.0 = Release|Any CPU
		{E740F915-A0FC-4C66-9FD3-1D9A0DDA527A}.Release|x64.ActiveCfg = Release|Any CPU
		{E740F915-A0FC-4C66-9FD3-1D9A0DDA527A}.Release|x86.ActiveCfg = Release|Any CPU
		{5F5402E5-BB3D-4E8E-B9E9-BD33972D7079}.Ad-Hoc|Any CPU.ActiveCfg = Release|Any CPU
		{5F5402E5-BB3D-4E8E-B9E9-BD33972D7079}.Ad-Hoc|Any CPU.Build.0 = Release|Any CPU
		{5F5402E5-BB3D-4E8E-B9E9-BD33972D7079}.Ad-Hoc|ARM.ActiveCfg = Release|ARM
		{5F5402E5-BB3D-4E8E-B9E9-BD33972D7079}.Ad-Hoc|ARM.Build.0 = Release|ARM
		{5F5402E5-BB3D-4E8E-B9E9-BD33972D7079}.Ad-Hoc|iPhone.ActiveCfg = Release|Any CPU
		{5F5402E5-BB3D-4E8E-B9E9-BD33972D7079}.Ad-Hoc|iPhoneSimulator.ActiveCfg = Release|Any CPU
		{5F5402E5-BB3D-4E8E-B9E9-BD33972D7079}.Ad-Hoc|Mixed Platforms.ActiveCfg = Release|x86
		{5F5402E5-BB3D-4E8E-B9E9-BD33972D7079}.Ad-Hoc|Mixed Platforms.Build.0 = Release|x86
		{5F5402E5-BB3D-4E8E-B9E9-BD33972D7079}.Ad-Hoc|x64.ActiveCfg = Release|Any CPU
		{5F5402E5-BB3D-4E8E-B9E9-BD33972D7079}.Ad-Hoc|x86.ActiveCfg = Release|x86
		{5F5402E5-BB3D-4E8E-B9E9-BD33972D7079}.Ad-Hoc|x86.Build.0 = Release|x86
		{5F5402E5-BB3D-4E8E-B9E9-BD33972D7079}.AppStore|Any CPU.ActiveCfg = Release|Any CPU
		{5F5402E5-BB3D-4E8E-B9E9-BD33972D7079}.AppStore|Any CPU.Build.0 = Release|Any CPU
		{5F5402E5-BB3D-4E8E-B9E9-BD33972D7079}.AppStore|ARM.ActiveCfg = Release|ARM
		{5F5402E5-BB3D-4E8E-B9E9-BD33972D7079}.AppStore|ARM.Build.0 = Release|ARM
		{5F5402E5-BB3D-4E8E-B9E9-BD33972D7079}.AppStore|iPhone.ActiveCfg = Release|Any CPU
		{5F5402E5-BB3D-4E8E-B9E9-BD33972D7079}.AppStore|iPhoneSimulator.ActiveCfg = Release|Any CPU
		{5F5402E5-BB3D-4E8E-B9E9-BD33972D7079}.AppStore|Mixed Platforms.ActiveCfg = Release|Any CPU
		{5F5402E5-BB3D-4E8E-B9E9-BD33972D7079}.AppStore|Mixed Platforms.Build.0 = Release|Any CPU
		{5F5402E5-BB3D-4E8E-B9E9-BD33972D7079}.AppStore|x64.ActiveCfg = Release|Any CPU
		{5F5402E5-BB3D-4E8E-B9E9-BD33972D7079}.AppStore|x86.ActiveCfg = Release|x86
		{5F5402E5-BB3D-4E8E-B9E9-BD33972D7079}.AppStore|x86.Build.0 = Release|x86
		{5F5402E5-BB3D-4E8E-B9E9-BD33972D7079}.Azure|Any CPU.ActiveCfg = Release|Any CPU
		{5F5402E5-BB3D-4E8E-B9E9-BD33972D7079}.Azure|Any CPU.Build.0 = Release|Any CPU
		{5F5402E5-BB3D-4E8E-B9E9-BD33972D7079}.Azure|ARM.ActiveCfg = Release|ARM
		{5F5402E5-BB3D-4E8E-B9E9-BD33972D7079}.Azure|ARM.Build.0 = Release|ARM
		{5F5402E5-BB3D-4E8E-B9E9-BD33972D7079}.Azure|iPhone.ActiveCfg = Release|Any CPU
		{5F5402E5-BB3D-4E8E-B9E9-BD33972D7079}.Azure|iPhoneSimulator.ActiveCfg = Release|Any CPU
		{5F5402E5-BB3D-4E8E-B9E9-BD33972D7079}.Azure|Mixed Platforms.ActiveCfg = Release|x86
		{5F5402E5-BB3D-4E8E-B9E9-BD33972D7079}.Azure|Mixed Platforms.Build.0 = Release|x86
		{5F5402E5-BB3D-4E8E-B9E9-BD33972D7079}.Azure|x64.ActiveCfg = Release|Any CPU
		{5F5402E5-BB3D-4E8E-B9E9-BD33972D7079}.Azure|x86.ActiveCfg = Release|x86
		{5F5402E5-BB3D-4E8E-B9E9-BD33972D7079}.Azure|x86.Build.0 = Release|x86
		{5F5402E5-BB3D-4E8E-B9E9-BD33972D7079}.Debug|Any CPU.ActiveCfg = Debug|Any CPU
		{5F5402E5-BB3D-4E8E-B9E9-BD33972D7079}.Debug|Any CPU.Build.0 = Debug|Any CPU
		{5F5402E5-BB3D-4E8E-B9E9-BD33972D7079}.Debug|ARM.ActiveCfg = Debug|ARM
		{5F5402E5-BB3D-4E8E-B9E9-BD33972D7079}.Debug|ARM.Build.0 = Debug|ARM
		{5F5402E5-BB3D-4E8E-B9E9-BD33972D7079}.Debug|iPhone.ActiveCfg = Debug|Any CPU
		{5F5402E5-BB3D-4E8E-B9E9-BD33972D7079}.Debug|iPhoneSimulator.ActiveCfg = Debug|Any CPU
		{5F5402E5-BB3D-4E8E-B9E9-BD33972D7079}.Debug|Mixed Platforms.ActiveCfg = Debug|Any CPU
		{5F5402E5-BB3D-4E8E-B9E9-BD33972D7079}.Debug|Mixed Platforms.Build.0 = Debug|Any CPU
		{5F5402E5-BB3D-4E8E-B9E9-BD33972D7079}.Debug|x64.ActiveCfg = Debug|Any CPU
		{5F5402E5-BB3D-4E8E-B9E9-BD33972D7079}.Debug|x86.ActiveCfg = Debug|x86
		{5F5402E5-BB3D-4E8E-B9E9-BD33972D7079}.Debug|x86.Build.0 = Debug|x86
		{5F5402E5-BB3D-4E8E-B9E9-BD33972D7079}.Release|Any CPU.ActiveCfg = Release|Any CPU
		{5F5402E5-BB3D-4E8E-B9E9-BD33972D7079}.Release|Any CPU.Build.0 = Release|Any CPU
		{5F5402E5-BB3D-4E8E-B9E9-BD33972D7079}.Release|ARM.ActiveCfg = Release|ARM
		{5F5402E5-BB3D-4E8E-B9E9-BD33972D7079}.Release|ARM.Build.0 = Release|ARM
		{5F5402E5-BB3D-4E8E-B9E9-BD33972D7079}.Release|iPhone.ActiveCfg = Release|Any CPU
		{5F5402E5-BB3D-4E8E-B9E9-BD33972D7079}.Release|iPhoneSimulator.ActiveCfg = Release|Any CPU
		{5F5402E5-BB3D-4E8E-B9E9-BD33972D7079}.Release|Mixed Platforms.ActiveCfg = Release|Any CPU
		{5F5402E5-BB3D-4E8E-B9E9-BD33972D7079}.Release|Mixed Platforms.Build.0 = Release|Any CPU
		{5F5402E5-BB3D-4E8E-B9E9-BD33972D7079}.Release|x64.ActiveCfg = Release|Any CPU
		{5F5402E5-BB3D-4E8E-B9E9-BD33972D7079}.Release|x86.ActiveCfg = Release|x86
		{5F5402E5-BB3D-4E8E-B9E9-BD33972D7079}.Release|x86.Build.0 = Release|x86
		{1C4B1284-5B72-4ADB-AC5B-739F778233BD}.Ad-Hoc|Any CPU.ActiveCfg = Release|Any CPU
		{1C4B1284-5B72-4ADB-AC5B-739F778233BD}.Ad-Hoc|Any CPU.Build.0 = Release|Any CPU
		{1C4B1284-5B72-4ADB-AC5B-739F778233BD}.Ad-Hoc|ARM.ActiveCfg = Release|Any CPU
		{1C4B1284-5B72-4ADB-AC5B-739F778233BD}.Ad-Hoc|iPhone.ActiveCfg = Release|Any CPU
		{1C4B1284-5B72-4ADB-AC5B-739F778233BD}.Ad-Hoc|iPhoneSimulator.ActiveCfg = Release|Any CPU
		{1C4B1284-5B72-4ADB-AC5B-739F778233BD}.Ad-Hoc|Mixed Platforms.ActiveCfg = Release|Any CPU
		{1C4B1284-5B72-4ADB-AC5B-739F778233BD}.Ad-Hoc|Mixed Platforms.Build.0 = Release|Any CPU
		{1C4B1284-5B72-4ADB-AC5B-739F778233BD}.Ad-Hoc|x64.ActiveCfg = Release|Any CPU
		{1C4B1284-5B72-4ADB-AC5B-739F778233BD}.Ad-Hoc|x86.ActiveCfg = Release|Any CPU
		{1C4B1284-5B72-4ADB-AC5B-739F778233BD}.AppStore|Any CPU.ActiveCfg = Release|Any CPU
		{1C4B1284-5B72-4ADB-AC5B-739F778233BD}.AppStore|Any CPU.Build.0 = Release|Any CPU
		{1C4B1284-5B72-4ADB-AC5B-739F778233BD}.AppStore|ARM.ActiveCfg = Release|Any CPU
		{1C4B1284-5B72-4ADB-AC5B-739F778233BD}.AppStore|iPhone.ActiveCfg = Release|Any CPU
		{1C4B1284-5B72-4ADB-AC5B-739F778233BD}.AppStore|iPhoneSimulator.ActiveCfg = Release|Any CPU
		{1C4B1284-5B72-4ADB-AC5B-739F778233BD}.AppStore|Mixed Platforms.ActiveCfg = Release|Any CPU
		{1C4B1284-5B72-4ADB-AC5B-739F778233BD}.AppStore|Mixed Platforms.Build.0 = Release|Any CPU
		{1C4B1284-5B72-4ADB-AC5B-739F778233BD}.AppStore|x64.ActiveCfg = Release|Any CPU
		{1C4B1284-5B72-4ADB-AC5B-739F778233BD}.AppStore|x86.ActiveCfg = Release|Any CPU
		{1C4B1284-5B72-4ADB-AC5B-739F778233BD}.Azure|Any CPU.ActiveCfg = Release|Any CPU
		{1C4B1284-5B72-4ADB-AC5B-739F778233BD}.Azure|Any CPU.Build.0 = Release|Any CPU
		{1C4B1284-5B72-4ADB-AC5B-739F778233BD}.Azure|ARM.ActiveCfg = Release|Any CPU
		{1C4B1284-5B72-4ADB-AC5B-739F778233BD}.Azure|iPhone.ActiveCfg = Release|Any CPU
		{1C4B1284-5B72-4ADB-AC5B-739F778233BD}.Azure|iPhoneSimulator.ActiveCfg = Release|Any CPU
		{1C4B1284-5B72-4ADB-AC5B-739F778233BD}.Azure|Mixed Platforms.ActiveCfg = Release|Any CPU
		{1C4B1284-5B72-4ADB-AC5B-739F778233BD}.Azure|Mixed Platforms.Build.0 = Release|Any CPU
		{1C4B1284-5B72-4ADB-AC5B-739F778233BD}.Azure|x64.ActiveCfg = Release|Any CPU
		{1C4B1284-5B72-4ADB-AC5B-739F778233BD}.Azure|x86.ActiveCfg = Release|Any CPU
		{1C4B1284-5B72-4ADB-AC5B-739F778233BD}.Debug|Any CPU.ActiveCfg = Debug|Any CPU
		{1C4B1284-5B72-4ADB-AC5B-739F778233BD}.Debug|Any CPU.Build.0 = Debug|Any CPU
		{1C4B1284-5B72-4ADB-AC5B-739F778233BD}.Debug|ARM.ActiveCfg = Debug|Any CPU
		{1C4B1284-5B72-4ADB-AC5B-739F778233BD}.Debug|iPhone.ActiveCfg = Debug|Any CPU
		{1C4B1284-5B72-4ADB-AC5B-739F778233BD}.Debug|iPhoneSimulator.ActiveCfg = Debug|Any CPU
		{1C4B1284-5B72-4ADB-AC5B-739F778233BD}.Debug|Mixed Platforms.ActiveCfg = Debug|Any CPU
		{1C4B1284-5B72-4ADB-AC5B-739F778233BD}.Debug|Mixed Platforms.Build.0 = Debug|Any CPU
		{1C4B1284-5B72-4ADB-AC5B-739F778233BD}.Debug|x64.ActiveCfg = Debug|Any CPU
		{1C4B1284-5B72-4ADB-AC5B-739F778233BD}.Debug|x86.ActiveCfg = Debug|Any CPU
		{1C4B1284-5B72-4ADB-AC5B-739F778233BD}.Release|Any CPU.ActiveCfg = Release|Any CPU
		{1C4B1284-5B72-4ADB-AC5B-739F778233BD}.Release|Any CPU.Build.0 = Release|Any CPU
		{1C4B1284-5B72-4ADB-AC5B-739F778233BD}.Release|ARM.ActiveCfg = Release|Any CPU
		{1C4B1284-5B72-4ADB-AC5B-739F778233BD}.Release|iPhone.ActiveCfg = Release|Any CPU
		{1C4B1284-5B72-4ADB-AC5B-739F778233BD}.Release|iPhoneSimulator.ActiveCfg = Release|Any CPU
		{1C4B1284-5B72-4ADB-AC5B-739F778233BD}.Release|Mixed Platforms.ActiveCfg = Release|Any CPU
		{1C4B1284-5B72-4ADB-AC5B-739F778233BD}.Release|Mixed Platforms.Build.0 = Release|Any CPU
		{1C4B1284-5B72-4ADB-AC5B-739F778233BD}.Release|x64.ActiveCfg = Release|Any CPU
		{1C4B1284-5B72-4ADB-AC5B-739F778233BD}.Release|x86.ActiveCfg = Release|Any CPU
		{B954641C-4CB7-4505-BAE3-B69A91A0801F}.Ad-Hoc|Any CPU.ActiveCfg = Release|Any CPU
		{B954641C-4CB7-4505-BAE3-B69A91A0801F}.Ad-Hoc|Any CPU.Build.0 = Release|Any CPU
		{B954641C-4CB7-4505-BAE3-B69A91A0801F}.Ad-Hoc|ARM.ActiveCfg = Release|Any CPU
		{B954641C-4CB7-4505-BAE3-B69A91A0801F}.Ad-Hoc|iPhone.ActiveCfg = Release|Any CPU
		{B954641C-4CB7-4505-BAE3-B69A91A0801F}.Ad-Hoc|iPhoneSimulator.ActiveCfg = Release|Any CPU
		{B954641C-4CB7-4505-BAE3-B69A91A0801F}.Ad-Hoc|Mixed Platforms.ActiveCfg = Release|Any CPU
		{B954641C-4CB7-4505-BAE3-B69A91A0801F}.Ad-Hoc|Mixed Platforms.Build.0 = Release|Any CPU
		{B954641C-4CB7-4505-BAE3-B69A91A0801F}.Ad-Hoc|x64.ActiveCfg = Release|Any CPU
		{B954641C-4CB7-4505-BAE3-B69A91A0801F}.Ad-Hoc|x86.ActiveCfg = Release|Any CPU
		{B954641C-4CB7-4505-BAE3-B69A91A0801F}.AppStore|Any CPU.ActiveCfg = Release|Any CPU
		{B954641C-4CB7-4505-BAE3-B69A91A0801F}.AppStore|Any CPU.Build.0 = Release|Any CPU
		{B954641C-4CB7-4505-BAE3-B69A91A0801F}.AppStore|ARM.ActiveCfg = Release|Any CPU
		{B954641C-4CB7-4505-BAE3-B69A91A0801F}.AppStore|iPhone.ActiveCfg = Release|Any CPU
		{B954641C-4CB7-4505-BAE3-B69A91A0801F}.AppStore|iPhoneSimulator.ActiveCfg = Release|Any CPU
		{B954641C-4CB7-4505-BAE3-B69A91A0801F}.AppStore|Mixed Platforms.ActiveCfg = Release|Any CPU
		{B954641C-4CB7-4505-BAE3-B69A91A0801F}.AppStore|Mixed Platforms.Build.0 = Release|Any CPU
		{B954641C-4CB7-4505-BAE3-B69A91A0801F}.AppStore|x64.ActiveCfg = Release|Any CPU
		{B954641C-4CB7-4505-BAE3-B69A91A0801F}.AppStore|x86.ActiveCfg = Release|Any CPU
		{B954641C-4CB7-4505-BAE3-B69A91A0801F}.Azure|Any CPU.ActiveCfg = Release|Any CPU
		{B954641C-4CB7-4505-BAE3-B69A91A0801F}.Azure|Any CPU.Build.0 = Release|Any CPU
		{B954641C-4CB7-4505-BAE3-B69A91A0801F}.Azure|ARM.ActiveCfg = Release|Any CPU
		{B954641C-4CB7-4505-BAE3-B69A91A0801F}.Azure|iPhone.ActiveCfg = Release|Any CPU
		{B954641C-4CB7-4505-BAE3-B69A91A0801F}.Azure|iPhoneSimulator.ActiveCfg = Release|Any CPU
		{B954641C-4CB7-4505-BAE3-B69A91A0801F}.Azure|Mixed Platforms.ActiveCfg = Release|Any CPU
		{B954641C-4CB7-4505-BAE3-B69A91A0801F}.Azure|Mixed Platforms.Build.0 = Release|Any CPU
		{B954641C-4CB7-4505-BAE3-B69A91A0801F}.Azure|x64.ActiveCfg = Release|Any CPU
		{B954641C-4CB7-4505-BAE3-B69A91A0801F}.Azure|x86.ActiveCfg = Release|Any CPU
		{B954641C-4CB7-4505-BAE3-B69A91A0801F}.Debug|Any CPU.ActiveCfg = Debug|Any CPU
		{B954641C-4CB7-4505-BAE3-B69A91A0801F}.Debug|Any CPU.Build.0 = Debug|Any CPU
		{B954641C-4CB7-4505-BAE3-B69A91A0801F}.Debug|ARM.ActiveCfg = Debug|Any CPU
		{B954641C-4CB7-4505-BAE3-B69A91A0801F}.Debug|iPhone.ActiveCfg = Debug|Any CPU
		{B954641C-4CB7-4505-BAE3-B69A91A0801F}.Debug|iPhoneSimulator.ActiveCfg = Debug|Any CPU
		{B954641C-4CB7-4505-BAE3-B69A91A0801F}.Debug|Mixed Platforms.ActiveCfg = Debug|Any CPU
		{B954641C-4CB7-4505-BAE3-B69A91A0801F}.Debug|Mixed Platforms.Build.0 = Debug|Any CPU
		{B954641C-4CB7-4505-BAE3-B69A91A0801F}.Debug|x64.ActiveCfg = Debug|Any CPU
		{B954641C-4CB7-4505-BAE3-B69A91A0801F}.Debug|x86.ActiveCfg = Debug|Any CPU
		{B954641C-4CB7-4505-BAE3-B69A91A0801F}.Release|Any CPU.ActiveCfg = Release|Any CPU
		{B954641C-4CB7-4505-BAE3-B69A91A0801F}.Release|Any CPU.Build.0 = Release|Any CPU
		{B954641C-4CB7-4505-BAE3-B69A91A0801F}.Release|ARM.ActiveCfg = Release|Any CPU
		{B954641C-4CB7-4505-BAE3-B69A91A0801F}.Release|iPhone.ActiveCfg = Release|Any CPU
		{B954641C-4CB7-4505-BAE3-B69A91A0801F}.Release|iPhoneSimulator.ActiveCfg = Release|Any CPU
		{B954641C-4CB7-4505-BAE3-B69A91A0801F}.Release|Mixed Platforms.ActiveCfg = Release|Any CPU
		{B954641C-4CB7-4505-BAE3-B69A91A0801F}.Release|Mixed Platforms.Build.0 = Release|Any CPU
		{B954641C-4CB7-4505-BAE3-B69A91A0801F}.Release|x64.ActiveCfg = Release|Any CPU
		{B954641C-4CB7-4505-BAE3-B69A91A0801F}.Release|x86.ActiveCfg = Release|Any CPU
	EndGlobalSection
	GlobalSection(SolutionProperties) = preSolution
		HideSolutionNode = FALSE
	EndGlobalSection
	GlobalSection(NestedProjects) = preSolution
		{E029F24D-8594-4954-892D-D640D6053406} = {E9367F9D-6B14-4D1B-9459-92B856BDEFB8}
		{DF554F47-8B32-4909-A7D7-D2A065A3CDFD} = {E9367F9D-6B14-4D1B-9459-92B856BDEFB8}
		{9777E8AA-DC00-4A9E-9F0D-6EB27C4D16E5} = {E9367F9D-6B14-4D1B-9459-92B856BDEFB8}
		{107BDD73-1C52-4E9B-8F31-A301CF711DD9} = {E9367F9D-6B14-4D1B-9459-92B856BDEFB8}
		{7A5BC41C-D08E-473B-880B-060FFE34DDB3} = {E9367F9D-6B14-4D1B-9459-92B856BDEFB8}
		{3FC7F8B8-D305-49D5-A74B-9CF20D6DB843} = {E9367F9D-6B14-4D1B-9459-92B856BDEFB8}
		{5F5402E5-BB3D-4E8E-B9E9-BD33972D7079} = {E9367F9D-6B14-4D1B-9459-92B856BDEFB8}
		{1439B0EC-5C15-4B18-B4EB-8A2787ABDFDE} = {84C5105E-C6EB-4033-9F70-B06872022C30}
		{85810EC4-3E4F-4A31-8379-8BF73CDD7C01} = {870D06DF-71B0-4BC3-AD8C-BB60AD91F286}
		{547357F1-C960-4849-9941-E725B0133C8D} = {870D06DF-71B0-4BC3-AD8C-BB60AD91F286}
		{0C4A402D-79BE-432E-9BCF-081A8C7FF655} = {870D06DF-71B0-4BC3-AD8C-BB60AD91F286}
		{1749F752-2DEB-4C4D-A49D-D389783C03A9} = {870D06DF-71B0-4BC3-AD8C-BB60AD91F286}
		{0DB3210F-005E-4F7F-8405-306D95502EF5} = {870D06DF-71B0-4BC3-AD8C-BB60AD91F286}
		{1C4B1284-5B72-4ADB-AC5B-739F778233BD} = {870D06DF-71B0-4BC3-AD8C-BB60AD91F286}
		{9EA76D9B-507A-4F77-A73F-8FE92B150EBC} = {02F6B2E8-EC23-4068-ADFC-C47A6D163EA1}
		{7C6925BC-F644-4D3E-9C66-F1593ECBF522} = {08619637-F9C2-41FE-841F-CF0AC5EAC7BA}
		{3B882D71-EB35-4655-8425-E6952B3470DF} = {08619637-F9C2-41FE-841F-CF0AC5EAC7BA}
		{67514387-8C88-477F-AD16-F24B32B69113} = {08619637-F9C2-41FE-841F-CF0AC5EAC7BA}
		{E740F915-A0FC-4C66-9FD3-1D9A0DDA527A} = {79ABAD87-AD11-40FC-B025-C98A880A4D50}
		{B954641C-4CB7-4505-BAE3-B69A91A0801F} = {79ABAD87-AD11-40FC-B025-C98A880A4D50}
	EndGlobalSection
	GlobalSection(MonoDevelopProperties) = preSolution
		StartupItem = UI\TekConf.UI.iPhone\TekConf.UI.iPhone.csproj
	EndGlobalSection
EndGlobal
