
Microsoft Visual Studio Solution File, Format Version 12.00
# Visual Studio 2012
Project("{FAE04EC0-301F-11D3-BF4B-00C04F79EFBC}") = "HttpClientPortable.Core", "HttpClientPortable.Core\HttpClientPortable.Core.csproj", "{1553C847-D579-4DFE-8BFD-AA1A894C3B93}"
EndProject
Project("{FAE04EC0-301F-11D3-BF4B-00C04F79EFBC}") = "HttpClientPortable.Touch", "HttpClientPortable.Touch\HttpClientPortable.Touch.csproj", "{03A23080-3645-4BB6-8776-A640A885CD63}"
EndProject
Global
	GlobalSection(SolutionConfigurationPlatforms) = preSolution
		Ad-Hoc|Any CPU = Ad-Hoc|Any CPU
		Ad-Hoc|iPhone = Ad-Hoc|iPhone
		Ad-Hoc|iPhoneSimulator = Ad-Hoc|iPhoneSimulator
		AppStore|Any CPU = AppStore|Any CPU
		AppStore|iPhone = AppStore|iPhone
		AppStore|iPhoneSimulator = AppStore|iPhoneSimulator
		Debug|Any CPU = Debug|Any CPU
		Debug|iPhone = Debug|iPhone
		Debug|iPhoneSimulator = Debug|iPhoneSimulator
		Release|Any CPU = Release|Any CPU
		Release|iPhone = Release|iPhone
		Release|iPhoneSimulator = Release|iPhoneSimulator
	EndGlobalSection
	GlobalSection(ProjectConfigurationPlatforms) = postSolution
		{1553C847-D579-4DFE-8BFD-AA1A894C3B93}.Ad-Hoc|Any CPU.ActiveCfg = Release|Any CPU
		{1553C847-D579-4DFE-8BFD-AA1A894C3B93}.Ad-Hoc|Any CPU.Build.0 = Release|Any CPU
		{1553C847-D579-4DFE-8BFD-AA1A894C3B93}.Ad-Hoc|iPhone.ActiveCfg = Debug|Any CPU
		{1553C847-D579-4DFE-8BFD-AA1A894C3B93}.Ad-Hoc|iPhone.Build.0 = Debug|Any CPU
		{1553C847-D579-4DFE-8BFD-AA1A894C3B93}.Ad-Hoc|iPhoneSimulator.ActiveCfg = Release|Any CPU
		{1553C847-D579-4DFE-8BFD-AA1A894C3B93}.AppStore|Any CPU.ActiveCfg = Release|Any CPU
		{1553C847-D579-4DFE-8BFD-AA1A894C3B93}.AppStore|Any CPU.Build.0 = Release|Any CPU
		{1553C847-D579-4DFE-8BFD-AA1A894C3B93}.AppStore|iPhone.ActiveCfg = Debug|Any CPU
		{1553C847-D579-4DFE-8BFD-AA1A894C3B93}.AppStore|iPhone.Build.0 = Debug|Any CPU
		{1553C847-D579-4DFE-8BFD-AA1A894C3B93}.AppStore|iPhoneSimulator.ActiveCfg = Release|Any CPU
		{1553C847-D579-4DFE-8BFD-AA1A894C3B93}.Debug|Any CPU.ActiveCfg = Debug|Any CPU
		{1553C847-D579-4DFE-8BFD-AA1A894C3B93}.Debug|Any CPU.Build.0 = Debug|Any CPU
		{1553C847-D579-4DFE-8BFD-AA1A894C3B93}.Debug|iPhone.ActiveCfg = Debug|Any CPU
		{1553C847-D579-4DFE-8BFD-AA1A894C3B93}.Debug|iPhone.Build.0 = Debug|Any CPU
		{1553C847-D579-4DFE-8BFD-AA1A894C3B93}.Debug|iPhoneSimulator.ActiveCfg = Debug|Any CPU
		{1553C847-D579-4DFE-8BFD-AA1A894C3B93}.Debug|iPhoneSimulator.Build.0 = Debug|Any CPU
		{1553C847-D579-4DFE-8BFD-AA1A894C3B93}.Release|Any CPU.ActiveCfg = Release|Any CPU
		{1553C847-D579-4DFE-8BFD-AA1A894C3B93}.Release|Any CPU.Build.0 = Release|Any CPU
		{1553C847-D579-4DFE-8BFD-AA1A894C3B93}.Release|iPhone.ActiveCfg = Release|Any CPU
		{1553C847-D579-4DFE-8BFD-AA1A894C3B93}.Release|iPhone.Build.0 = Release|Any CPU
		{1553C847-D579-4DFE-8BFD-AA1A894C3B93}.Release|iPhoneSimulator.ActiveCfg = Release|Any CPU
		{1553C847-D579-4DFE-8BFD-AA1A894C3B93}.Release|iPhoneSimulator.Build.0 = Release|Any CPU
		{03A23080-3645-4BB6-8776-A640A885CD63}.Ad-Hoc|Any CPU.ActiveCfg = Ad-Hoc|iPhoneSimulator
		{03A23080-3645-4BB6-8776-A640A885CD63}.Ad-Hoc|iPhone.ActiveCfg = Ad-Hoc|iPhone
		{03A23080-3645-4BB6-8776-A640A885CD63}.Ad-Hoc|iPhone.Build.0 = Ad-Hoc|iPhone
		{03A23080-3645-4BB6-8776-A640A885CD63}.Ad-Hoc|iPhoneSimulator.ActiveCfg = Ad-Hoc|iPhoneSimulator
		{03A23080-3645-4BB6-8776-A640A885CD63}.Ad-Hoc|iPhoneSimulator.Build.0 = Ad-Hoc|iPhoneSimulator
		{03A23080-3645-4BB6-8776-A640A885CD63}.AppStore|Any CPU.ActiveCfg = AppStore|iPhoneSimulator
		{03A23080-3645-4BB6-8776-A640A885CD63}.AppStore|iPhone.ActiveCfg = AppStore|iPhone
		{03A23080-3645-4BB6-8776-A640A885CD63}.AppStore|iPhone.Build.0 = AppStore|iPhone
		{03A23080-3645-4BB6-8776-A640A885CD63}.AppStore|iPhoneSimulator.ActiveCfg = AppStore|iPhoneSimulator
		{03A23080-3645-4BB6-8776-A640A885CD63}.AppStore|iPhoneSimulator.Build.0 = AppStore|iPhoneSimulator
		{03A23080-3645-4BB6-8776-A640A885CD63}.Debug|Any CPU.ActiveCfg = Debug|iPhoneSimulator
		{03A23080-3645-4BB6-8776-A640A885CD63}.Debug|Any CPU.Build.0 = Debug|iPhoneSimulator
		{03A23080-3645-4BB6-8776-A640A885CD63}.Debug|iPhone.ActiveCfg = Debug|iPhone
		{03A23080-3645-4BB6-8776-A640A885CD63}.Debug|iPhone.Build.0 = Debug|iPhone
		{03A23080-3645-4BB6-8776-A640A885CD63}.Debug|iPhoneSimulator.ActiveCfg = Debug|iPhoneSimulator
		{03A23080-3645-4BB6-8776-A640A885CD63}.Debug|iPhoneSimulator.Build.0 = Debug|iPhoneSimulator
		{03A23080-3645-4BB6-8776-A640A885CD63}.Release|Any CPU.ActiveCfg = Release|iPhoneSimulator
		{03A23080-3645-4BB6-8776-A640A885CD63}.Release|Any CPU.Build.0 = Release|iPhoneSimulator
		{03A23080-3645-4BB6-8776-A640A885CD63}.Release|iPhone.ActiveCfg = Release|iPhone
		{03A23080-3645-4BB6-8776-A640A885CD63}.Release|iPhone.Build.0 = Release|iPhone
		{03A23080-3645-4BB6-8776-A640A885CD63}.Release|iPhoneSimulator.ActiveCfg = Release|iPhoneSimulator
		{03A23080-3645-4BB6-8776-A640A885CD63}.Release|iPhoneSimulator.Build.0 = Release|iPhoneSimulator
	EndGlobalSection
	GlobalSection(SolutionProperties) = preSolution
		HideSolutionNode = FALSE
	EndGlobalSection
	GlobalSection(MonoDevelopProperties) = preSolution
		StartupItem = HttpClientPortable.Touch\HttpClientPortable.Touch.csproj
	EndGlobalSection
EndGlobal
