
Microsoft Visual Studio Solution File, Format Version 12.00
# Visual Studio 14
VisualStudioVersion = 14.0.25420.1
MinimumVisualStudioVersion = 10.0.40219.1
Project("{FAE04EC0-301F-11D3-BF4B-00C04F79EFBC}") = "tekconf.api", "tekconf.api\tekconf.api.csproj", "{3E1B648E-C3F9-493A-80FC-7204E62CC179}"
EndProject
Project("{2150E333-8FDC-42A3-9474-1A3956D46DE8}") = "Api", "Api", "{B5523A5B-DCC0-4738-9485-3296B088F9FA}"
EndProject
Project("{2150E333-8FDC-42A3-9474-1A3956D46DE8}") = "Mobile", "Mobile", "{1975DCAA-09DF-4873-9B5D-E933444290DC}"
EndProject
Project("{FAE04EC0-301F-11D3-BF4B-00C04F79EFBC}") = "tekconf.mobile", "tekconf.mobile\tekconf.mobile\tekconf.mobile.csproj", "{5F265BF0-27F7-401C-835C-0ADC0BE75B9A}"
EndProject
Project("{FAE04EC0-301F-11D3-BF4B-00C04F79EFBC}") = "tekconf.mobile.Droid", "tekconf.mobile\tekconf.mobile.Droid\tekconf.mobile.Droid.csproj", "{C3EB626A-1BCC-4633-AF38-247D9C253130}"
EndProject
Project("{FAE04EC0-301F-11D3-BF4B-00C04F79EFBC}") = "tekconf.mobile.iOS", "tekconf.mobile\tekconf.mobile.iOS\tekconf.mobile.iOS.csproj", "{1F7CA5DF-C779-438D-8520-849E4DB649CC}"
EndProject
Project("{FAE04EC0-301F-11D3-BF4B-00C04F79EFBC}") = "tekconf.mobile.UWP", "tekconf.mobile\tekconf.mobile.UWP\tekconf.mobile.UWP.csproj", "{4161906A-6431-4F73-921D-47A342824034}"
EndProject
Project("{FAE04EC0-301F-11D3-BF4B-00C04F79EFBC}") = "tekconf.mobile.Windows", "tekconf.mobile\tekconf.mobile.Windows\tekconf.mobile.Windows.csproj", "{B5C80612-756C-4ECA-B2FE-1D4F8ED0AE37}"
EndProject
Project("{FAE04EC0-301F-11D3-BF4B-00C04F79EFBC}") = "tekconf.mobile.WinPhone", "tekconf.mobile\tekconf.mobile.WinPhone\tekconf.mobile.WinPhone.csproj", "{5CA30DA6-674D-4E72-A108-C55C859866FB}"
EndProject
Project("{FAE04EC0-301F-11D3-BF4B-00C04F79EFBC}") = "tekconf.mobile.core", "tekconf.mobile\tekconf.mobile.core\tekconf.mobile.core.csproj", "{C75A1D54-AEC8-4352-ADE1-502356F03CCA}"
EndProject
Global
	GlobalSection(SolutionConfigurationPlatforms) = preSolution
		Ad-Hoc|Any CPU = Ad-Hoc|Any CPU
		Ad-Hoc|ARM = Ad-Hoc|ARM
		Ad-Hoc|iPhone = Ad-Hoc|iPhone
		Ad-Hoc|iPhoneSimulator = Ad-Hoc|iPhoneSimulator
		Ad-Hoc|x64 = Ad-Hoc|x64
		Ad-Hoc|x86 = Ad-Hoc|x86
		AppStore|Any CPU = AppStore|Any CPU
		AppStore|ARM = AppStore|ARM
		AppStore|iPhone = AppStore|iPhone
		AppStore|iPhoneSimulator = AppStore|iPhoneSimulator
		AppStore|x64 = AppStore|x64
		AppStore|x86 = AppStore|x86
		Debug|Any CPU = Debug|Any CPU
		Debug|ARM = Debug|ARM
		Debug|iPhone = Debug|iPhone
		Debug|iPhoneSimulator = Debug|iPhoneSimulator
		Debug|x64 = Debug|x64
		Debug|x86 = Debug|x86
		Release|Any CPU = Release|Any CPU
		Release|ARM = Release|ARM
		Release|iPhone = Release|iPhone
		Release|iPhoneSimulator = Release|iPhoneSimulator
		Release|x64 = Release|x64
		Release|x86 = Release|x86
	EndGlobalSection
	GlobalSection(ProjectConfigurationPlatforms) = postSolution
		{3E1B648E-C3F9-493A-80FC-7204E62CC179}.Ad-Hoc|Any CPU.ActiveCfg = Release|Any CPU
		{3E1B648E-C3F9-493A-80FC-7204E62CC179}.Ad-Hoc|Any CPU.Build.0 = Release|Any CPU
		{3E1B648E-C3F9-493A-80FC-7204E62CC179}.Ad-Hoc|ARM.ActiveCfg = Release|Any CPU
		{3E1B648E-C3F9-493A-80FC-7204E62CC179}.Ad-Hoc|ARM.Build.0 = Release|Any CPU
		{3E1B648E-C3F9-493A-80FC-7204E62CC179}.Ad-Hoc|iPhone.ActiveCfg = Release|Any CPU
		{3E1B648E-C3F9-493A-80FC-7204E62CC179}.Ad-Hoc|iPhone.Build.0 = Release|Any CPU
		{3E1B648E-C3F9-493A-80FC-7204E62CC179}.Ad-Hoc|iPhoneSimulator.ActiveCfg = Release|Any CPU
		{3E1B648E-C3F9-493A-80FC-7204E62CC179}.Ad-Hoc|iPhoneSimulator.Build.0 = Release|Any CPU
		{3E1B648E-C3F9-493A-80FC-7204E62CC179}.Ad-Hoc|x64.ActiveCfg = Release|Any CPU
		{3E1B648E-C3F9-493A-80FC-7204E62CC179}.Ad-Hoc|x64.Build.0 = Release|Any CPU
		{3E1B648E-C3F9-493A-80FC-7204E62CC179}.Ad-Hoc|x86.ActiveCfg = Release|Any CPU
		{3E1B648E-C3F9-493A-80FC-7204E62CC179}.Ad-Hoc|x86.Build.0 = Release|Any CPU
		{3E1B648E-C3F9-493A-80FC-7204E62CC179}.AppStore|Any CPU.ActiveCfg = Release|Any CPU
		{3E1B648E-C3F9-493A-80FC-7204E62CC179}.AppStore|Any CPU.Build.0 = Release|Any CPU
		{3E1B648E-C3F9-493A-80FC-7204E62CC179}.AppStore|ARM.ActiveCfg = Release|Any CPU
		{3E1B648E-C3F9-493A-80FC-7204E62CC179}.AppStore|ARM.Build.0 = Release|Any CPU
		{3E1B648E-C3F9-493A-80FC-7204E62CC179}.AppStore|iPhone.ActiveCfg = Release|Any CPU
		{3E1B648E-C3F9-493A-80FC-7204E62CC179}.AppStore|iPhone.Build.0 = Release|Any CPU
		{3E1B648E-C3F9-493A-80FC-7204E62CC179}.AppStore|iPhoneSimulator.ActiveCfg = Release|Any CPU
		{3E1B648E-C3F9-493A-80FC-7204E62CC179}.AppStore|iPhoneSimulator.Build.0 = Release|Any CPU
		{3E1B648E-C3F9-493A-80FC-7204E62CC179}.AppStore|x64.ActiveCfg = Release|Any CPU
		{3E1B648E-C3F9-493A-80FC-7204E62CC179}.AppStore|x64.Build.0 = Release|Any CPU
		{3E1B648E-C3F9-493A-80FC-7204E62CC179}.AppStore|x86.ActiveCfg = Release|Any CPU
		{3E1B648E-C3F9-493A-80FC-7204E62CC179}.AppStore|x86.Build.0 = Release|Any CPU
		{3E1B648E-C3F9-493A-80FC-7204E62CC179}.Debug|Any CPU.ActiveCfg = Debug|Any CPU
		{3E1B648E-C3F9-493A-80FC-7204E62CC179}.Debug|Any CPU.Build.0 = Debug|Any CPU
		{3E1B648E-C3F9-493A-80FC-7204E62CC179}.Debug|ARM.ActiveCfg = Debug|Any CPU
		{3E1B648E-C3F9-493A-80FC-7204E62CC179}.Debug|ARM.Build.0 = Debug|Any CPU
		{3E1B648E-C3F9-493A-80FC-7204E62CC179}.Debug|iPhone.ActiveCfg = Debug|Any CPU
		{3E1B648E-C3F9-493A-80FC-7204E62CC179}.Debug|iPhone.Build.0 = Debug|Any CPU
		{3E1B648E-C3F9-493A-80FC-7204E62CC179}.Debug|iPhoneSimulator.ActiveCfg = Debug|Any CPU
		{3E1B648E-C3F9-493A-80FC-7204E62CC179}.Debug|iPhoneSimulator.Build.0 = Debug|Any CPU
		{3E1B648E-C3F9-493A-80FC-7204E62CC179}.Debug|x64.ActiveCfg = Debug|Any CPU
		{3E1B648E-C3F9-493A-80FC-7204E62CC179}.Debug|x64.Build.0 = Debug|Any CPU
		{3E1B648E-C3F9-493A-80FC-7204E62CC179}.Debug|x86.ActiveCfg = Debug|Any CPU
		{3E1B648E-C3F9-493A-80FC-7204E62CC179}.Debug|x86.Build.0 = Debug|Any CPU
		{3E1B648E-C3F9-493A-80FC-7204E62CC179}.Release|Any CPU.ActiveCfg = Release|Any CPU
		{3E1B648E-C3F9-493A-80FC-7204E62CC179}.Release|Any CPU.Build.0 = Release|Any CPU
		{3E1B648E-C3F9-493A-80FC-7204E62CC179}.Release|ARM.ActiveCfg = Release|Any CPU
		{3E1B648E-C3F9-493A-80FC-7204E62CC179}.Release|ARM.Build.0 = Release|Any CPU
		{3E1B648E-C3F9-493A-80FC-7204E62CC179}.Release|iPhone.ActiveCfg = Release|Any CPU
		{3E1B648E-C3F9-493A-80FC-7204E62CC179}.Release|iPhone.Build.0 = Release|Any CPU
		{3E1B648E-C3F9-493A-80FC-7204E62CC179}.Release|iPhoneSimulator.ActiveCfg = Release|Any CPU
		{3E1B648E-C3F9-493A-80FC-7204E62CC179}.Release|iPhoneSimulator.Build.0 = Release|Any CPU
		{3E1B648E-C3F9-493A-80FC-7204E62CC179}.Release|x64.ActiveCfg = Release|Any CPU
		{3E1B648E-C3F9-493A-80FC-7204E62CC179}.Release|x64.Build.0 = Release|Any CPU
		{3E1B648E-C3F9-493A-80FC-7204E62CC179}.Release|x86.ActiveCfg = Release|Any CPU
		{3E1B648E-C3F9-493A-80FC-7204E62CC179}.Release|x86.Build.0 = Release|Any CPU
		{5F265BF0-27F7-401C-835C-0ADC0BE75B9A}.Ad-Hoc|Any CPU.ActiveCfg = Release|Any CPU
		{5F265BF0-27F7-401C-835C-0ADC0BE75B9A}.Ad-Hoc|Any CPU.Build.0 = Release|Any CPU
		{5F265BF0-27F7-401C-835C-0ADC0BE75B9A}.Ad-Hoc|ARM.ActiveCfg = Release|Any CPU
		{5F265BF0-27F7-401C-835C-0ADC0BE75B9A}.Ad-Hoc|ARM.Build.0 = Release|Any CPU
		{5F265BF0-27F7-401C-835C-0ADC0BE75B9A}.Ad-Hoc|iPhone.ActiveCfg = Release|Any CPU
		{5F265BF0-27F7-401C-835C-0ADC0BE75B9A}.Ad-Hoc|iPhone.Build.0 = Release|Any CPU
		{5F265BF0-27F7-401C-835C-0ADC0BE75B9A}.Ad-Hoc|iPhoneSimulator.ActiveCfg = Release|Any CPU
		{5F265BF0-27F7-401C-835C-0ADC0BE75B9A}.Ad-Hoc|iPhoneSimulator.Build.0 = Release|Any CPU
		{5F265BF0-27F7-401C-835C-0ADC0BE75B9A}.Ad-Hoc|x64.ActiveCfg = Release|Any CPU
		{5F265BF0-27F7-401C-835C-0ADC0BE75B9A}.Ad-Hoc|x64.Build.0 = Release|Any CPU
		{5F265BF0-27F7-401C-835C-0ADC0BE75B9A}.Ad-Hoc|x86.ActiveCfg = Release|Any CPU
		{5F265BF0-27F7-401C-835C-0ADC0BE75B9A}.Ad-Hoc|x86.Build.0 = Release|Any CPU
		{5F265BF0-27F7-401C-835C-0ADC0BE75B9A}.AppStore|Any CPU.ActiveCfg = Release|Any CPU
		{5F265BF0-27F7-401C-835C-0ADC0BE75B9A}.AppStore|Any CPU.Build.0 = Release|Any CPU
		{5F265BF0-27F7-401C-835C-0ADC0BE75B9A}.AppStore|ARM.ActiveCfg = Release|Any CPU
		{5F265BF0-27F7-401C-835C-0ADC0BE75B9A}.AppStore|ARM.Build.0 = Release|Any CPU
		{5F265BF0-27F7-401C-835C-0ADC0BE75B9A}.AppStore|iPhone.ActiveCfg = Release|Any CPU
		{5F265BF0-27F7-401C-835C-0ADC0BE75B9A}.AppStore|iPhone.Build.0 = Release|Any CPU
		{5F265BF0-27F7-401C-835C-0ADC0BE75B9A}.AppStore|iPhoneSimulator.ActiveCfg = Release|Any CPU
		{5F265BF0-27F7-401C-835C-0ADC0BE75B9A}.AppStore|iPhoneSimulator.Build.0 = Release|Any CPU
		{5F265BF0-27F7-401C-835C-0ADC0BE75B9A}.AppStore|x64.ActiveCfg = Release|Any CPU
		{5F265BF0-27F7-401C-835C-0ADC0BE75B9A}.AppStore|x64.Build.0 = Release|Any CPU
		{5F265BF0-27F7-401C-835C-0ADC0BE75B9A}.AppStore|x86.ActiveCfg = Release|Any CPU
		{5F265BF0-27F7-401C-835C-0ADC0BE75B9A}.AppStore|x86.Build.0 = Release|Any CPU
		{5F265BF0-27F7-401C-835C-0ADC0BE75B9A}.Debug|Any CPU.ActiveCfg = Debug|Any CPU
		{5F265BF0-27F7-401C-835C-0ADC0BE75B9A}.Debug|Any CPU.Build.0 = Debug|Any CPU
		{5F265BF0-27F7-401C-835C-0ADC0BE75B9A}.Debug|ARM.ActiveCfg = Debug|Any CPU
		{5F265BF0-27F7-401C-835C-0ADC0BE75B9A}.Debug|ARM.Build.0 = Debug|Any CPU
		{5F265BF0-27F7-401C-835C-0ADC0BE75B9A}.Debug|iPhone.ActiveCfg = Debug|Any CPU
		{5F265BF0-27F7-401C-835C-0ADC0BE75B9A}.Debug|iPhone.Build.0 = Debug|Any CPU
		{5F265BF0-27F7-401C-835C-0ADC0BE75B9A}.Debug|iPhoneSimulator.ActiveCfg = Debug|Any CPU
		{5F265BF0-27F7-401C-835C-0ADC0BE75B9A}.Debug|iPhoneSimulator.Build.0 = Debug|Any CPU
		{5F265BF0-27F7-401C-835C-0ADC0BE75B9A}.Debug|x64.ActiveCfg = Debug|Any CPU
		{5F265BF0-27F7-401C-835C-0ADC0BE75B9A}.Debug|x64.Build.0 = Debug|Any CPU
		{5F265BF0-27F7-401C-835C-0ADC0BE75B9A}.Debug|x86.ActiveCfg = Debug|Any CPU
		{5F265BF0-27F7-401C-835C-0ADC0BE75B9A}.Debug|x86.Build.0 = Debug|Any CPU
		{5F265BF0-27F7-401C-835C-0ADC0BE75B9A}.Release|Any CPU.ActiveCfg = Release|Any CPU
		{5F265BF0-27F7-401C-835C-0ADC0BE75B9A}.Release|Any CPU.Build.0 = Release|Any CPU
		{5F265BF0-27F7-401C-835C-0ADC0BE75B9A}.Release|ARM.ActiveCfg = Release|Any CPU
		{5F265BF0-27F7-401C-835C-0ADC0BE75B9A}.Release|ARM.Build.0 = Release|Any CPU
		{5F265BF0-27F7-401C-835C-0ADC0BE75B9A}.Release|iPhone.ActiveCfg = Release|Any CPU
		{5F265BF0-27F7-401C-835C-0ADC0BE75B9A}.Release|iPhone.Build.0 = Release|Any CPU
		{5F265BF0-27F7-401C-835C-0ADC0BE75B9A}.Release|iPhoneSimulator.ActiveCfg = Release|Any CPU
		{5F265BF0-27F7-401C-835C-0ADC0BE75B9A}.Release|iPhoneSimulator.Build.0 = Release|Any CPU
		{5F265BF0-27F7-401C-835C-0ADC0BE75B9A}.Release|x64.ActiveCfg = Release|Any CPU
		{5F265BF0-27F7-401C-835C-0ADC0BE75B9A}.Release|x64.Build.0 = Release|Any CPU
		{5F265BF0-27F7-401C-835C-0ADC0BE75B9A}.Release|x86.ActiveCfg = Release|Any CPU
		{5F265BF0-27F7-401C-835C-0ADC0BE75B9A}.Release|x86.Build.0 = Release|Any CPU
		{C3EB626A-1BCC-4633-AF38-247D9C253130}.Ad-Hoc|Any CPU.ActiveCfg = Release|Any CPU
		{C3EB626A-1BCC-4633-AF38-247D9C253130}.Ad-Hoc|Any CPU.Build.0 = Release|Any CPU
		{C3EB626A-1BCC-4633-AF38-247D9C253130}.Ad-Hoc|Any CPU.Deploy.0 = Release|Any CPU
		{C3EB626A-1BCC-4633-AF38-247D9C253130}.Ad-Hoc|ARM.ActiveCfg = Release|Any CPU
		{C3EB626A-1BCC-4633-AF38-247D9C253130}.Ad-Hoc|ARM.Build.0 = Release|Any CPU
		{C3EB626A-1BCC-4633-AF38-247D9C253130}.Ad-Hoc|ARM.Deploy.0 = Release|Any CPU
		{C3EB626A-1BCC-4633-AF38-247D9C253130}.Ad-Hoc|iPhone.ActiveCfg = Release|Any CPU
		{C3EB626A-1BCC-4633-AF38-247D9C253130}.Ad-Hoc|iPhone.Build.0 = Release|Any CPU
		{C3EB626A-1BCC-4633-AF38-247D9C253130}.Ad-Hoc|iPhone.Deploy.0 = Release|Any CPU
		{C3EB626A-1BCC-4633-AF38-247D9C253130}.Ad-Hoc|iPhoneSimulator.ActiveCfg = Release|Any CPU
		{C3EB626A-1BCC-4633-AF38-247D9C253130}.Ad-Hoc|iPhoneSimulator.Build.0 = Release|Any CPU
		{C3EB626A-1BCC-4633-AF38-247D9C253130}.Ad-Hoc|iPhoneSimulator.Deploy.0 = Release|Any CPU
		{C3EB626A-1BCC-4633-AF38-247D9C253130}.Ad-Hoc|x64.ActiveCfg = Release|Any CPU
		{C3EB626A-1BCC-4633-AF38-247D9C253130}.Ad-Hoc|x64.Build.0 = Release|Any CPU
		{C3EB626A-1BCC-4633-AF38-247D9C253130}.Ad-Hoc|x64.Deploy.0 = Release|Any CPU
		{C3EB626A-1BCC-4633-AF38-247D9C253130}.Ad-Hoc|x86.ActiveCfg = Release|Any CPU
		{C3EB626A-1BCC-4633-AF38-247D9C253130}.Ad-Hoc|x86.Build.0 = Release|Any CPU
		{C3EB626A-1BCC-4633-AF38-247D9C253130}.Ad-Hoc|x86.Deploy.0 = Release|Any CPU
		{C3EB626A-1BCC-4633-AF38-247D9C253130}.AppStore|Any CPU.ActiveCfg = Release|Any CPU
		{C3EB626A-1BCC-4633-AF38-247D9C253130}.AppStore|Any CPU.Build.0 = Release|Any CPU
		{C3EB626A-1BCC-4633-AF38-247D9C253130}.AppStore|Any CPU.Deploy.0 = Release|Any CPU
		{C3EB626A-1BCC-4633-AF38-247D9C253130}.AppStore|ARM.ActiveCfg = Release|Any CPU
		{C3EB626A-1BCC-4633-AF38-247D9C253130}.AppStore|ARM.Build.0 = Release|Any CPU
		{C3EB626A-1BCC-4633-AF38-247D9C253130}.AppStore|ARM.Deploy.0 = Release|Any CPU
		{C3EB626A-1BCC-4633-AF38-247D9C253130}.AppStore|iPhone.ActiveCfg = Release|Any CPU
		{C3EB626A-1BCC-4633-AF38-247D9C253130}.AppStore|iPhone.Build.0 = Release|Any CPU
		{C3EB626A-1BCC-4633-AF38-247D9C253130}.AppStore|iPhone.Deploy.0 = Release|Any CPU
		{C3EB626A-1BCC-4633-AF38-247D9C253130}.AppStore|iPhoneSimulator.ActiveCfg = Release|Any CPU
		{C3EB626A-1BCC-4633-AF38-247D9C253130}.AppStore|iPhoneSimulator.Build.0 = Release|Any CPU
		{C3EB626A-1BCC-4633-AF38-247D9C253130}.AppStore|iPhoneSimulator.Deploy.0 = Release|Any CPU
		{C3EB626A-1BCC-4633-AF38-247D9C253130}.AppStore|x64.ActiveCfg = Release|Any CPU
		{C3EB626A-1BCC-4633-AF38-247D9C253130}.AppStore|x64.Build.0 = Release|Any CPU
		{C3EB626A-1BCC-4633-AF38-247D9C253130}.AppStore|x64.Deploy.0 = Release|Any CPU
		{C3EB626A-1BCC-4633-AF38-247D9C253130}.AppStore|x86.ActiveCfg = Release|Any CPU
		{C3EB626A-1BCC-4633-AF38-247D9C253130}.AppStore|x86.Build.0 = Release|Any CPU
		{C3EB626A-1BCC-4633-AF38-247D9C253130}.AppStore|x86.Deploy.0 = Release|Any CPU
		{C3EB626A-1BCC-4633-AF38-247D9C253130}.Debug|Any CPU.ActiveCfg = Debug|Any CPU
		{C3EB626A-1BCC-4633-AF38-247D9C253130}.Debug|Any CPU.Build.0 = Debug|Any CPU
		{C3EB626A-1BCC-4633-AF38-247D9C253130}.Debug|Any CPU.Deploy.0 = Debug|Any CPU
		{C3EB626A-1BCC-4633-AF38-247D9C253130}.Debug|ARM.ActiveCfg = Debug|Any CPU
		{C3EB626A-1BCC-4633-AF38-247D9C253130}.Debug|ARM.Build.0 = Debug|Any CPU
		{C3EB626A-1BCC-4633-AF38-247D9C253130}.Debug|ARM.Deploy.0 = Debug|Any CPU
		{C3EB626A-1BCC-4633-AF38-247D9C253130}.Debug|iPhone.ActiveCfg = Debug|Any CPU
		{C3EB626A-1BCC-4633-AF38-247D9C253130}.Debug|iPhone.Build.0 = Debug|Any CPU
		{C3EB626A-1BCC-4633-AF38-247D9C253130}.Debug|iPhone.Deploy.0 = Debug|Any CPU
		{C3EB626A-1BCC-4633-AF38-247D9C253130}.Debug|iPhoneSimulator.ActiveCfg = Debug|Any CPU
		{C3EB626A-1BCC-4633-AF38-247D9C253130}.Debug|iPhoneSimulator.Build.0 = Debug|Any CPU
		{C3EB626A-1BCC-4633-AF38-247D9C253130}.Debug|iPhoneSimulator.Deploy.0 = Debug|Any CPU
		{C3EB626A-1BCC-4633-AF38-247D9C253130}.Debug|x64.ActiveCfg = Debug|Any CPU
		{C3EB626A-1BCC-4633-AF38-247D9C253130}.Debug|x64.Build.0 = Debug|Any CPU
		{C3EB626A-1BCC-4633-AF38-247D9C253130}.Debug|x64.Deploy.0 = Debug|Any CPU
		{C3EB626A-1BCC-4633-AF38-247D9C253130}.Debug|x86.ActiveCfg = Debug|Any CPU
		{C3EB626A-1BCC-4633-AF38-247D9C253130}.Debug|x86.Build.0 = Debug|Any CPU
		{C3EB626A-1BCC-4633-AF38-247D9C253130}.Debug|x86.Deploy.0 = Debug|Any CPU
		{C3EB626A-1BCC-4633-AF38-247D9C253130}.Release|Any CPU.ActiveCfg = Release|Any CPU
		{C3EB626A-1BCC-4633-AF38-247D9C253130}.Release|Any CPU.Build.0 = Release|Any CPU
		{C3EB626A-1BCC-4633-AF38-247D9C253130}.Release|Any CPU.Deploy.0 = Release|Any CPU
		{C3EB626A-1BCC-4633-AF38-247D9C253130}.Release|ARM.ActiveCfg = Release|Any CPU
		{C3EB626A-1BCC-4633-AF38-247D9C253130}.Release|ARM.Build.0 = Release|Any CPU
		{C3EB626A-1BCC-4633-AF38-247D9C253130}.Release|ARM.Deploy.0 = Release|Any CPU
		{C3EB626A-1BCC-4633-AF38-247D9C253130}.Release|iPhone.ActiveCfg = Release|Any CPU
		{C3EB626A-1BCC-4633-AF38-247D9C253130}.Release|iPhone.Build.0 = Release|Any CPU
		{C3EB626A-1BCC-4633-AF38-247D9C253130}.Release|iPhone.Deploy.0 = Release|Any CPU
		{C3EB626A-1BCC-4633-AF38-247D9C253130}.Release|iPhoneSimulator.ActiveCfg = Release|Any CPU
		{C3EB626A-1BCC-4633-AF38-247D9C253130}.Release|iPhoneSimulator.Build.0 = Release|Any CPU
		{C3EB626A-1BCC-4633-AF38-247D9C253130}.Release|iPhoneSimulator.Deploy.0 = Release|Any CPU
		{C3EB626A-1BCC-4633-AF38-247D9C253130}.Release|x64.ActiveCfg = Release|Any CPU
		{C3EB626A-1BCC-4633-AF38-247D9C253130}.Release|x64.Build.0 = Release|Any CPU
		{C3EB626A-1BCC-4633-AF38-247D9C253130}.Release|x64.Deploy.0 = Release|Any CPU
		{C3EB626A-1BCC-4633-AF38-247D9C253130}.Release|x86.ActiveCfg = Release|Any CPU
		{C3EB626A-1BCC-4633-AF38-247D9C253130}.Release|x86.Build.0 = Release|Any CPU
		{C3EB626A-1BCC-4633-AF38-247D9C253130}.Release|x86.Deploy.0 = Release|Any CPU
		{1F7CA5DF-C779-438D-8520-849E4DB649CC}.Ad-Hoc|Any CPU.ActiveCfg = Ad-Hoc|iPhone
		{1F7CA5DF-C779-438D-8520-849E4DB649CC}.Ad-Hoc|ARM.ActiveCfg = Ad-Hoc|iPhone
		{1F7CA5DF-C779-438D-8520-849E4DB649CC}.Ad-Hoc|iPhone.ActiveCfg = Ad-Hoc|iPhone
		{1F7CA5DF-C779-438D-8520-849E4DB649CC}.Ad-Hoc|iPhone.Build.0 = Ad-Hoc|iPhone
		{1F7CA5DF-C779-438D-8520-849E4DB649CC}.Ad-Hoc|iPhoneSimulator.ActiveCfg = Ad-Hoc|iPhoneSimulator
		{1F7CA5DF-C779-438D-8520-849E4DB649CC}.Ad-Hoc|iPhoneSimulator.Build.0 = Ad-Hoc|iPhoneSimulator
		{1F7CA5DF-C779-438D-8520-849E4DB649CC}.Ad-Hoc|x64.ActiveCfg = Ad-Hoc|iPhone
		{1F7CA5DF-C779-438D-8520-849E4DB649CC}.Ad-Hoc|x86.ActiveCfg = Ad-Hoc|iPhone
		{1F7CA5DF-C779-438D-8520-849E4DB649CC}.AppStore|Any CPU.ActiveCfg = AppStore|iPhone
		{1F7CA5DF-C779-438D-8520-849E4DB649CC}.AppStore|ARM.ActiveCfg = AppStore|iPhone
		{1F7CA5DF-C779-438D-8520-849E4DB649CC}.AppStore|iPhone.ActiveCfg = AppStore|iPhone
		{1F7CA5DF-C779-438D-8520-849E4DB649CC}.AppStore|iPhone.Build.0 = AppStore|iPhone
		{1F7CA5DF-C779-438D-8520-849E4DB649CC}.AppStore|iPhoneSimulator.ActiveCfg = AppStore|iPhoneSimulator
		{1F7CA5DF-C779-438D-8520-849E4DB649CC}.AppStore|iPhoneSimulator.Build.0 = AppStore|iPhoneSimulator
		{1F7CA5DF-C779-438D-8520-849E4DB649CC}.AppStore|x64.ActiveCfg = AppStore|iPhone
		{1F7CA5DF-C779-438D-8520-849E4DB649CC}.AppStore|x86.ActiveCfg = AppStore|iPhone
		{1F7CA5DF-C779-438D-8520-849E4DB649CC}.Debug|Any CPU.ActiveCfg = Debug|iPhone
		{1F7CA5DF-C779-438D-8520-849E4DB649CC}.Debug|ARM.ActiveCfg = Debug|iPhone
		{1F7CA5DF-C779-438D-8520-849E4DB649CC}.Debug|iPhone.ActiveCfg = Debug|iPhone
		{1F7CA5DF-C779-438D-8520-849E4DB649CC}.Debug|iPhone.Build.0 = Debug|iPhone
		{1F7CA5DF-C779-438D-8520-849E4DB649CC}.Debug|iPhoneSimulator.ActiveCfg = Debug|iPhoneSimulator
		{1F7CA5DF-C779-438D-8520-849E4DB649CC}.Debug|iPhoneSimulator.Build.0 = Debug|iPhoneSimulator
		{1F7CA5DF-C779-438D-8520-849E4DB649CC}.Debug|x64.ActiveCfg = Debug|iPhone
		{1F7CA5DF-C779-438D-8520-849E4DB649CC}.Debug|x86.ActiveCfg = Debug|iPhone
		{1F7CA5DF-C779-438D-8520-849E4DB649CC}.Release|Any CPU.ActiveCfg = Release|iPhone
		{1F7CA5DF-C779-438D-8520-849E4DB649CC}.Release|ARM.ActiveCfg = Release|iPhone
		{1F7CA5DF-C779-438D-8520-849E4DB649CC}.Release|iPhone.ActiveCfg = Release|iPhone
		{1F7CA5DF-C779-438D-8520-849E4DB649CC}.Release|iPhone.Build.0 = Release|iPhone
		{1F7CA5DF-C779-438D-8520-849E4DB649CC}.Release|iPhoneSimulator.ActiveCfg = Release|iPhoneSimulator
		{1F7CA5DF-C779-438D-8520-849E4DB649CC}.Release|iPhoneSimulator.Build.0 = Release|iPhoneSimulator
		{1F7CA5DF-C779-438D-8520-849E4DB649CC}.Release|x64.ActiveCfg = Release|iPhone
		{1F7CA5DF-C779-438D-8520-849E4DB649CC}.Release|x86.ActiveCfg = Release|iPhone
		{4161906A-6431-4F73-921D-47A342824034}.Ad-Hoc|Any CPU.ActiveCfg = Release|x86
		{4161906A-6431-4F73-921D-47A342824034}.Ad-Hoc|Any CPU.Build.0 = Release|x86
		{4161906A-6431-4F73-921D-47A342824034}.Ad-Hoc|Any CPU.Deploy.0 = Release|x86
		{4161906A-6431-4F73-921D-47A342824034}.Ad-Hoc|ARM.ActiveCfg = Release|ARM
		{4161906A-6431-4F73-921D-47A342824034}.Ad-Hoc|ARM.Build.0 = Release|ARM
		{4161906A-6431-4F73-921D-47A342824034}.Ad-Hoc|ARM.Deploy.0 = Release|ARM
		{4161906A-6431-4F73-921D-47A342824034}.Ad-Hoc|iPhone.ActiveCfg = Release|x86
		{4161906A-6431-4F73-921D-47A342824034}.Ad-Hoc|iPhone.Build.0 = Release|x86
		{4161906A-6431-4F73-921D-47A342824034}.Ad-Hoc|iPhone.Deploy.0 = Release|x86
		{4161906A-6431-4F73-921D-47A342824034}.Ad-Hoc|iPhoneSimulator.ActiveCfg = Release|x86
		{4161906A-6431-4F73-921D-47A342824034}.Ad-Hoc|iPhoneSimulator.Build.0 = Release|x86
		{4161906A-6431-4F73-921D-47A342824034}.Ad-Hoc|iPhoneSimulator.Deploy.0 = Release|x86
		{4161906A-6431-4F73-921D-47A342824034}.Ad-Hoc|x64.ActiveCfg = Release|x64
		{4161906A-6431-4F73-921D-47A342824034}.Ad-Hoc|x64.Build.0 = Release|x64
		{4161906A-6431-4F73-921D-47A342824034}.Ad-Hoc|x64.Deploy.0 = Release|x64
		{4161906A-6431-4F73-921D-47A342824034}.Ad-Hoc|x86.ActiveCfg = Release|x86
		{4161906A-6431-4F73-921D-47A342824034}.Ad-Hoc|x86.Build.0 = Release|x86
		{4161906A-6431-4F73-921D-47A342824034}.Ad-Hoc|x86.Deploy.0 = Release|x86
		{4161906A-6431-4F73-921D-47A342824034}.AppStore|Any CPU.ActiveCfg = Release|x86
		{4161906A-6431-4F73-921D-47A342824034}.AppStore|Any CPU.Build.0 = Release|x86
		{4161906A-6431-4F73-921D-47A342824034}.AppStore|Any CPU.Deploy.0 = Release|x86
		{4161906A-6431-4F73-921D-47A342824034}.AppStore|ARM.ActiveCfg = Release|ARM
		{4161906A-6431-4F73-921D-47A342824034}.AppStore|ARM.Build.0 = Release|ARM
		{4161906A-6431-4F73-921D-47A342824034}.AppStore|ARM.Deploy.0 = Release|ARM
		{4161906A-6431-4F73-921D-47A342824034}.AppStore|iPhone.ActiveCfg = Release|x86
		{4161906A-6431-4F73-921D-47A342824034}.AppStore|iPhone.Build.0 = Release|x86
		{4161906A-6431-4F73-921D-47A342824034}.AppStore|iPhone.Deploy.0 = Release|x86
		{4161906A-6431-4F73-921D-47A342824034}.AppStore|iPhoneSimulator.ActiveCfg = Release|x86
		{4161906A-6431-4F73-921D-47A342824034}.AppStore|iPhoneSimulator.Build.0 = Release|x86
		{4161906A-6431-4F73-921D-47A342824034}.AppStore|iPhoneSimulator.Deploy.0 = Release|x86
		{4161906A-6431-4F73-921D-47A342824034}.AppStore|x64.ActiveCfg = Release|x64
		{4161906A-6431-4F73-921D-47A342824034}.AppStore|x64.Build.0 = Release|x64
		{4161906A-6431-4F73-921D-47A342824034}.AppStore|x64.Deploy.0 = Release|x64
		{4161906A-6431-4F73-921D-47A342824034}.AppStore|x86.ActiveCfg = Release|x86
		{4161906A-6431-4F73-921D-47A342824034}.AppStore|x86.Build.0 = Release|x86
		{4161906A-6431-4F73-921D-47A342824034}.AppStore|x86.Deploy.0 = Release|x86
		{4161906A-6431-4F73-921D-47A342824034}.Debug|Any CPU.ActiveCfg = Debug|x86
		{4161906A-6431-4F73-921D-47A342824034}.Debug|ARM.ActiveCfg = Debug|ARM
		{4161906A-6431-4F73-921D-47A342824034}.Debug|ARM.Build.0 = Debug|ARM
		{4161906A-6431-4F73-921D-47A342824034}.Debug|ARM.Deploy.0 = Debug|ARM
		{4161906A-6431-4F73-921D-47A342824034}.Debug|iPhone.ActiveCfg = Debug|x86
		{4161906A-6431-4F73-921D-47A342824034}.Debug|iPhoneSimulator.ActiveCfg = Debug|x86
		{4161906A-6431-4F73-921D-47A342824034}.Debug|x64.ActiveCfg = Debug|x64
		{4161906A-6431-4F73-921D-47A342824034}.Debug|x64.Build.0 = Debug|x64
		{4161906A-6431-4F73-921D-47A342824034}.Debug|x64.Deploy.0 = Debug|x64
		{4161906A-6431-4F73-921D-47A342824034}.Debug|x86.ActiveCfg = Debug|x86
		{4161906A-6431-4F73-921D-47A342824034}.Debug|x86.Build.0 = Debug|x86
		{4161906A-6431-4F73-921D-47A342824034}.Debug|x86.Deploy.0 = Debug|x86
		{4161906A-6431-4F73-921D-47A342824034}.Release|Any CPU.ActiveCfg = Release|x86
		{4161906A-6431-4F73-921D-47A342824034}.Release|ARM.ActiveCfg = Release|ARM
		{4161906A-6431-4F73-921D-47A342824034}.Release|ARM.Build.0 = Release|ARM
		{4161906A-6431-4F73-921D-47A342824034}.Release|ARM.Deploy.0 = Release|ARM
		{4161906A-6431-4F73-921D-47A342824034}.Release|iPhone.ActiveCfg = Release|x86
		{4161906A-6431-4F73-921D-47A342824034}.Release|iPhoneSimulator.ActiveCfg = Release|x86
		{4161906A-6431-4F73-921D-47A342824034}.Release|x64.ActiveCfg = Release|x64
		{4161906A-6431-4F73-921D-47A342824034}.Release|x64.Build.0 = Release|x64
		{4161906A-6431-4F73-921D-47A342824034}.Release|x64.Deploy.0 = Release|x64
		{4161906A-6431-4F73-921D-47A342824034}.Release|x86.ActiveCfg = Release|x86
		{4161906A-6431-4F73-921D-47A342824034}.Release|x86.Build.0 = Release|x86
		{4161906A-6431-4F73-921D-47A342824034}.Release|x86.Deploy.0 = Release|x86
		{B5C80612-756C-4ECA-B2FE-1D4F8ED0AE37}.Ad-Hoc|Any CPU.ActiveCfg = Release|Any CPU
		{B5C80612-756C-4ECA-B2FE-1D4F8ED0AE37}.Ad-Hoc|Any CPU.Build.0 = Release|Any CPU
		{B5C80612-756C-4ECA-B2FE-1D4F8ED0AE37}.Ad-Hoc|Any CPU.Deploy.0 = Release|Any CPU
		{B5C80612-756C-4ECA-B2FE-1D4F8ED0AE37}.Ad-Hoc|ARM.ActiveCfg = Release|ARM
		{B5C80612-756C-4ECA-B2FE-1D4F8ED0AE37}.Ad-Hoc|ARM.Build.0 = Release|ARM
		{B5C80612-756C-4ECA-B2FE-1D4F8ED0AE37}.Ad-Hoc|ARM.Deploy.0 = Release|ARM
		{B5C80612-756C-4ECA-B2FE-1D4F8ED0AE37}.Ad-Hoc|iPhone.ActiveCfg = Release|Any CPU
		{B5C80612-756C-4ECA-B2FE-1D4F8ED0AE37}.Ad-Hoc|iPhone.Build.0 = Release|Any CPU
		{B5C80612-756C-4ECA-B2FE-1D4F8ED0AE37}.Ad-Hoc|iPhone.Deploy.0 = Release|Any CPU
		{B5C80612-756C-4ECA-B2FE-1D4F8ED0AE37}.Ad-Hoc|iPhoneSimulator.ActiveCfg = Release|Any CPU
		{B5C80612-756C-4ECA-B2FE-1D4F8ED0AE37}.Ad-Hoc|iPhoneSimulator.Build.0 = Release|Any CPU
		{B5C80612-756C-4ECA-B2FE-1D4F8ED0AE37}.Ad-Hoc|iPhoneSimulator.Deploy.0 = Release|Any CPU
		{B5C80612-756C-4ECA-B2FE-1D4F8ED0AE37}.Ad-Hoc|x64.ActiveCfg = Release|x64
		{B5C80612-756C-4ECA-B2FE-1D4F8ED0AE37}.Ad-Hoc|x64.Build.0 = Release|x64
		{B5C80612-756C-4ECA-B2FE-1D4F8ED0AE37}.Ad-Hoc|x64.Deploy.0 = Release|x64
		{B5C80612-756C-4ECA-B2FE-1D4F8ED0AE37}.Ad-Hoc|x86.ActiveCfg = Release|x86
		{B5C80612-756C-4ECA-B2FE-1D4F8ED0AE37}.Ad-Hoc|x86.Build.0 = Release|x86
		{B5C80612-756C-4ECA-B2FE-1D4F8ED0AE37}.Ad-Hoc|x86.Deploy.0 = Release|x86
		{B5C80612-756C-4ECA-B2FE-1D4F8ED0AE37}.AppStore|Any CPU.ActiveCfg = Release|Any CPU
		{B5C80612-756C-4ECA-B2FE-1D4F8ED0AE37}.AppStore|Any CPU.Build.0 = Release|Any CPU
		{B5C80612-756C-4ECA-B2FE-1D4F8ED0AE37}.AppStore|Any CPU.Deploy.0 = Release|Any CPU
		{B5C80612-756C-4ECA-B2FE-1D4F8ED0AE37}.AppStore|ARM.ActiveCfg = Release|ARM
		{B5C80612-756C-4ECA-B2FE-1D4F8ED0AE37}.AppStore|ARM.Build.0 = Release|ARM
		{B5C80612-756C-4ECA-B2FE-1D4F8ED0AE37}.AppStore|ARM.Deploy.0 = Release|ARM
		{B5C80612-756C-4ECA-B2FE-1D4F8ED0AE37}.AppStore|iPhone.ActiveCfg = Release|Any CPU
		{B5C80612-756C-4ECA-B2FE-1D4F8ED0AE37}.AppStore|iPhone.Build.0 = Release|Any CPU
		{B5C80612-756C-4ECA-B2FE-1D4F8ED0AE37}.AppStore|iPhone.Deploy.0 = Release|Any CPU
		{B5C80612-756C-4ECA-B2FE-1D4F8ED0AE37}.AppStore|iPhoneSimulator.ActiveCfg = Release|Any CPU
		{B5C80612-756C-4ECA-B2FE-1D4F8ED0AE37}.AppStore|iPhoneSimulator.Build.0 = Release|Any CPU
		{B5C80612-756C-4ECA-B2FE-1D4F8ED0AE37}.AppStore|iPhoneSimulator.Deploy.0 = Release|Any CPU
		{B5C80612-756C-4ECA-B2FE-1D4F8ED0AE37}.AppStore|x64.ActiveCfg = Release|x64
		{B5C80612-756C-4ECA-B2FE-1D4F8ED0AE37}.AppStore|x64.Build.0 = Release|x64
		{B5C80612-756C-4ECA-B2FE-1D4F8ED0AE37}.AppStore|x64.Deploy.0 = Release|x64
		{B5C80612-756C-4ECA-B2FE-1D4F8ED0AE37}.AppStore|x86.ActiveCfg = Release|x86
		{B5C80612-756C-4ECA-B2FE-1D4F8ED0AE37}.AppStore|x86.Build.0 = Release|x86
		{B5C80612-756C-4ECA-B2FE-1D4F8ED0AE37}.AppStore|x86.Deploy.0 = Release|x86
		{B5C80612-756C-4ECA-B2FE-1D4F8ED0AE37}.Debug|Any CPU.ActiveCfg = Debug|Any CPU
		{B5C80612-756C-4ECA-B2FE-1D4F8ED0AE37}.Debug|Any CPU.Build.0 = Debug|Any CPU
		{B5C80612-756C-4ECA-B2FE-1D4F8ED0AE37}.Debug|Any CPU.Deploy.0 = Debug|Any CPU
		{B5C80612-756C-4ECA-B2FE-1D4F8ED0AE37}.Debug|ARM.ActiveCfg = Debug|ARM
		{B5C80612-756C-4ECA-B2FE-1D4F8ED0AE37}.Debug|ARM.Build.0 = Debug|ARM
		{B5C80612-756C-4ECA-B2FE-1D4F8ED0AE37}.Debug|ARM.Deploy.0 = Debug|ARM
		{B5C80612-756C-4ECA-B2FE-1D4F8ED0AE37}.Debug|iPhone.ActiveCfg = Debug|Any CPU
		{B5C80612-756C-4ECA-B2FE-1D4F8ED0AE37}.Debug|iPhone.Build.0 = Debug|Any CPU
		{B5C80612-756C-4ECA-B2FE-1D4F8ED0AE37}.Debug|iPhone.Deploy.0 = Debug|Any CPU
		{B5C80612-756C-4ECA-B2FE-1D4F8ED0AE37}.Debug|iPhoneSimulator.ActiveCfg = Debug|Any CPU
		{B5C80612-756C-4ECA-B2FE-1D4F8ED0AE37}.Debug|iPhoneSimulator.Build.0 = Debug|Any CPU
		{B5C80612-756C-4ECA-B2FE-1D4F8ED0AE37}.Debug|iPhoneSimulator.Deploy.0 = Debug|Any CPU
		{B5C80612-756C-4ECA-B2FE-1D4F8ED0AE37}.Debug|x64.ActiveCfg = Debug|x64
		{B5C80612-756C-4ECA-B2FE-1D4F8ED0AE37}.Debug|x64.Build.0 = Debug|x64
		{B5C80612-756C-4ECA-B2FE-1D4F8ED0AE37}.Debug|x64.Deploy.0 = Debug|x64
		{B5C80612-756C-4ECA-B2FE-1D4F8ED0AE37}.Debug|x86.ActiveCfg = Debug|x86
		{B5C80612-756C-4ECA-B2FE-1D4F8ED0AE37}.Debug|x86.Build.0 = Debug|x86
		{B5C80612-756C-4ECA-B2FE-1D4F8ED0AE37}.Debug|x86.Deploy.0 = Debug|x86
		{B5C80612-756C-4ECA-B2FE-1D4F8ED0AE37}.Release|Any CPU.ActiveCfg = Release|Any CPU
		{B5C80612-756C-4ECA-B2FE-1D4F8ED0AE37}.Release|Any CPU.Build.0 = Release|Any CPU
		{B5C80612-756C-4ECA-B2FE-1D4F8ED0AE37}.Release|Any CPU.Deploy.0 = Release|Any CPU
		{B5C80612-756C-4ECA-B2FE-1D4F8ED0AE37}.Release|ARM.ActiveCfg = Release|ARM
		{B5C80612-756C-4ECA-B2FE-1D4F8ED0AE37}.Release|ARM.Build.0 = Release|ARM
		{B5C80612-756C-4ECA-B2FE-1D4F8ED0AE37}.Release|ARM.Deploy.0 = Release|ARM
		{B5C80612-756C-4ECA-B2FE-1D4F8ED0AE37}.Release|iPhone.ActiveCfg = Release|Any CPU
		{B5C80612-756C-4ECA-B2FE-1D4F8ED0AE37}.Release|iPhone.Build.0 = Release|Any CPU
		{B5C80612-756C-4ECA-B2FE-1D4F8ED0AE37}.Release|iPhone.Deploy.0 = Release|Any CPU
		{B5C80612-756C-4ECA-B2FE-1D4F8ED0AE37}.Release|iPhoneSimulator.ActiveCfg = Release|Any CPU
		{B5C80612-756C-4ECA-B2FE-1D4F8ED0AE37}.Release|iPhoneSimulator.Build.0 = Release|Any CPU
		{B5C80612-756C-4ECA-B2FE-1D4F8ED0AE37}.Release|iPhoneSimulator.Deploy.0 = Release|Any CPU
		{B5C80612-756C-4ECA-B2FE-1D4F8ED0AE37}.Release|x64.ActiveCfg = Release|x64
		{B5C80612-756C-4ECA-B2FE-1D4F8ED0AE37}.Release|x64.Build.0 = Release|x64
		{B5C80612-756C-4ECA-B2FE-1D4F8ED0AE37}.Release|x64.Deploy.0 = Release|x64
		{B5C80612-756C-4ECA-B2FE-1D4F8ED0AE37}.Release|x86.ActiveCfg = Release|x86
		{B5C80612-756C-4ECA-B2FE-1D4F8ED0AE37}.Release|x86.Build.0 = Release|x86
		{B5C80612-756C-4ECA-B2FE-1D4F8ED0AE37}.Release|x86.Deploy.0 = Release|x86
		{5CA30DA6-674D-4E72-A108-C55C859866FB}.Ad-Hoc|Any CPU.ActiveCfg = Release|Any CPU
		{5CA30DA6-674D-4E72-A108-C55C859866FB}.Ad-Hoc|Any CPU.Build.0 = Release|Any CPU
		{5CA30DA6-674D-4E72-A108-C55C859866FB}.Ad-Hoc|Any CPU.Deploy.0 = Release|Any CPU
		{5CA30DA6-674D-4E72-A108-C55C859866FB}.Ad-Hoc|ARM.ActiveCfg = Release|ARM
		{5CA30DA6-674D-4E72-A108-C55C859866FB}.Ad-Hoc|ARM.Build.0 = Release|ARM
		{5CA30DA6-674D-4E72-A108-C55C859866FB}.Ad-Hoc|ARM.Deploy.0 = Release|ARM
		{5CA30DA6-674D-4E72-A108-C55C859866FB}.Ad-Hoc|iPhone.ActiveCfg = Release|Any CPU
		{5CA30DA6-674D-4E72-A108-C55C859866FB}.Ad-Hoc|iPhone.Build.0 = Release|Any CPU
		{5CA30DA6-674D-4E72-A108-C55C859866FB}.Ad-Hoc|iPhone.Deploy.0 = Release|Any CPU
		{5CA30DA6-674D-4E72-A108-C55C859866FB}.Ad-Hoc|iPhoneSimulator.ActiveCfg = Release|Any CPU
		{5CA30DA6-674D-4E72-A108-C55C859866FB}.Ad-Hoc|iPhoneSimulator.Build.0 = Release|Any CPU
		{5CA30DA6-674D-4E72-A108-C55C859866FB}.Ad-Hoc|iPhoneSimulator.Deploy.0 = Release|Any CPU
		{5CA30DA6-674D-4E72-A108-C55C859866FB}.Ad-Hoc|x64.ActiveCfg = Release|Any CPU
		{5CA30DA6-674D-4E72-A108-C55C859866FB}.Ad-Hoc|x64.Build.0 = Release|Any CPU
		{5CA30DA6-674D-4E72-A108-C55C859866FB}.Ad-Hoc|x64.Deploy.0 = Release|Any CPU
		{5CA30DA6-674D-4E72-A108-C55C859866FB}.Ad-Hoc|x86.ActiveCfg = Release|x86
		{5CA30DA6-674D-4E72-A108-C55C859866FB}.Ad-Hoc|x86.Build.0 = Release|x86
		{5CA30DA6-674D-4E72-A108-C55C859866FB}.Ad-Hoc|x86.Deploy.0 = Release|x86
		{5CA30DA6-674D-4E72-A108-C55C859866FB}.AppStore|Any CPU.ActiveCfg = Release|Any CPU
		{5CA30DA6-674D-4E72-A108-C55C859866FB}.AppStore|Any CPU.Build.0 = Release|Any CPU
		{5CA30DA6-674D-4E72-A108-C55C859866FB}.AppStore|Any CPU.Deploy.0 = Release|Any CPU
		{5CA30DA6-674D-4E72-A108-C55C859866FB}.AppStore|ARM.ActiveCfg = Release|ARM
		{5CA30DA6-674D-4E72-A108-C55C859866FB}.AppStore|ARM.Build.0 = Release|ARM
		{5CA30DA6-674D-4E72-A108-C55C859866FB}.AppStore|ARM.Deploy.0 = Release|ARM
		{5CA30DA6-674D-4E72-A108-C55C859866FB}.AppStore|iPhone.ActiveCfg = Release|Any CPU
		{5CA30DA6-674D-4E72-A108-C55C859866FB}.AppStore|iPhone.Build.0 = Release|Any CPU
		{5CA30DA6-674D-4E72-A108-C55C859866FB}.AppStore|iPhone.Deploy.0 = Release|Any CPU
		{5CA30DA6-674D-4E72-A108-C55C859866FB}.AppStore|iPhoneSimulator.ActiveCfg = Release|Any CPU
		{5CA30DA6-674D-4E72-A108-C55C859866FB}.AppStore|iPhoneSimulator.Build.0 = Release|Any CPU
		{5CA30DA6-674D-4E72-A108-C55C859866FB}.AppStore|iPhoneSimulator.Deploy.0 = Release|Any CPU
		{5CA30DA6-674D-4E72-A108-C55C859866FB}.AppStore|x64.ActiveCfg = Release|Any CPU
		{5CA30DA6-674D-4E72-A108-C55C859866FB}.AppStore|x64.Build.0 = Release|Any CPU
		{5CA30DA6-674D-4E72-A108-C55C859866FB}.AppStore|x64.Deploy.0 = Release|Any CPU
		{5CA30DA6-674D-4E72-A108-C55C859866FB}.AppStore|x86.ActiveCfg = Release|x86
		{5CA30DA6-674D-4E72-A108-C55C859866FB}.AppStore|x86.Build.0 = Release|x86
		{5CA30DA6-674D-4E72-A108-C55C859866FB}.AppStore|x86.Deploy.0 = Release|x86
		{5CA30DA6-674D-4E72-A108-C55C859866FB}.Debug|Any CPU.ActiveCfg = Debug|Any CPU
		{5CA30DA6-674D-4E72-A108-C55C859866FB}.Debug|Any CPU.Build.0 = Debug|Any CPU
		{5CA30DA6-674D-4E72-A108-C55C859866FB}.Debug|Any CPU.Deploy.0 = Debug|Any CPU
		{5CA30DA6-674D-4E72-A108-C55C859866FB}.Debug|ARM.ActiveCfg = Debug|ARM
		{5CA30DA6-674D-4E72-A108-C55C859866FB}.Debug|ARM.Build.0 = Debug|ARM
		{5CA30DA6-674D-4E72-A108-C55C859866FB}.Debug|ARM.Deploy.0 = Debug|ARM
		{5CA30DA6-674D-4E72-A108-C55C859866FB}.Debug|iPhone.ActiveCfg = Debug|Any CPU
		{5CA30DA6-674D-4E72-A108-C55C859866FB}.Debug|iPhone.Build.0 = Debug|Any CPU
		{5CA30DA6-674D-4E72-A108-C55C859866FB}.Debug|iPhone.Deploy.0 = Debug|Any CPU
		{5CA30DA6-674D-4E72-A108-C55C859866FB}.Debug|iPhoneSimulator.ActiveCfg = Debug|Any CPU
		{5CA30DA6-674D-4E72-A108-C55C859866FB}.Debug|iPhoneSimulator.Build.0 = Debug|Any CPU
		{5CA30DA6-674D-4E72-A108-C55C859866FB}.Debug|iPhoneSimulator.Deploy.0 = Debug|Any CPU
		{5CA30DA6-674D-4E72-A108-C55C859866FB}.Debug|x64.ActiveCfg = Debug|Any CPU
		{5CA30DA6-674D-4E72-A108-C55C859866FB}.Debug|x64.Build.0 = Debug|Any CPU
		{5CA30DA6-674D-4E72-A108-C55C859866FB}.Debug|x64.Deploy.0 = Debug|Any CPU
		{5CA30DA6-674D-4E72-A108-C55C859866FB}.Debug|x86.ActiveCfg = Debug|x86
		{5CA30DA6-674D-4E72-A108-C55C859866FB}.Debug|x86.Build.0 = Debug|x86
		{5CA30DA6-674D-4E72-A108-C55C859866FB}.Debug|x86.Deploy.0 = Debug|x86
		{5CA30DA6-674D-4E72-A108-C55C859866FB}.Release|Any CPU.ActiveCfg = Release|Any CPU
		{5CA30DA6-674D-4E72-A108-C55C859866FB}.Release|Any CPU.Build.0 = Release|Any CPU
		{5CA30DA6-674D-4E72-A108-C55C859866FB}.Release|Any CPU.Deploy.0 = Release|Any CPU
		{5CA30DA6-674D-4E72-A108-C55C859866FB}.Release|ARM.ActiveCfg = Release|ARM
		{5CA30DA6-674D-4E72-A108-C55C859866FB}.Release|ARM.Build.0 = Release|ARM
		{5CA30DA6-674D-4E72-A108-C55C859866FB}.Release|ARM.Deploy.0 = Release|ARM
		{5CA30DA6-674D-4E72-A108-C55C859866FB}.Release|iPhone.ActiveCfg = Release|Any CPU
		{5CA30DA6-674D-4E72-A108-C55C859866FB}.Release|iPhone.Build.0 = Release|Any CPU
		{5CA30DA6-674D-4E72-A108-C55C859866FB}.Release|iPhone.Deploy.0 = Release|Any CPU
		{5CA30DA6-674D-4E72-A108-C55C859866FB}.Release|iPhoneSimulator.ActiveCfg = Release|Any CPU
		{5CA30DA6-674D-4E72-A108-C55C859866FB}.Release|iPhoneSimulator.Build.0 = Release|Any CPU
		{5CA30DA6-674D-4E72-A108-C55C859866FB}.Release|iPhoneSimulator.Deploy.0 = Release|Any CPU
		{5CA30DA6-674D-4E72-A108-C55C859866FB}.Release|x64.ActiveCfg = Release|Any CPU
		{5CA30DA6-674D-4E72-A108-C55C859866FB}.Release|x64.Build.0 = Release|Any CPU
		{5CA30DA6-674D-4E72-A108-C55C859866FB}.Release|x64.Deploy.0 = Release|Any CPU
		{5CA30DA6-674D-4E72-A108-C55C859866FB}.Release|x86.ActiveCfg = Release|x86
		{5CA30DA6-674D-4E72-A108-C55C859866FB}.Release|x86.Build.0 = Release|x86
		{5CA30DA6-674D-4E72-A108-C55C859866FB}.Release|x86.Deploy.0 = Release|x86
		{C75A1D54-AEC8-4352-ADE1-502356F03CCA}.Ad-Hoc|Any CPU.ActiveCfg = Release|Any CPU
		{C75A1D54-AEC8-4352-ADE1-502356F03CCA}.Ad-Hoc|Any CPU.Build.0 = Release|Any CPU
		{C75A1D54-AEC8-4352-ADE1-502356F03CCA}.Ad-Hoc|ARM.ActiveCfg = Release|Any CPU
		{C75A1D54-AEC8-4352-ADE1-502356F03CCA}.Ad-Hoc|ARM.Build.0 = Release|Any CPU
		{C75A1D54-AEC8-4352-ADE1-502356F03CCA}.Ad-Hoc|iPhone.ActiveCfg = Release|Any CPU
		{C75A1D54-AEC8-4352-ADE1-502356F03CCA}.Ad-Hoc|iPhone.Build.0 = Release|Any CPU
		{C75A1D54-AEC8-4352-ADE1-502356F03CCA}.Ad-Hoc|iPhoneSimulator.ActiveCfg = Release|Any CPU
		{C75A1D54-AEC8-4352-ADE1-502356F03CCA}.Ad-Hoc|iPhoneSimulator.Build.0 = Release|Any CPU
		{C75A1D54-AEC8-4352-ADE1-502356F03CCA}.Ad-Hoc|x64.ActiveCfg = Release|Any CPU
		{C75A1D54-AEC8-4352-ADE1-502356F03CCA}.Ad-Hoc|x64.Build.0 = Release|Any CPU
		{C75A1D54-AEC8-4352-ADE1-502356F03CCA}.Ad-Hoc|x86.ActiveCfg = Release|Any CPU
		{C75A1D54-AEC8-4352-ADE1-502356F03CCA}.Ad-Hoc|x86.Build.0 = Release|Any CPU
		{C75A1D54-AEC8-4352-ADE1-502356F03CCA}.AppStore|Any CPU.ActiveCfg = Release|Any CPU
		{C75A1D54-AEC8-4352-ADE1-502356F03CCA}.AppStore|Any CPU.Build.0 = Release|Any CPU
		{C75A1D54-AEC8-4352-ADE1-502356F03CCA}.AppStore|ARM.ActiveCfg = Release|Any CPU
		{C75A1D54-AEC8-4352-ADE1-502356F03CCA}.AppStore|ARM.Build.0 = Release|Any CPU
		{C75A1D54-AEC8-4352-ADE1-502356F03CCA}.AppStore|iPhone.ActiveCfg = Release|Any CPU
		{C75A1D54-AEC8-4352-ADE1-502356F03CCA}.AppStore|iPhone.Build.0 = Release|Any CPU
		{C75A1D54-AEC8-4352-ADE1-502356F03CCA}.AppStore|iPhoneSimulator.ActiveCfg = Release|Any CPU
		{C75A1D54-AEC8-4352-ADE1-502356F03CCA}.AppStore|iPhoneSimulator.Build.0 = Release|Any CPU
		{C75A1D54-AEC8-4352-ADE1-502356F03CCA}.AppStore|x64.ActiveCfg = Release|Any CPU
		{C75A1D54-AEC8-4352-ADE1-502356F03CCA}.AppStore|x64.Build.0 = Release|Any CPU
		{C75A1D54-AEC8-4352-ADE1-502356F03CCA}.AppStore|x86.ActiveCfg = Release|Any CPU
		{C75A1D54-AEC8-4352-ADE1-502356F03CCA}.AppStore|x86.Build.0 = Release|Any CPU
		{C75A1D54-AEC8-4352-ADE1-502356F03CCA}.Debug|Any CPU.ActiveCfg = Debug|Any CPU
		{C75A1D54-AEC8-4352-ADE1-502356F03CCA}.Debug|Any CPU.Build.0 = Debug|Any CPU
		{C75A1D54-AEC8-4352-ADE1-502356F03CCA}.Debug|ARM.ActiveCfg = Debug|Any CPU
		{C75A1D54-AEC8-4352-ADE1-502356F03CCA}.Debug|ARM.Build.0 = Debug|Any CPU
		{C75A1D54-AEC8-4352-ADE1-502356F03CCA}.Debug|iPhone.ActiveCfg = Debug|Any CPU
		{C75A1D54-AEC8-4352-ADE1-502356F03CCA}.Debug|iPhone.Build.0 = Debug|Any CPU
		{C75A1D54-AEC8-4352-ADE1-502356F03CCA}.Debug|iPhoneSimulator.ActiveCfg = Debug|Any CPU
		{C75A1D54-AEC8-4352-ADE1-502356F03CCA}.Debug|iPhoneSimulator.Build.0 = Debug|Any CPU
		{C75A1D54-AEC8-4352-ADE1-502356F03CCA}.Debug|x64.ActiveCfg = Debug|Any CPU
		{C75A1D54-AEC8-4352-ADE1-502356F03CCA}.Debug|x64.Build.0 = Debug|Any CPU
		{C75A1D54-AEC8-4352-ADE1-502356F03CCA}.Debug|x86.ActiveCfg = Debug|Any CPU
		{C75A1D54-AEC8-4352-ADE1-502356F03CCA}.Debug|x86.Build.0 = Debug|Any CPU
		{C75A1D54-AEC8-4352-ADE1-502356F03CCA}.Release|Any CPU.ActiveCfg = Release|Any CPU
		{C75A1D54-AEC8-4352-ADE1-502356F03CCA}.Release|Any CPU.Build.0 = Release|Any CPU
		{C75A1D54-AEC8-4352-ADE1-502356F03CCA}.Release|ARM.ActiveCfg = Release|Any CPU
		{C75A1D54-AEC8-4352-ADE1-502356F03CCA}.Release|ARM.Build.0 = Release|Any CPU
		{C75A1D54-AEC8-4352-ADE1-502356F03CCA}.Release|iPhone.ActiveCfg = Release|Any CPU
		{C75A1D54-AEC8-4352-ADE1-502356F03CCA}.Release|iPhone.Build.0 = Release|Any CPU
		{C75A1D54-AEC8-4352-ADE1-502356F03CCA}.Release|iPhoneSimulator.ActiveCfg = Release|Any CPU
		{C75A1D54-AEC8-4352-ADE1-502356F03CCA}.Release|iPhoneSimulator.Build.0 = Release|Any CPU
		{C75A1D54-AEC8-4352-ADE1-502356F03CCA}.Release|x64.ActiveCfg = Release|Any CPU
		{C75A1D54-AEC8-4352-ADE1-502356F03CCA}.Release|x64.Build.0 = Release|Any CPU
		{C75A1D54-AEC8-4352-ADE1-502356F03CCA}.Release|x86.ActiveCfg = Release|Any CPU
		{C75A1D54-AEC8-4352-ADE1-502356F03CCA}.Release|x86.Build.0 = Release|Any CPU
	EndGlobalSection
	GlobalSection(SolutionProperties) = preSolution
		HideSolutionNode = FALSE
	EndGlobalSection
	GlobalSection(NestedProjects) = preSolution
		{3E1B648E-C3F9-493A-80FC-7204E62CC179} = {B5523A5B-DCC0-4738-9485-3296B088F9FA}
		{5F265BF0-27F7-401C-835C-0ADC0BE75B9A} = {1975DCAA-09DF-4873-9B5D-E933444290DC}
		{C3EB626A-1BCC-4633-AF38-247D9C253130} = {1975DCAA-09DF-4873-9B5D-E933444290DC}
		{1F7CA5DF-C779-438D-8520-849E4DB649CC} = {1975DCAA-09DF-4873-9B5D-E933444290DC}
		{4161906A-6431-4F73-921D-47A342824034} = {1975DCAA-09DF-4873-9B5D-E933444290DC}
		{B5C80612-756C-4ECA-B2FE-1D4F8ED0AE37} = {1975DCAA-09DF-4873-9B5D-E933444290DC}
		{5CA30DA6-674D-4E72-A108-C55C859866FB} = {1975DCAA-09DF-4873-9B5D-E933444290DC}
		{C75A1D54-AEC8-4352-ADE1-502356F03CCA} = {1975DCAA-09DF-4873-9B5D-E933444290DC}
	EndGlobalSection
EndGlobal
