
Microsoft Visual Studio Solution File, Format Version 12.00
# Visual Studio 2012
Project("{FAE04EC0-301F-11D3-BF4B-00C04F79EFBC}") = "GeoNamesOrgImporter", "GeoNamesOrgImporter\GeoNamesOrgImporter.csproj", "{471915A7-D0AB-420A-9A4B-09B9E42F201C}"
EndProject
Global
	GlobalSection(SolutionConfigurationPlatforms) = preSolution
		Debug|Any CPU = Debug|Any CPU
		Release|Any CPU = Release|Any CPU
	EndGlobalSection
	GlobalSection(ProjectConfigurationPlatforms) = postSolution
		{471915A7-D0AB-420A-9A4B-09B9E42F201C}.Debug|Any CPU.ActiveCfg = Debug|Any CPU
		{471915A7-D0AB-420A-9A4B-09B9E42F201C}.Debug|Any CPU.Build.0 = Debug|Any CPU
		{471915A7-D0AB-420A-9A4B-09B9E42F201C}.Release|Any CPU.ActiveCfg = Release|Any CPU
		{471915A7-D0AB-420A-9A4B-09B9E42F201C}.Release|Any CPU.Build.0 = Release|Any CPU
	EndGlobalSection
	GlobalSection(SolutionProperties) = preSolution
		HideSolutionNode = FALSE
	EndGlobalSection
EndGlobal
